// !$*UTF8*$!
{
	archiveVersion = 1;
	classes = {
	};
	objectVersion = 50;
	objects = {

/* Begin PBXBuildFile section */
		9556C36F2369C49B001144C4 /* DeleteItems.swift in Sources */ = {isa = PBXBuildFile; fileRef = 9556C36E2369C49B001144C4 /* DeleteItems.swift */; };
		9556C3712369D007001144C4 /* UserDefaultsData.swift in Sources */ = {isa = PBXBuildFile; fileRef = 9556C3702369D007001144C4 /* UserDefaultsData.swift */; };
		9556C3732369E18A001144C4 /* CodableData.swift in Sources */ = {isa = PBXBuildFile; fileRef = 9556C3722369E18A001144C4 /* CodableData.swift */; };
		9556C3772369E76D001144C4 /* MainView.swift in Sources */ = {isa = PBXBuildFile; fileRef = 9556C3762369E76D001144C4 /* MainView.swift */; };
		9556C3792369EE58001144C4 /* ExpenseItem.swift in Sources */ = {isa = PBXBuildFile; fileRef = 9556C3782369EE58001144C4 /* ExpenseItem.swift */; };
		9556C37B2369EF04001144C4 /* Expenses.swift in Sources */ = {isa = PBXBuildFile; fileRef = 9556C37A2369EF04001144C4 /* Expenses.swift */; };
		9556C37D2369F544001144C4 /* AddView.swift in Sources */ = {isa = PBXBuildFile; fileRef = 9556C37C2369F544001144C4 /* AddView.swift */; };
		95B521D523691B8A0051FD9D /* AppDelegate.swift in Sources */ = {isa = PBXBuildFile; fileRef = 95B521D423691B8A0051FD9D /* AppDelegate.swift */; };
		95B521D723691B8A0051FD9D /* SceneDelegate.swift in Sources */ = {isa = PBXBuildFile; fileRef = 95B521D623691B8A0051FD9D /* SceneDelegate.swift */; };
		95B521D923691B8A0051FD9D /* ContentView.swift in Sources */ = {isa = PBXBuildFile; fileRef = 95B521D823691B8A0051FD9D /* ContentView.swift */; };
		95B521DB23691B8C0051FD9D /* Assets.xcassets in Resources */ = {isa = PBXBuildFile; fileRef = 95B521DA23691B8C0051FD9D /* Assets.xcassets */; };
		95B521DE23691B8C0051FD9D /* Preview Assets.xcassets in Resources */ = {isa = PBXBuildFile; fileRef = 95B521DD23691B8C0051FD9D /* Preview Assets.xcassets */; };
		95B521E123691B8C0051FD9D /* LaunchScreen.storyboard in Resources */ = {isa = PBXBuildFile; fileRef = 95B521DF23691B8C0051FD9D /* LaunchScreen.storyboard */; };
		95B521E923691E520051FD9D /* StateAndStruct.swift in Sources */ = {isa = PBXBuildFile; fileRef = 95B521E823691E520051FD9D /* StateAndStruct.swift */; };
		95B521EB2369221C0051FD9D /* ObservedObjects.swift in Sources */ = {isa = PBXBuildFile; fileRef = 95B521EA2369221C0051FD9D /* ObservedObjects.swift */; };
		95B521ED236925570051FD9D /* ShowHideViews.swift in Sources */ = {isa = PBXBuildFile; fileRef = 95B521EC236925570051FD9D /* ShowHideViews.swift */; };
/* End PBXBuildFile section */

/* Begin PBXFileReference section */
		9556C36E2369C49B001144C4 /* DeleteItems.swift */ = {isa = PBXFileReference; lastKnownFileType = sourcecode.swift; path = DeleteItems.swift; sourceTree = "<group>"; };
		9556C3702369D007001144C4 /* UserDefaultsData.swift */ = {isa = PBXFileReference; lastKnownFileType = sourcecode.swift; path = UserDefaultsData.swift; sourceTree = "<group>"; };
		9556C3722369E18A001144C4 /* CodableData.swift */ = {isa = PBXFileReference; lastKnownFileType = sourcecode.swift; path = CodableData.swift; sourceTree = "<group>"; };
		9556C3762369E76D001144C4 /* MainView.swift */ = {isa = PBXFileReference; lastKnownFileType = sourcecode.swift; path = MainView.swift; sourceTree = "<group>"; };
		9556C3782369EE58001144C4 /* ExpenseItem.swift */ = {isa = PBXFileReference; lastKnownFileType = sourcecode.swift; path = ExpenseItem.swift; sourceTree = "<group>"; };
		9556C37A2369EF04001144C4 /* Expenses.swift */ = {isa = PBXFileReference; lastKnownFileType = sourcecode.swift; path = Expenses.swift; sourceTree = "<group>"; };
		9556C37C2369F544001144C4 /* AddView.swift */ = {isa = PBXFileReference; lastKnownFileType = sourcecode.swift; path = AddView.swift; sourceTree = "<group>"; };
		95B521D123691B8A0051FD9D /* Project7.app */ = {isa = PBXFileReference; explicitFileType = wrapper.application; includeInIndex = 0; path = Project7.app; sourceTree = BUILT_PRODUCTS_DIR; };
		95B521D423691B8A0051FD9D /* AppDelegate.swift */ = {isa = PBXFileReference; lastKnownFileType = sourcecode.swift; path = AppDelegate.swift; sourceTree = "<group>"; };
		95B521D623691B8A0051FD9D /* SceneDelegate.swift */ = {isa = PBXFileReference; lastKnownFileType = sourcecode.swift; path = SceneDelegate.swift; sourceTree = "<group>"; };
		95B521D823691B8A0051FD9D /* ContentView.swift */ = {isa = PBXFileReference; lastKnownFileType = sourcecode.swift; path = ContentView.swift; sourceTree = "<group>"; };
		95B521DA23691B8C0051FD9D /* Assets.xcassets */ = {isa = PBXFileReference; lastKnownFileType = folder.assetcatalog; path = Assets.xcassets; sourceTree = "<group>"; };
		95B521DD23691B8C0051FD9D /* Preview Assets.xcassets */ = {isa = PBXFileReference; lastKnownFileType = folder.assetcatalog; path = "Preview Assets.xcassets"; sourceTree = "<group>"; };
		95B521E023691B8C0051FD9D /* Base */ = {isa = PBXFileReference; lastKnownFileType = file.storyboard; name = Base; path = Base.lproj/LaunchScreen.storyboard; sourceTree = "<group>"; };
		95B521E223691B8C0051FD9D /* Info.plist */ = {isa = PBXFileReference; lastKnownFileType = text.plist.xml; path = Info.plist; sourceTree = "<group>"; };
		95B521E823691E520051FD9D /* StateAndStruct.swift */ = {isa = PBXFileReference; lastKnownFileType = sourcecode.swift; path = StateAndStruct.swift; sourceTree = "<group>"; };
		95B521EA2369221C0051FD9D /* ObservedObjects.swift */ = {isa = PBXFileReference; lastKnownFileType = sourcecode.swift; path = ObservedObjects.swift; sourceTree = "<group>"; };
		95B521EC236925570051FD9D /* ShowHideViews.swift */ = {isa = PBXFileReference; lastKnownFileType = sourcecode.swift; path = ShowHideViews.swift; sourceTree = "<group>"; };
/* End PBXFileReference section */

/* Begin PBXFrameworksBuildPhase section */
		95B521CE23691B8A0051FD9D /* Frameworks */ = {
			isa = PBXFrameworksBuildPhase;
			buildActionMask = 2147483647;
			files = (
			);
			runOnlyForDeploymentPostprocessing = 0;
		};
/* End PBXFrameworksBuildPhase section */

/* Begin PBXGroup section */
		9556C3742369E73E001144C4 /* Introduction */ = {
			isa = PBXGroup;
			children = (
				9556C3762369E76D001144C4 /* MainView.swift */,
				9556C3752369E752001144C4 /* Topics */,
			);
			path = Introduction;
			sourceTree = "<group>";
		};
		9556C3752369E752001144C4 /* Topics */ = {
			isa = PBXGroup;
			children = (
				95B521E823691E520051FD9D /* StateAndStruct.swift */,
				95B521EA2369221C0051FD9D /* ObservedObjects.swift */,
				95B521EC236925570051FD9D /* ShowHideViews.swift */,
				9556C36E2369C49B001144C4 /* DeleteItems.swift */,
				9556C3702369D007001144C4 /* UserDefaultsData.swift */,
				9556C3722369E18A001144C4 /* CodableData.swift */,
			);
			path = Topics;
			sourceTree = "<group>";
		};
		95B521C823691B8A0051FD9D = {
			isa = PBXGroup;
			children = (
				95B521D323691B8A0051FD9D /* Project7 */,
				95B521D223691B8A0051FD9D /* Products */,
			);
			sourceTree = "<group>";
		};
		95B521D223691B8A0051FD9D /* Products */ = {
			isa = PBXGroup;
			children = (
				95B521D123691B8A0051FD9D /* Project7.app */,
			);
			name = Products;
			sourceTree = "<group>";
		};
		95B521D323691B8A0051FD9D /* Project7 */ = {
			isa = PBXGroup;
			children = (
				9556C3742369E73E001144C4 /* Introduction */,
				95B521D423691B8A0051FD9D /* AppDelegate.swift */,
				95B521D623691B8A0051FD9D /* SceneDelegate.swift */,
				95B521D823691B8A0051FD9D /* ContentView.swift */,
				9556C37C2369F544001144C4 /* AddView.swift */,
				9556C3782369EE58001144C4 /* ExpenseItem.swift */,
				9556C37A2369EF04001144C4 /* Expenses.swift */,
				95B521DA23691B8C0051FD9D /* Assets.xcassets */,
				95B521DF23691B8C0051FD9D /* LaunchScreen.storyboard */,
				95B521E223691B8C0051FD9D /* Info.plist */,
				95B521DC23691B8C0051FD9D /* Preview Content */,
			);
			path = Project7;
			sourceTree = "<group>";
		};
		95B521DC23691B8C0051FD9D /* Preview Content */ = {
			isa = PBXGroup;
			children = (
				95B521DD23691B8C0051FD9D /* Preview Assets.xcassets */,
			);
			path = "Preview Content";
			sourceTree = "<group>";
		};
/* End PBXGroup section */

/* Begin PBXNativeTarget section */
		95B521D023691B8A0051FD9D /* Project7 */ = {
			isa = PBXNativeTarget;
			buildConfigurationList = 95B521E523691B8C0051FD9D /* Build configuration list for PBXNativeTarget "Project7" */;
			buildPhases = (
				95B521CD23691B8A0051FD9D /* Sources */,
				95B521CE23691B8A0051FD9D /* Frameworks */,
				95B521CF23691B8A0051FD9D /* Resources */,
			);
			buildRules = (
			);
			dependencies = (
			);
			name = Project7;
			productName = Project7;
			productReference = 95B521D123691B8A0051FD9D /* Project7.app */;
			productType = "com.apple.product-type.application";
		};
/* End PBXNativeTarget section */

/* Begin PBXProject section */
		95B521C923691B8A0051FD9D /* Project object */ = {
			isa = PBXProject;
			attributes = {
				LastSwiftUpdateCheck = 1110;
				LastUpgradeCheck = 1110;
				ORGANIZATIONNAME = clarknt;
				TargetAttributes = {
					95B521D023691B8A0051FD9D = {
						CreatedOnToolsVersion = 11.1;
					};
				};
			};
			buildConfigurationList = 95B521CC23691B8A0051FD9D /* Build configuration list for PBXProject "Project7" */;
			compatibilityVersion = "Xcode 9.3";
			developmentRegion = en;
			hasScannedForEncodings = 0;
			knownRegions = (
				en,
				Base,
			);
			mainGroup = 95B521C823691B8A0051FD9D;
			productRefGroup = 95B521D223691B8A0051FD9D /* Products */;
			projectDirPath = "";
			projectRoot = "";
			targets = (
				95B521D023691B8A0051FD9D /* Project7 */,
			);
		};
/* End PBXProject section */

/* Begin PBXResourcesBuildPhase section */
		95B521CF23691B8A0051FD9D /* Resources */ = {
			isa = PBXResourcesBuildPhase;
			buildActionMask = 2147483647;
			files = (
				95B521E123691B8C0051FD9D /* LaunchScreen.storyboard in Resources */,
				95B521DE23691B8C0051FD9D /* Preview Assets.xcassets in Resources */,
				95B521DB23691B8C0051FD9D /* Assets.xcassets in Resources */,
			);
			runOnlyForDeploymentPostprocessing = 0;
		};
/* End PBXResourcesBuildPhase section */

/* Begin PBXSourcesBuildPhase section */
		95B521CD23691B8A0051FD9D /* Sources */ = {
			isa = PBXSourcesBuildPhase;
			buildActionMask = 2147483647;
			files = (
				9556C37D2369F544001144C4 /* AddView.swift in Sources */,
				9556C37B2369EF04001144C4 /* Expenses.swift in Sources */,
				9556C36F2369C49B001144C4 /* DeleteItems.swift in Sources */,
				95B521E923691E520051FD9D /* StateAndStruct.swift in Sources */,
				95B521ED236925570051FD9D /* ShowHideViews.swift in Sources */,
				9556C3772369E76D001144C4 /* MainView.swift in Sources */,
				95B521D523691B8A0051FD9D /* AppDelegate.swift in Sources */,
				9556C3712369D007001144C4 /* UserDefaultsData.swift in Sources */,
				9556C3732369E18A001144C4 /* CodableData.swift in Sources */,
				9556C3792369EE58001144C4 /* ExpenseItem.swift in Sources */,
				95B521D723691B8A0051FD9D /* SceneDelegate.swift in Sources */,
				95B521D923691B8A0051FD9D /* ContentView.swift in Sources */,
				95B521EB2369221C0051FD9D /* ObservedObjects.swift in Sources */,
			);
			runOnlyForDeploymentPostprocessing = 0;
		};
/* End PBXSourcesBuildPhase section */

/* Begin PBXVariantGroup section */
		95B521DF23691B8C0051FD9D /* LaunchScreen.storyboard */ = {
			isa = PBXVariantGroup;
			children = (
				95B521E023691B8C0051FD9D /* Base */,
			);
			name = LaunchScreen.storyboard;
			sourceTree = "<group>";
		};
/* End PBXVariantGroup section */

/* Begin XCBuildConfiguration section */
		95B521E323691B8C0051FD9D /* Debug */ = {
			isa = XCBuildConfiguration;
			buildSettings = {
				ALWAYS_SEARCH_USER_PATHS = NO;
				CLANG_ANALYZER_NONNULL = YES;
				CLANG_ANALYZER_NUMBER_OBJECT_CONVERSION = YES_AGGRESSIVE;
				CLANG_CXX_LANGUAGE_STANDARD = "gnu++14";
				CLANG_CXX_LIBRARY = "libc++";
				CLANG_ENABLE_MODULES = YES;
				CLANG_ENABLE_OBJC_ARC = YES;
				CLANG_ENABLE_OBJC_WEAK = YES;
				CLANG_WARN_BLOCK_CAPTURE_AUTORELEASING = YES;
				CLANG_WARN_BOOL_CONVERSION = YES;
				CLANG_WARN_COMMA = YES;
				CLANG_WARN_CONSTANT_CONVERSION = YES;
				CLANG_WARN_DEPRECATED_OBJC_IMPLEMENTATIONS = YES;
				CLANG_WARN_DIRECT_OBJC_ISA_USAGE = YES_ERROR;
				CLANG_WARN_DOCUMENTATION_COMMENTS = YES;
				CLANG_WARN_EMPTY_BODY = YES;
				CLANG_WARN_ENUM_CONVERSION = YES;
				CLANG_WARN_INFINITE_RECURSION = YES;
				CLANG_WARN_INT_CONVERSION = YES;
				CLANG_WARN_NON_LITERAL_NULL_CONVERSION = YES;
				CLANG_WARN_OBJC_IMPLICIT_RETAIN_SELF = YES;
				CLANG_WARN_OBJC_LITERAL_CONVERSION = YES;
				CLANG_WARN_OBJC_ROOT_CLASS = YES_ERROR;
				CLANG_WARN_RANGE_LOOP_ANALYSIS = YES;
				CLANG_WARN_STRICT_PROTOTYPES = YES;
				CLANG_WARN_SUSPICIOUS_MOVE = YES;
				CLANG_WARN_UNGUARDED_AVAILABILITY = YES_AGGRESSIVE;
				CLANG_WARN_UNREACHABLE_CODE = YES;
				CLANG_WARN__DUPLICATE_METHOD_MATCH = YES;
				COPY_PHASE_STRIP = NO;
				DEBUG_INFORMATION_FORMAT = dwarf;
				ENABLE_STRICT_OBJC_MSGSEND = YES;
				ENABLE_TESTABILITY = YES;
				GCC_C_LANGUAGE_STANDARD = gnu11;
				GCC_DYNAMIC_NO_PIC = NO;
				GCC_NO_COMMON_BLOCKS = YES;
				GCC_OPTIMIZATION_LEVEL = 0;
				GCC_PREPROCESSOR_DEFINITIONS = (
					"DEBUG=1",
					"$(inherited)",
				);
				GCC_WARN_64_TO_32_BIT_CONVERSION = YES;
				GCC_WARN_ABOUT_RETURN_TYPE = YES_ERROR;
				GCC_WARN_UNDECLARED_SELECTOR = YES;
				GCC_WARN_UNINITIALIZED_AUTOS = YES_AGGRESSIVE;
				GCC_WARN_UNUSED_FUNCTION = YES;
				GCC_WARN_UNUSED_VARIABLE = YES;
				IPHONEOS_DEPLOYMENT_TARGET = 13.1;
				MTL_ENABLE_DEBUG_INFO = INCLUDE_SOURCE;
				MTL_FAST_MATH = YES;
				ONLY_ACTIVE_ARCH = YES;
				SDKROOT = iphoneos;
				SWIFT_ACTIVE_COMPILATION_CONDITIONS = DEBUG;
				SWIFT_OPTIMIZATION_LEVEL = "-Onone";
			};
			name = Debug;
		};
		95B521E423691B8C0051FD9D /* Release */ = {
			isa = XCBuildConfiguration;
			buildSettings = {
				ALWAYS_SEARCH_USER_PATHS = NO;
				CLANG_ANALYZER_NONNULL = YES;
				CLANG_ANALYZER_NUMBER_OBJECT_CONVERSION = YES_AGGRESSIVE;
				CLANG_CXX_LANGUAGE_STANDARD = "gnu++14";
				CLANG_CXX_LIBRARY = "libc++";
				CLANG_ENABLE_MODULES = YES;
				CLANG_ENABLE_OBJC_ARC = YES;
				CLANG_ENABLE_OBJC_WEAK = YES;
				CLANG_WARN_BLOCK_CAPTURE_AUTORELEASING = YES;
				CLANG_WARN_BOOL_CONVERSION = YES;
				CLANG_WARN_COMMA = YES;
				CLANG_WARN_CONSTANT_CONVERSION = YES;
				CLANG_WARN_DEPRECATED_OBJC_IMPLEMENTATIONS = YES;
				CLANG_WARN_DIRECT_OBJC_ISA_USAGE = YES_ERROR;
				CLANG_WARN_DOCUMENTATION_COMMENTS = YES;
				CLANG_WARN_EMPTY_BODY = YES;
				CLANG_WARN_ENUM_CONVERSION = YES;
				CLANG_WARN_INFINITE_RECURSION = YES;
				CLANG_WARN_INT_CONVERSION = YES;
				CLANG_WARN_NON_LITERAL_NULL_CONVERSION = YES;
				CLANG_WARN_OBJC_IMPLICIT_RETAIN_SELF = YES;
				CLANG_WARN_OBJC_LITERAL_CONVERSION = YES;
				CLANG_WARN_OBJC_ROOT_CLASS = YES_ERROR;
				CLANG_WARN_RANGE_LOOP_ANALYSIS = YES;
				CLANG_WARN_STRICT_PROTOTYPES = YES;
				CLANG_WARN_SUSPICIOUS_MOVE = YES;
				CLANG_WARN_UNGUARDED_AVAILABILITY = YES_AGGRESSIVE;
				CLANG_WARN_UNREACHABLE_CODE = YES;
				CLANG_WARN__DUPLICATE_METHOD_MATCH = YES;
				COPY_PHASE_STRIP = NO;
				DEBUG_INFORMATION_FORMAT = "dwarf-with-dsym";
				ENABLE_NS_ASSERTIONS = NO;
				ENABLE_STRICT_OBJC_MSGSEND = YES;
				GCC_C_LANGUAGE_STANDARD = gnu11;
				GCC_NO_COMMON_BLOCKS = YES;
				GCC_WARN_64_TO_32_BIT_CONVERSION = YES;
				GCC_WARN_ABOUT_RETURN_TYPE = YES_ERROR;
				GCC_WARN_UNDECLARED_SELECTOR = YES;
				GCC_WARN_UNINITIALIZED_AUTOS = YES_AGGRESSIVE;
				GCC_WARN_UNUSED_FUNCTION = YES;
				GCC_WARN_UNUSED_VARIABLE = YES;
				IPHONEOS_DEPLOYMENT_TARGET = 13.1;
				MTL_ENABLE_DEBUG_INFO = NO;
				MTL_FAST_MATH = YES;
				SDKROOT = iphoneos;
				SWIFT_COMPILATION_MODE = wholemodule;
				SWIFT_OPTIMIZATION_LEVEL = "-O";
				VALIDATE_PRODUCT = YES;
			};
			name = Release;
		};
		95B521E623691B8C0051FD9D /* Debug */ = {
			isa = XCBuildConfiguration;
			buildSettings = {
				ASSETCATALOG_COMPILER_APPICON_NAME = AppIcon;
				CODE_SIGN_STYLE = Automatic;
				DEVELOPMENT_ASSET_PATHS = "\"Project7/Preview Content\"";
				DEVELOPMENT_TEAM = "";
				ENABLE_PREVIEWS = YES;
				INFOPLIST_FILE = Project7/Info.plist;
				LD_RUNPATH_SEARCH_PATHS = (
					"$(inherited)",
					"@executable_path/Frameworks",
				);
				PRODUCT_BUNDLE_IDENTIFIER = "clarknt.100-days-of-swiftui.Project7";
				PRODUCT_NAME = "$(TARGET_NAME)";
				SWIFT_VERSION = 5.0;
				TARGETED_DEVICE_FAMILY = "1,2";
			};
			name = Debug;
		};
		95B521E723691B8C0051FD9D /* Release */ = {
			isa = XCBuildConfiguration;
			buildSettings = {
				ASSETCATALOG_COMPILER_APPICON_NAME = AppIcon;
				CODE_SIGN_STYLE = Automatic;
				DEVELOPMENT_ASSET_PATHS = "\"Project7/Preview Content\"";
				DEVELOPMENT_TEAM = "";
				ENABLE_PREVIEWS = YES;
				INFOPLIST_FILE = Project7/Info.plist;
				LD_RUNPATH_SEARCH_PATHS = (
					"$(inherited)",
					"@executable_path/Frameworks",
				);
				PRODUCT_BUNDLE_IDENTIFIER = "clarknt.100-days-of-swiftui.Project7";
				PRODUCT_NAME = "$(TARGET_NAME)";
				SWIFT_VERSION = 5.0;
				TARGETED_DEVICE_FAMILY = "1,2";
			};
			name = Release;
		};
/* End XCBuildConfiguration section */

/* Begin XCConfigurationList section */
		95B521CC23691B8A0051FD9D /* Build configuration list for PBXProject "Project7" */ = {
			isa = XCConfigurationList;
			buildConfigurations = (
				95B521E323691B8C0051FD9D /* Debug */,
				95B521E423691B8C0051FD9D /* Release */,
			);
			defaultConfigurationIsVisible = 0;
			defaultConfigurationName = Release;
		};
		95B521E523691B8C0051FD9D /* Build configuration list for PBXNativeTarget "Project7" */ = {
			isa = XCConfigurationList;
			buildConfigurations = (
				95B521E623691B8C0051FD9D /* Debug */,
				95B521E723691B8C0051FD9D /* Release */,
			);
			defaultConfigurationIsVisible = 0;
			defaultConfigurationName = Release;
		};
/* End XCConfigurationList section */
	};
	rootObject = 95B521C923691B8A0051FD9D /* Project object */;
}
