// !$*UTF8*$!
{
	archiveVersion = 1;
	classes = {
	};
	objectVersion = 50;
	objects = {

/* Begin PBXBuildFile section */
		952FC6EC23E132D30038DA0D /* AppDelegate.swift in Sources */ = {isa = PBXBuildFile; fileRef = 952FC6EB23E132D30038DA0D /* AppDelegate.swift */; };
		952FC6EE23E132D30038DA0D /* SceneDelegate.swift in Sources */ = {isa = PBXBuildFile; fileRef = 952FC6ED23E132D30038DA0D /* SceneDelegate.swift */; };
		952FC6F023E132D30038DA0D /* ContentView.swift in Sources */ = {isa = PBXBuildFile; fileRef = 952FC6EF23E132D30038DA0D /* ContentView.swift */; };
		952FC6F223E132D40038DA0D /* Assets.xcassets in Resources */ = {isa = PBXBuildFile; fileRef = 952FC6F123E132D40038DA0D /* Assets.xcassets */; };
		952FC6F523E132D40038DA0D /* Preview Assets.xcassets in Resources */ = {isa = PBXBuildFile; fileRef = 952FC6F423E132D40038DA0D /* Preview Assets.xcassets */; };
		952FC6F823E132D50038DA0D /* LaunchScreen.storyboard in Resources */ = {isa = PBXBuildFile; fileRef = 952FC6F623E132D50038DA0D /* LaunchScreen.storyboard */; };
		952FC70123E139C90038DA0D /* Intro01SideBySideViews.swift in Sources */ = {isa = PBXBuildFile; fileRef = 952FC70023E139C90038DA0D /* Intro01SideBySideViews.swift */; };
		952FEF6223E3E2260076386C /* Intro03TransparentGroups.swift in Sources */ = {isa = PBXBuildFile; fileRef = 952FEF6123E3E2260076386C /* Intro03TransparentGroups.swift */; };
		9532C9D023E29895003B23DC /* Intro02AlertAndSheet.swift in Sources */ = {isa = PBXBuildFile; fileRef = 9532C9CF23E29895003B23DC /* Intro02AlertAndSheet.swift */; };
		9532CA2823E524E600EA3225 /* Resort.swift in Sources */ = {isa = PBXBuildFile; fileRef = 9532CA2723E524E600EA3225 /* Resort.swift */; };
		9532CA2A23E5255E00EA3225 /* Bundle-Decodable.swift in Sources */ = {isa = PBXBuildFile; fileRef = 9532CA2923E5255E00EA3225 /* Bundle-Decodable.swift */; };
		9532CA2C23E525B300EA3225 /* resorts.json in Resources */ = {isa = PBXBuildFile; fileRef = 9532CA2B23E525B300EA3225 /* resorts.json */; };
		9532CA3123E5296800EA3225 /* WelcomeView.swift in Sources */ = {isa = PBXBuildFile; fileRef = 9532CA3023E5296800EA3225 /* WelcomeView.swift */; };
		9532CA3423E52A1900EA3225 /* View-PhoneOnlyStackNavigationView.swift in Sources */ = {isa = PBXBuildFile; fileRef = 9532CA3323E52A1900EA3225 /* View-PhoneOnlyStackNavigationView.swift */; };
		9532CA3623E52ECB00EA3225 /* ResortView.swift in Sources */ = {isa = PBXBuildFile; fileRef = 9532CA3523E52ECB00EA3225 /* ResortView.swift */; };
		9532CA3823E52F4E00EA3225 /* SkiDetailsView.swift in Sources */ = {isa = PBXBuildFile; fileRef = 9532CA3723E52F4E00EA3225 /* SkiDetailsView.swift */; };
		9532CA3A23E52F7A00EA3225 /* ResortDetailsView.swift in Sources */ = {isa = PBXBuildFile; fileRef = 9532CA3923E52F7A00EA3225 /* ResortDetailsView.swift */; };
		9533390723EA70D200BF0D7E /* Facility-ViewUtils.swift in Sources */ = {isa = PBXBuildFile; fileRef = 9533390623EA70D200BF0D7E /* Facility-ViewUtils.swift */; };
		9533390923EA733400BF0D7E /* Facility.swift in Sources */ = {isa = PBXBuildFile; fileRef = 9533390823EA733400BF0D7E /* Facility.swift */; };
		9538935323EE54DC00244D6E /* SortAndFilterView.swift in Sources */ = {isa = PBXBuildFile; fileRef = 9538935223EE54DC00244D6E /* SortAndFilterView.swift */; };
		9538935523EE5A3C00244D6E /* Resort-ViewUtils.swift in Sources */ = {isa = PBXBuildFile; fileRef = 9538935423EE5A3C00244D6E /* Resort-ViewUtils.swift */; };
		9568569223EB4447009A6663 /* Favorites.swift in Sources */ = {isa = PBXBuildFile; fileRef = 9568569123EB4447009A6663 /* Favorites.swift */; };
/* End PBXBuildFile section */

/* Begin PBXFileReference section */
		952FC6E823E132D30038DA0D /* Project19.app */ = {isa = PBXFileReference; explicitFileType = wrapper.application; includeInIndex = 0; path = Project19.app; sourceTree = BUILT_PRODUCTS_DIR; };
		952FC6EB23E132D30038DA0D /* AppDelegate.swift */ = {isa = PBXFileReference; lastKnownFileType = sourcecode.swift; path = AppDelegate.swift; sourceTree = "<group>"; };
		952FC6ED23E132D30038DA0D /* SceneDelegate.swift */ = {isa = PBXFileReference; lastKnownFileType = sourcecode.swift; path = SceneDelegate.swift; sourceTree = "<group>"; };
		952FC6EF23E132D30038DA0D /* ContentView.swift */ = {isa = PBXFileReference; lastKnownFileType = sourcecode.swift; path = ContentView.swift; sourceTree = "<group>"; };
		952FC6F123E132D40038DA0D /* Assets.xcassets */ = {isa = PBXFileReference; lastKnownFileType = folder.assetcatalog; path = Assets.xcassets; sourceTree = "<group>"; };
		952FC6F423E132D40038DA0D /* Preview Assets.xcassets */ = {isa = PBXFileReference; lastKnownFileType = folder.assetcatalog; path = "Preview Assets.xcassets"; sourceTree = "<group>"; };
		952FC6F723E132D50038DA0D /* Base */ = {isa = PBXFileReference; lastKnownFileType = file.storyboard; name = Base; path = Base.lproj/LaunchScreen.storyboard; sourceTree = "<group>"; };
		952FC6F923E132D50038DA0D /* Info.plist */ = {isa = PBXFileReference; lastKnownFileType = text.plist.xml; path = Info.plist; sourceTree = "<group>"; };
		952FC70023E139C90038DA0D /* Intro01SideBySideViews.swift */ = {isa = PBXFileReference; lastKnownFileType = sourcecode.swift; path = Intro01SideBySideViews.swift; sourceTree = "<group>"; };
		952FEF6123E3E2260076386C /* Intro03TransparentGroups.swift */ = {isa = PBXFileReference; lastKnownFileType = sourcecode.swift; path = Intro03TransparentGroups.swift; sourceTree = "<group>"; };
		9532C9CF23E29895003B23DC /* Intro02AlertAndSheet.swift */ = {isa = PBXFileReference; lastKnownFileType = sourcecode.swift; path = Intro02AlertAndSheet.swift; sourceTree = "<group>"; };
		9532CA2723E524E600EA3225 /* Resort.swift */ = {isa = PBXFileReference; lastKnownFileType = sourcecode.swift; path = Resort.swift; sourceTree = "<group>"; };
		9532CA2923E5255E00EA3225 /* Bundle-Decodable.swift */ = {isa = PBXFileReference; lastKnownFileType = sourcecode.swift; path = "Bundle-Decodable.swift"; sourceTree = "<group>"; };
		9532CA2B23E525B300EA3225 /* resorts.json */ = {isa = PBXFileReference; fileEncoding = 4; lastKnownFileType = text.json; path = resorts.json; sourceTree = "<group>"; };
		9532CA3023E5296800EA3225 /* WelcomeView.swift */ = {isa = PBXFileReference; lastKnownFileType = sourcecode.swift; path = WelcomeView.swift; sourceTree = "<group>"; };
		9532CA3323E52A1900EA3225 /* View-PhoneOnlyStackNavigationView.swift */ = {isa = PBXFileReference; lastKnownFileType = sourcecode.swift; path = "View-PhoneOnlyStackNavigationView.swift"; sourceTree = "<group>"; };
		9532CA3523E52ECB00EA3225 /* ResortView.swift */ = {isa = PBXFileReference; lastKnownFileType = sourcecode.swift; path = ResortView.swift; sourceTree = "<group>"; };
		9532CA3723E52F4E00EA3225 /* SkiDetailsView.swift */ = {isa = PBXFileReference; lastKnownFileType = sourcecode.swift; path = SkiDetailsView.swift; sourceTree = "<group>"; };
		9532CA3923E52F7A00EA3225 /* ResortDetailsView.swift */ = {isa = PBXFileReference; lastKnownFileType = sourcecode.swift; path = ResortDetailsView.swift; sourceTree = "<group>"; };
		9533390623EA70D200BF0D7E /* Facility-ViewUtils.swift */ = {isa = PBXFileReference; lastKnownFileType = sourcecode.swift; path = "Facility-ViewUtils.swift"; sourceTree = "<group>"; };
		9533390823EA733400BF0D7E /* Facility.swift */ = {isa = PBXFileReference; lastKnownFileType = sourcecode.swift; path = Facility.swift; sourceTree = "<group>"; };
		9538935223EE54DC00244D6E /* SortAndFilterView.swift */ = {isa = PBXFileReference; lastKnownFileType = sourcecode.swift; path = SortAndFilterView.swift; sourceTree = "<group>"; };
		9538935423EE5A3C00244D6E /* Resort-ViewUtils.swift */ = {isa = PBXFileReference; lastKnownFileType = sourcecode.swift; path = "Resort-ViewUtils.swift"; sourceTree = "<group>"; };
		9568569123EB4447009A6663 /* Favorites.swift */ = {isa = PBXFileReference; lastKnownFileType = sourcecode.swift; path = Favorites.swift; sourceTree = "<group>"; };
/* End PBXFileReference section */

/* Begin PBXFrameworksBuildPhase section */
		952FC6E523E132D30038DA0D /* Frameworks */ = {
			isa = PBXFrameworksBuildPhase;
			buildActionMask = 2147483647;
			files = (
			);
			runOnlyForDeploymentPostprocessing = 0;
		};
/* End PBXFrameworksBuildPhase section */

/* Begin PBXGroup section */
		952FC6DF23E132D30038DA0D = {
			isa = PBXGroup;
			children = (
				952FC6EA23E132D30038DA0D /* Project19 */,
				952FC6E923E132D30038DA0D /* Products */,
			);
			sourceTree = "<group>";
		};
		952FC6E923E132D30038DA0D /* Products */ = {
			isa = PBXGroup;
			children = (
				952FC6E823E132D30038DA0D /* Project19.app */,
			);
			name = Products;
			sourceTree = "<group>";
		};
		952FC6EA23E132D30038DA0D /* Project19 */ = {
			isa = PBXGroup;
			children = (
				9532CA2E23E5293D00EA3225 /* Init */,
				952FC6FF23E139B30038DA0D /* Introduction */,
				9532CA2623E524D200EA3225 /* Model */,
				9532CA2D23E5292B00EA3225 /* View */,
				952FC6F123E132D40038DA0D /* Assets.xcassets */,
				952FC6F923E132D50038DA0D /* Info.plist */,
				952FC6F323E132D40038DA0D /* Preview Content */,
			);
			path = Project19;
			sourceTree = "<group>";
		};
		952FC6F323E132D40038DA0D /* Preview Content */ = {
			isa = PBXGroup;
			children = (
				952FC6F423E132D40038DA0D /* Preview Assets.xcassets */,
			);
			path = "Preview Content";
			sourceTree = "<group>";
		};
		952FC6FF23E139B30038DA0D /* Introduction */ = {
			isa = PBXGroup;
			children = (
				952FC70023E139C90038DA0D /* Intro01SideBySideViews.swift */,
				9532C9CF23E29895003B23DC /* Intro02AlertAndSheet.swift */,
				952FEF6123E3E2260076386C /* Intro03TransparentGroups.swift */,
			);
			path = Introduction;
			sourceTree = "<group>";
		};
		9532CA2623E524D200EA3225 /* Model */ = {
			isa = PBXGroup;
			children = (
				9532CA2F23E5295200EA3225 /* Utils */,
				9533390823EA733400BF0D7E /* Facility.swift */,
				9532CA2723E524E600EA3225 /* Resort.swift */,
				9532CA2B23E525B300EA3225 /* resorts.json */,
				9568569123EB4447009A6663 /* Favorites.swift */,
			);
			path = Model;
			sourceTree = "<group>";
		};
		9532CA2D23E5292B00EA3225 /* View */ = {
			isa = PBXGroup;
			children = (
				9532CA3223E529F300EA3225 /* Utils */,
				952FC6EF23E132D30038DA0D /* ContentView.swift */,
				9532CA3023E5296800EA3225 /* WelcomeView.swift */,
				9532CA3523E52ECB00EA3225 /* ResortView.swift */,
				9532CA3723E52F4E00EA3225 /* SkiDetailsView.swift */,
				9532CA3923E52F7A00EA3225 /* ResortDetailsView.swift */,
				9538935223EE54DC00244D6E /* SortAndFilterView.swift */,
			);
			path = View;
			sourceTree = "<group>";
		};
		9532CA2E23E5293D00EA3225 /* Init */ = {
			isa = PBXGroup;
			children = (
				952FC6EB23E132D30038DA0D /* AppDelegate.swift */,
				952FC6ED23E132D30038DA0D /* SceneDelegate.swift */,
				952FC6F623E132D50038DA0D /* LaunchScreen.storyboard */,
			);
			path = Init;
			sourceTree = "<group>";
		};
		9532CA2F23E5295200EA3225 /* Utils */ = {
			isa = PBXGroup;
			children = (
				9532CA2923E5255E00EA3225 /* Bundle-Decodable.swift */,
			);
			path = Utils;
			sourceTree = "<group>";
		};
		9532CA3223E529F300EA3225 /* Utils */ = {
			isa = PBXGroup;
			children = (
				9532CA3323E52A1900EA3225 /* View-PhoneOnlyStackNavigationView.swift */,
				9533390623EA70D200BF0D7E /* Facility-ViewUtils.swift */,
				9538935423EE5A3C00244D6E /* Resort-ViewUtils.swift */,
			);
			path = Utils;
			sourceTree = "<group>";
		};
/* End PBXGroup section */

/* Begin PBXNativeTarget section */
		952FC6E723E132D30038DA0D /* Project19 */ = {
			isa = PBXNativeTarget;
			buildConfigurationList = 952FC6FC23E132D50038DA0D /* Build configuration list for PBXNativeTarget "Project19" */;
			buildPhases = (
				952FC6E423E132D30038DA0D /* Sources */,
				952FC6E523E132D30038DA0D /* Frameworks */,
				952FC6E623E132D30038DA0D /* Resources */,
			);
			buildRules = (
			);
			dependencies = (
			);
			name = Project19;
			productName = Project19;
			productReference = 952FC6E823E132D30038DA0D /* Project19.app */;
			productType = "com.apple.product-type.application";
		};
/* End PBXNativeTarget section */

/* Begin PBXProject section */
		952FC6E023E132D30038DA0D /* Project object */ = {
			isa = PBXProject;
			attributes = {
				LastSwiftUpdateCheck = 1130;
				LastUpgradeCheck = 1130;
				ORGANIZATIONNAME = clarknt;
				TargetAttributes = {
					952FC6E723E132D30038DA0D = {
						CreatedOnToolsVersion = 11.3.1;
					};
				};
			};
			buildConfigurationList = 952FC6E323E132D30038DA0D /* Build configuration list for PBXProject "Project19" */;
			compatibilityVersion = "Xcode 9.3";
			developmentRegion = en;
			hasScannedForEncodings = 0;
			knownRegions = (
				en,
				Base,
			);
			mainGroup = 952FC6DF23E132D30038DA0D;
			productRefGroup = 952FC6E923E132D30038DA0D /* Products */;
			projectDirPath = "";
			projectRoot = "";
			targets = (
				952FC6E723E132D30038DA0D /* Project19 */,
			);
		};
/* End PBXProject section */

/* Begin PBXResourcesBuildPhase section */
		952FC6E623E132D30038DA0D /* Resources */ = {
			isa = PBXResourcesBuildPhase;
			buildActionMask = 2147483647;
			files = (
				952FC6F823E132D50038DA0D /* LaunchScreen.storyboard in Resources */,
				952FC6F523E132D40038DA0D /* Preview Assets.xcassets in Resources */,
				9532CA2C23E525B300EA3225 /* resorts.json in Resources */,
				952FC6F223E132D40038DA0D /* Assets.xcassets in Resources */,
			);
			runOnlyForDeploymentPostprocessing = 0;
		};
/* End PBXResourcesBuildPhase section */

/* Begin PBXSourcesBuildPhase section */
		952FC6E423E132D30038DA0D /* Sources */ = {
			isa = PBXSourcesBuildPhase;
			buildActionMask = 2147483647;
			files = (
				952FC6EC23E132D30038DA0D /* AppDelegate.swift in Sources */,
				952FC6EE23E132D30038DA0D /* SceneDelegate.swift in Sources */,
				9532CA2823E524E600EA3225 /* Resort.swift in Sources */,
				9532CA3623E52ECB00EA3225 /* ResortView.swift in Sources */,
				9532CA3423E52A1900EA3225 /* View-PhoneOnlyStackNavigationView.swift in Sources */,
				9532CA2A23E5255E00EA3225 /* Bundle-Decodable.swift in Sources */,
				9532CA3123E5296800EA3225 /* WelcomeView.swift in Sources */,
				9532CA3823E52F4E00EA3225 /* SkiDetailsView.swift in Sources */,
				9538935323EE54DC00244D6E /* SortAndFilterView.swift in Sources */,
				9532C9D023E29895003B23DC /* Intro02AlertAndSheet.swift in Sources */,
				952FC6F023E132D30038DA0D /* ContentView.swift in Sources */,
				9538935523EE5A3C00244D6E /* Resort-ViewUtils.swift in Sources */,
				952FEF6223E3E2260076386C /* Intro03TransparentGroups.swift in Sources */,
				952FC70123E139C90038DA0D /* Intro01SideBySideViews.swift in Sources */,
				9533390923EA733400BF0D7E /* Facility.swift in Sources */,
				9568569223EB4447009A6663 /* Favorites.swift in Sources */,
				9533390723EA70D200BF0D7E /* Facility-ViewUtils.swift in Sources */,
				9532CA3A23E52F7A00EA3225 /* ResortDetailsView.swift in Sources */,
			);
			runOnlyForDeploymentPostprocessing = 0;
		};
/* End PBXSourcesBuildPhase section */

/* Begin PBXVariantGroup section */
		952FC6F623E132D50038DA0D /* LaunchScreen.storyboard */ = {
			isa = PBXVariantGroup;
			children = (
				952FC6F723E132D50038DA0D /* Base */,
			);
			name = LaunchScreen.storyboard;
			sourceTree = "<group>";
		};
/* End PBXVariantGroup section */

/* Begin XCBuildConfiguration section */
		952FC6FA23E132D50038DA0D /* Debug */ = {
			isa = XCBuildConfiguration;
			buildSettings = {
				ALWAYS_SEARCH_USER_PATHS = NO;
				CLANG_ANALYZER_NONNULL = YES;
				CLANG_ANALYZER_NUMBER_OBJECT_CONVERSION = YES_AGGRESSIVE;
				CLANG_CXX_LANGUAGE_STANDARD = "gnu++14";
				CLANG_CXX_LIBRARY = "libc++";
				CLANG_ENABLE_MODULES = YES;
				CLANG_ENABLE_OBJC_ARC = YES;
				CLANG_ENABLE_OBJC_WEAK = YES;
				CLANG_WARN_BLOCK_CAPTURE_AUTORELEASING = YES;
				CLANG_WARN_BOOL_CONVERSION = YES;
				CLANG_WARN_COMMA = YES;
				CLANG_WARN_CONSTANT_CONVERSION = YES;
				CLANG_WARN_DEPRECATED_OBJC_IMPLEMENTATIONS = YES;
				CLANG_WARN_DIRECT_OBJC_ISA_USAGE = YES_ERROR;
				CLANG_WARN_DOCUMENTATION_COMMENTS = YES;
				CLANG_WARN_EMPTY_BODY = YES;
				CLANG_WARN_ENUM_CONVERSION = YES;
				CLANG_WARN_INFINITE_RECURSION = YES;
				CLANG_WARN_INT_CONVERSION = YES;
				CLANG_WARN_NON_LITERAL_NULL_CONVERSION = YES;
				CLANG_WARN_OBJC_IMPLICIT_RETAIN_SELF = YES;
				CLANG_WARN_OBJC_LITERAL_CONVERSION = YES;
				CLANG_WARN_OBJC_ROOT_CLASS = YES_ERROR;
				CLANG_WARN_RANGE_LOOP_ANALYSIS = YES;
				CLANG_WARN_STRICT_PROTOTYPES = YES;
				CLANG_WARN_SUSPICIOUS_MOVE = YES;
				CLANG_WARN_UNGUARDED_AVAILABILITY = YES_AGGRESSIVE;
				CLANG_WARN_UNREACHABLE_CODE = YES;
				CLANG_WARN__DUPLICATE_METHOD_MATCH = YES;
				COPY_PHASE_STRIP = NO;
				DEBUG_INFORMATION_FORMAT = dwarf;
				ENABLE_STRICT_OBJC_MSGSEND = YES;
				ENABLE_TESTABILITY = YES;
				GCC_C_LANGUAGE_STANDARD = gnu11;
				GCC_DYNAMIC_NO_PIC = NO;
				GCC_NO_COMMON_BLOCKS = YES;
				GCC_OPTIMIZATION_LEVEL = 0;
				GCC_PREPROCESSOR_DEFINITIONS = (
					"DEBUG=1",
					"$(inherited)",
				);
				GCC_WARN_64_TO_32_BIT_CONVERSION = YES;
				GCC_WARN_ABOUT_RETURN_TYPE = YES_ERROR;
				GCC_WARN_UNDECLARED_SELECTOR = YES;
				GCC_WARN_UNINITIALIZED_AUTOS = YES_AGGRESSIVE;
				GCC_WARN_UNUSED_FUNCTION = YES;
				GCC_WARN_UNUSED_VARIABLE = YES;
				IPHONEOS_DEPLOYMENT_TARGET = 13.2;
				MTL_ENABLE_DEBUG_INFO = INCLUDE_SOURCE;
				MTL_FAST_MATH = YES;
				ONLY_ACTIVE_ARCH = YES;
				SDKROOT = iphoneos;
				SWIFT_ACTIVE_COMPILATION_CONDITIONS = DEBUG;
				SWIFT_OPTIMIZATION_LEVEL = "-Onone";
			};
			name = Debug;
		};
		952FC6FB23E132D50038DA0D /* Release */ = {
			isa = XCBuildConfiguration;
			buildSettings = {
				ALWAYS_SEARCH_USER_PATHS = NO;
				CLANG_ANALYZER_NONNULL = YES;
				CLANG_ANALYZER_NUMBER_OBJECT_CONVERSION = YES_AGGRESSIVE;
				CLANG_CXX_LANGUAGE_STANDARD = "gnu++14";
				CLANG_CXX_LIBRARY = "libc++";
				CLANG_ENABLE_MODULES = YES;
				CLANG_ENABLE_OBJC_ARC = YES;
				CLANG_ENABLE_OBJC_WEAK = YES;
				CLANG_WARN_BLOCK_CAPTURE_AUTORELEASING = YES;
				CLANG_WARN_BOOL_CONVERSION = YES;
				CLANG_WARN_COMMA = YES;
				CLANG_WARN_CONSTANT_CONVERSION = YES;
				CLANG_WARN_DEPRECATED_OBJC_IMPLEMENTATIONS = YES;
				CLANG_WARN_DIRECT_OBJC_ISA_USAGE = YES_ERROR;
				CLANG_WARN_DOCUMENTATION_COMMENTS = YES;
				CLANG_WARN_EMPTY_BODY = YES;
				CLANG_WARN_ENUM_CONVERSION = YES;
				CLANG_WARN_INFINITE_RECURSION = YES;
				CLANG_WARN_INT_CONVERSION = YES;
				CLANG_WARN_NON_LITERAL_NULL_CONVERSION = YES;
				CLANG_WARN_OBJC_IMPLICIT_RETAIN_SELF = YES;
				CLANG_WARN_OBJC_LITERAL_CONVERSION = YES;
				CLANG_WARN_OBJC_ROOT_CLASS = YES_ERROR;
				CLANG_WARN_RANGE_LOOP_ANALYSIS = YES;
				CLANG_WARN_STRICT_PROTOTYPES = YES;
				CLANG_WARN_SUSPICIOUS_MOVE = YES;
				CLANG_WARN_UNGUARDED_AVAILABILITY = YES_AGGRESSIVE;
				CLANG_WARN_UNREACHABLE_CODE = YES;
				CLANG_WARN__DUPLICATE_METHOD_MATCH = YES;
				COPY_PHASE_STRIP = NO;
				DEBUG_INFORMATION_FORMAT = "dwarf-with-dsym";
				ENABLE_NS_ASSERTIONS = NO;
				ENABLE_STRICT_OBJC_MSGSEND = YES;
				GCC_C_LANGUAGE_STANDARD = gnu11;
				GCC_NO_COMMON_BLOCKS = YES;
				GCC_WARN_64_TO_32_BIT_CONVERSION = YES;
				GCC_WARN_ABOUT_RETURN_TYPE = YES_ERROR;
				GCC_WARN_UNDECLARED_SELECTOR = YES;
				GCC_WARN_UNINITIALIZED_AUTOS = YES_AGGRESSIVE;
				GCC_WARN_UNUSED_FUNCTION = YES;
				GCC_WARN_UNUSED_VARIABLE = YES;
				IPHONEOS_DEPLOYMENT_TARGET = 13.2;
				MTL_ENABLE_DEBUG_INFO = NO;
				MTL_FAST_MATH = YES;
				SDKROOT = iphoneos;
				SWIFT_COMPILATION_MODE = wholemodule;
				SWIFT_OPTIMIZATION_LEVEL = "-O";
				VALIDATE_PRODUCT = YES;
			};
			name = Release;
		};
		952FC6FD23E132D50038DA0D /* Debug */ = {
			isa = XCBuildConfiguration;
			buildSettings = {
				ASSETCATALOG_COMPILER_APPICON_NAME = AppIcon;
				CODE_SIGN_STYLE = Automatic;
				DEVELOPMENT_ASSET_PATHS = "\"Project19/Preview Content\"";
				DEVELOPMENT_TEAM = "";
				ENABLE_PREVIEWS = YES;
				INFOPLIST_FILE = Project19/Info.plist;
				LD_RUNPATH_SEARCH_PATHS = (
					"$(inherited)",
					"@executable_path/Frameworks",
				);
				PRODUCT_BUNDLE_IDENTIFIER = "clarknt.100-days-of-swiftui.Project19";
				PRODUCT_NAME = "$(TARGET_NAME)";
				SWIFT_VERSION = 5.0;
				TARGETED_DEVICE_FAMILY = "1,2";
			};
			name = Debug;
		};
		952FC6FE23E132D50038DA0D /* Release */ = {
			isa = XCBuildConfiguration;
			buildSettings = {
				ASSETCATALOG_COMPILER_APPICON_NAME = AppIcon;
				CODE_SIGN_STYLE = Automatic;
				DEVELOPMENT_ASSET_PATHS = "\"Project19/Preview Content\"";
				DEVELOPMENT_TEAM = "";
				ENABLE_PREVIEWS = YES;
				INFOPLIST_FILE = Project19/Info.plist;
				LD_RUNPATH_SEARCH_PATHS = (
					"$(inherited)",
					"@executable_path/Frameworks",
				);
				PRODUCT_BUNDLE_IDENTIFIER = "clarknt.100-days-of-swiftui.Project19";
				PRODUCT_NAME = "$(TARGET_NAME)";
				SWIFT_VERSION = 5.0;
				TARGETED_DEVICE_FAMILY = "1,2";
			};
			name = Release;
		};
/* End XCBuildConfiguration section */

/* Begin XCConfigurationList section */
		952FC6E323E132D30038DA0D /* Build configuration list for PBXProject "Project19" */ = {
			isa = XCConfigurationList;
			buildConfigurations = (
				952FC6FA23E132D50038DA0D /* Debug */,
				952FC6FB23E132D50038DA0D /* Release */,
			);
			defaultConfigurationIsVisible = 0;
			defaultConfigurationName = Release;
		};
		952FC6FC23E132D50038DA0D /* Build configuration list for PBXNativeTarget "Project19" */ = {
			isa = XCConfigurationList;
			buildConfigurations = (
				952FC6FD23E132D50038DA0D /* Debug */,
				952FC6FE23E132D50038DA0D /* Release */,
			);
			defaultConfigurationIsVisible = 0;
			defaultConfigurationName = Release;
		};
/* End XCConfigurationList section */
	};
	rootObject = 952FC6E023E132D30038DA0D /* Project object */;
}
