{
  "object": {
    "pins": [
      {
        "package": "CodeScanner",
        "repositoryURL": "https://github.com/twostraws/CodeScanner",
        "state": {
          "branch": null,
          "revision": "8b727d7345a1a84d25eb689083b201023c66ed66",
          "version": "1.0.1"
        }
      },
      {
        "package": "SamplePackage",
        "repositoryURL": "https://github.com/twostraws/SamplePackage",
        "state": {
          "branch": null,
          "revision": "f34f8498db05cf519000a9e5a6a14872ccc69ada",
          "version": "1.0.0"
        }
      }
    ]
  },
  "version": 1
}
