// !$*UTF8*$!
{
	archiveVersion = 1;
	classes = {
	};
	objectVersion = 50;
	objects = {

/* Begin PBXBuildFile section */
		95327337237265880062E0A8 /* AppDelegate.swift in Sources */ = {isa = PBXBuildFile; fileRef = 95327336237265880062E0A8 /* AppDelegate.swift */; };
		95327339237265880062E0A8 /* SceneDelegate.swift in Sources */ = {isa = PBXBuildFile; fileRef = 95327338237265880062E0A8 /* SceneDelegate.swift */; };
		9532733B237265880062E0A8 /* ContentView.swift in Sources */ = {isa = PBXBuildFile; fileRef = 9532733A237265880062E0A8 /* ContentView.swift */; };
		9532733D2372658B0062E0A8 /* Assets.xcassets in Resources */ = {isa = PBXBuildFile; fileRef = 9532733C2372658B0062E0A8 /* Assets.xcassets */; };
		953273402372658B0062E0A8 /* Preview Assets.xcassets in Resources */ = {isa = PBXBuildFile; fileRef = 9532733F2372658B0062E0A8 /* Preview Assets.xcassets */; };
		953273432372658B0062E0A8 /* LaunchScreen.storyboard in Resources */ = {isa = PBXBuildFile; fileRef = 953273412372658B0062E0A8 /* LaunchScreen.storyboard */; };
		9532734C23726F4E0062E0A8 /* CustomPaths.swift in Sources */ = {isa = PBXBuildFile; fileRef = 9532734B23726F4E0062E0A8 /* CustomPaths.swift */; };
		9532734E23726FE70062E0A8 /* PathsVsShapes.swift in Sources */ = {isa = PBXBuildFile; fileRef = 9532734D23726FE70062E0A8 /* PathsVsShapes.swift */; };
		953812BC237469C5007FC28B /* SpecialEffects.swift in Sources */ = {isa = PBXBuildFile; fileRef = 953812BB237469C5007FC28B /* SpecialEffects.swift */; };
		953812BE2374848B007FC28B /* AnimatingShapes.swift in Sources */ = {isa = PBXBuildFile; fileRef = 953812BD2374848B007FC28B /* AnimatingShapes.swift */; };
		953812C023748736007FC28B /* AnimatingComplexShapes.swift in Sources */ = {isa = PBXBuildFile; fileRef = 953812BF23748736007FC28B /* AnimatingComplexShapes.swift */; };
		953812C223748CE2007FC28B /* DefaultSpirograph.swift in Sources */ = {isa = PBXBuildFile; fileRef = 953812C123748CE2007FC28B /* DefaultSpirograph.swift */; };
		953812C42374AC01007FC28B /* CustomSpirograph.swift in Sources */ = {isa = PBXBuildFile; fileRef = 953812C32374AC01007FC28B /* CustomSpirograph.swift */; };
		953ADF4D2375F7430063D8C3 /* ArrowChallenge.swift in Sources */ = {isa = PBXBuildFile; fileRef = 953ADF4C2375F7430063D8C3 /* ArrowChallenge.swift */; };
		953B3EC523730D8C00E4EA09 /* MainView.swift in Sources */ = {isa = PBXBuildFile; fileRef = 953B3EC423730D8C00E4EA09 /* MainView.swift */; };
		953B3EC723730F5400E4EA09 /* StrokeBorderSupport.swift in Sources */ = {isa = PBXBuildFile; fileRef = 953B3EC623730F5400E4EA09 /* StrokeBorderSupport.swift */; };
		953B3EC92373142600E4EA09 /* TransformingShapes.swift in Sources */ = {isa = PBXBuildFile; fileRef = 953B3EC82373142600E4EA09 /* TransformingShapes.swift */; };
		953B3ECB237362D700E4EA09 /* CreativeBorders.swift in Sources */ = {isa = PBXBuildFile; fileRef = 953B3ECA237362D700E4EA09 /* CreativeBorders.swift */; };
		953B3ECD237387CB00E4EA09 /* MetalRendering.swift in Sources */ = {isa = PBXBuildFile; fileRef = 953B3ECC237387CB00E4EA09 /* MetalRendering.swift */; };
		9592490023761BB400FC6CE4 /* Challenge3.swift in Sources */ = {isa = PBXBuildFile; fileRef = 959248FF23761BB400FC6CE4 /* Challenge3.swift */; };
/* End PBXBuildFile section */

/* Begin PBXFileReference section */
		95327333237265880062E0A8 /* Project9.app */ = {isa = PBXFileReference; explicitFileType = wrapper.application; includeInIndex = 0; path = Project9.app; sourceTree = BUILT_PRODUCTS_DIR; };
		95327336237265880062E0A8 /* AppDelegate.swift */ = {isa = PBXFileReference; lastKnownFileType = sourcecode.swift; path = AppDelegate.swift; sourceTree = "<group>"; };
		95327338237265880062E0A8 /* SceneDelegate.swift */ = {isa = PBXFileReference; lastKnownFileType = sourcecode.swift; path = SceneDelegate.swift; sourceTree = "<group>"; };
		9532733A237265880062E0A8 /* ContentView.swift */ = {isa = PBXFileReference; lastKnownFileType = sourcecode.swift; path = ContentView.swift; sourceTree = "<group>"; };
		9532733C2372658B0062E0A8 /* Assets.xcassets */ = {isa = PBXFileReference; lastKnownFileType = folder.assetcatalog; path = Assets.xcassets; sourceTree = "<group>"; };
		9532733F2372658B0062E0A8 /* Preview Assets.xcassets */ = {isa = PBXFileReference; lastKnownFileType = folder.assetcatalog; path = "Preview Assets.xcassets"; sourceTree = "<group>"; };
		953273422372658B0062E0A8 /* Base */ = {isa = PBXFileReference; lastKnownFileType = file.storyboard; name = Base; path = Base.lproj/LaunchScreen.storyboard; sourceTree = "<group>"; };
		953273442372658B0062E0A8 /* Info.plist */ = {isa = PBXFileReference; lastKnownFileType = text.plist.xml; path = Info.plist; sourceTree = "<group>"; };
		9532734B23726F4E0062E0A8 /* CustomPaths.swift */ = {isa = PBXFileReference; lastKnownFileType = sourcecode.swift; path = CustomPaths.swift; sourceTree = "<group>"; };
		9532734D23726FE70062E0A8 /* PathsVsShapes.swift */ = {isa = PBXFileReference; lastKnownFileType = sourcecode.swift; path = PathsVsShapes.swift; sourceTree = "<group>"; };
		953812BB237469C5007FC28B /* SpecialEffects.swift */ = {isa = PBXFileReference; lastKnownFileType = sourcecode.swift; path = SpecialEffects.swift; sourceTree = "<group>"; };
		953812BD2374848B007FC28B /* AnimatingShapes.swift */ = {isa = PBXFileReference; lastKnownFileType = sourcecode.swift; path = AnimatingShapes.swift; sourceTree = "<group>"; };
		953812BF23748736007FC28B /* AnimatingComplexShapes.swift */ = {isa = PBXFileReference; lastKnownFileType = sourcecode.swift; path = AnimatingComplexShapes.swift; sourceTree = "<group>"; };
		953812C123748CE2007FC28B /* DefaultSpirograph.swift */ = {isa = PBXFileReference; lastKnownFileType = sourcecode.swift; path = DefaultSpirograph.swift; sourceTree = "<group>"; };
		953812C32374AC01007FC28B /* CustomSpirograph.swift */ = {isa = PBXFileReference; lastKnownFileType = sourcecode.swift; path = CustomSpirograph.swift; sourceTree = "<group>"; };
		953ADF4C2375F7430063D8C3 /* ArrowChallenge.swift */ = {isa = PBXFileReference; lastKnownFileType = sourcecode.swift; path = ArrowChallenge.swift; sourceTree = "<group>"; };
		953B3EC423730D8C00E4EA09 /* MainView.swift */ = {isa = PBXFileReference; lastKnownFileType = sourcecode.swift; path = MainView.swift; sourceTree = "<group>"; };
		953B3EC623730F5400E4EA09 /* StrokeBorderSupport.swift */ = {isa = PBXFileReference; lastKnownFileType = sourcecode.swift; path = StrokeBorderSupport.swift; sourceTree = "<group>"; };
		953B3EC82373142600E4EA09 /* TransformingShapes.swift */ = {isa = PBXFileReference; lastKnownFileType = sourcecode.swift; path = TransformingShapes.swift; sourceTree = "<group>"; };
		953B3ECA237362D700E4EA09 /* CreativeBorders.swift */ = {isa = PBXFileReference; lastKnownFileType = sourcecode.swift; path = CreativeBorders.swift; sourceTree = "<group>"; };
		953B3ECC237387CB00E4EA09 /* MetalRendering.swift */ = {isa = PBXFileReference; lastKnownFileType = sourcecode.swift; path = MetalRendering.swift; sourceTree = "<group>"; };
		959248FF23761BB400FC6CE4 /* Challenge3.swift */ = {isa = PBXFileReference; lastKnownFileType = sourcecode.swift; path = Challenge3.swift; sourceTree = "<group>"; };
/* End PBXFileReference section */

/* Begin PBXFrameworksBuildPhase section */
		95327330237265880062E0A8 /* Frameworks */ = {
			isa = PBXFrameworksBuildPhase;
			buildActionMask = 2147483647;
			files = (
			);
			runOnlyForDeploymentPostprocessing = 0;
		};
/* End PBXFrameworksBuildPhase section */

/* Begin PBXGroup section */
		9532732A237265880062E0A8 = {
			isa = PBXGroup;
			children = (
				95327335237265880062E0A8 /* Project9 */,
				95327334237265880062E0A8 /* Products */,
			);
			sourceTree = "<group>";
		};
		95327334237265880062E0A8 /* Products */ = {
			isa = PBXGroup;
			children = (
				95327333237265880062E0A8 /* Project9.app */,
			);
			name = Products;
			sourceTree = "<group>";
		};
		95327335237265880062E0A8 /* Project9 */ = {
			isa = PBXGroup;
			children = (
				953ADF4B2375F7270063D8C3 /* Challenges */,
				9532734A23726F330062E0A8 /* Introduction */,
				95327336237265880062E0A8 /* AppDelegate.swift */,
				95327338237265880062E0A8 /* SceneDelegate.swift */,
				9532733A237265880062E0A8 /* ContentView.swift */,
				9532733C2372658B0062E0A8 /* Assets.xcassets */,
				953273412372658B0062E0A8 /* LaunchScreen.storyboard */,
				953273442372658B0062E0A8 /* Info.plist */,
				9532733E2372658B0062E0A8 /* Preview Content */,
			);
			path = Project9;
			sourceTree = "<group>";
		};
		9532733E2372658B0062E0A8 /* Preview Content */ = {
			isa = PBXGroup;
			children = (
				9532733F2372658B0062E0A8 /* Preview Assets.xcassets */,
			);
			path = "Preview Content";
			sourceTree = "<group>";
		};
		9532734A23726F330062E0A8 /* Introduction */ = {
			isa = PBXGroup;
			children = (
				953B3EC323730D6300E4EA09 /* Topics */,
				953B3EC423730D8C00E4EA09 /* MainView.swift */,
			);
			path = Introduction;
			sourceTree = "<group>";
		};
		953ADF4B2375F7270063D8C3 /* Challenges */ = {
			isa = PBXGroup;
			children = (
				953ADF4C2375F7430063D8C3 /* ArrowChallenge.swift */,
				959248FF23761BB400FC6CE4 /* Challenge3.swift */,
			);
			path = Challenges;
			sourceTree = "<group>";
		};
		953B3EC323730D6300E4EA09 /* Topics */ = {
			isa = PBXGroup;
			children = (
				9532734B23726F4E0062E0A8 /* CustomPaths.swift */,
				9532734D23726FE70062E0A8 /* PathsVsShapes.swift */,
				953B3EC623730F5400E4EA09 /* StrokeBorderSupport.swift */,
				953B3EC82373142600E4EA09 /* TransformingShapes.swift */,
				953B3ECA237362D700E4EA09 /* CreativeBorders.swift */,
				953B3ECC237387CB00E4EA09 /* MetalRendering.swift */,
				953812BB237469C5007FC28B /* SpecialEffects.swift */,
				953812BD2374848B007FC28B /* AnimatingShapes.swift */,
				953812BF23748736007FC28B /* AnimatingComplexShapes.swift */,
				953812C123748CE2007FC28B /* DefaultSpirograph.swift */,
				953812C32374AC01007FC28B /* CustomSpirograph.swift */,
			);
			path = Topics;
			sourceTree = "<group>";
		};
/* End PBXGroup section */

/* Begin PBXNativeTarget section */
		95327332237265880062E0A8 /* Project9 */ = {
			isa = PBXNativeTarget;
			buildConfigurationList = 953273472372658B0062E0A8 /* Build configuration list for PBXNativeTarget "Project9" */;
			buildPhases = (
				9532732F237265880062E0A8 /* Sources */,
				95327330237265880062E0A8 /* Frameworks */,
				95327331237265880062E0A8 /* Resources */,
			);
			buildRules = (
			);
			dependencies = (
			);
			name = Project9;
			productName = Project9;
			productReference = 95327333237265880062E0A8 /* Project9.app */;
			productType = "com.apple.product-type.application";
		};
/* End PBXNativeTarget section */

/* Begin PBXProject section */
		9532732B237265880062E0A8 /* Project object */ = {
			isa = PBXProject;
			attributes = {
				LastSwiftUpdateCheck = 1120;
				LastUpgradeCheck = 1120;
				ORGANIZATIONNAME = clarknt;
				TargetAttributes = {
					95327332237265880062E0A8 = {
						CreatedOnToolsVersion = 11.2;
					};
				};
			};
			buildConfigurationList = 9532732E237265880062E0A8 /* Build configuration list for PBXProject "Project9" */;
			compatibilityVersion = "Xcode 9.3";
			developmentRegion = en;
			hasScannedForEncodings = 0;
			knownRegions = (
				en,
				Base,
			);
			mainGroup = 9532732A237265880062E0A8;
			productRefGroup = 95327334237265880062E0A8 /* Products */;
			projectDirPath = "";
			projectRoot = "";
			targets = (
				95327332237265880062E0A8 /* Project9 */,
			);
		};
/* End PBXProject section */

/* Begin PBXResourcesBuildPhase section */
		95327331237265880062E0A8 /* Resources */ = {
			isa = PBXResourcesBuildPhase;
			buildActionMask = 2147483647;
			files = (
				953273432372658B0062E0A8 /* LaunchScreen.storyboard in Resources */,
				953273402372658B0062E0A8 /* Preview Assets.xcassets in Resources */,
				9532733D2372658B0062E0A8 /* Assets.xcassets in Resources */,
			);
			runOnlyForDeploymentPostprocessing = 0;
		};
/* End PBXResourcesBuildPhase section */

/* Begin PBXSourcesBuildPhase section */
		9532732F237265880062E0A8 /* Sources */ = {
			isa = PBXSourcesBuildPhase;
			buildActionMask = 2147483647;
			files = (
				953812BC237469C5007FC28B /* SpecialEffects.swift in Sources */,
				953ADF4D2375F7430063D8C3 /* ArrowChallenge.swift in Sources */,
				95327337237265880062E0A8 /* AppDelegate.swift in Sources */,
				9592490023761BB400FC6CE4 /* Challenge3.swift in Sources */,
				953B3EC92373142600E4EA09 /* TransformingShapes.swift in Sources */,
				953B3ECD237387CB00E4EA09 /* MetalRendering.swift in Sources */,
				953B3EC523730D8C00E4EA09 /* MainView.swift in Sources */,
				95327339237265880062E0A8 /* SceneDelegate.swift in Sources */,
				9532733B237265880062E0A8 /* ContentView.swift in Sources */,
				953B3EC723730F5400E4EA09 /* StrokeBorderSupport.swift in Sources */,
				953812BE2374848B007FC28B /* AnimatingShapes.swift in Sources */,
				953B3ECB237362D700E4EA09 /* CreativeBorders.swift in Sources */,
				953812C223748CE2007FC28B /* DefaultSpirograph.swift in Sources */,
				9532734E23726FE70062E0A8 /* PathsVsShapes.swift in Sources */,
				953812C023748736007FC28B /* AnimatingComplexShapes.swift in Sources */,
				9532734C23726F4E0062E0A8 /* CustomPaths.swift in Sources */,
				953812C42374AC01007FC28B /* CustomSpirograph.swift in Sources */,
			);
			runOnlyForDeploymentPostprocessing = 0;
		};
/* End PBXSourcesBuildPhase section */

/* Begin PBXVariantGroup section */
		953273412372658B0062E0A8 /* LaunchScreen.storyboard */ = {
			isa = PBXVariantGroup;
			children = (
				953273422372658B0062E0A8 /* Base */,
			);
			name = LaunchScreen.storyboard;
			sourceTree = "<group>";
		};
/* End PBXVariantGroup section */

/* Begin XCBuildConfiguration section */
		953273452372658B0062E0A8 /* Debug */ = {
			isa = XCBuildConfiguration;
			buildSettings = {
				ALWAYS_SEARCH_USER_PATHS = NO;
				CLANG_ANALYZER_NONNULL = YES;
				CLANG_ANALYZER_NUMBER_OBJECT_CONVERSION = YES_AGGRESSIVE;
				CLANG_CXX_LANGUAGE_STANDARD = "gnu++14";
				CLANG_CXX_LIBRARY = "libc++";
				CLANG_ENABLE_MODULES = YES;
				CLANG_ENABLE_OBJC_ARC = YES;
				CLANG_ENABLE_OBJC_WEAK = YES;
				CLANG_WARN_BLOCK_CAPTURE_AUTORELEASING = YES;
				CLANG_WARN_BOOL_CONVERSION = YES;
				CLANG_WARN_COMMA = YES;
				CLANG_WARN_CONSTANT_CONVERSION = YES;
				CLANG_WARN_DEPRECATED_OBJC_IMPLEMENTATIONS = YES;
				CLANG_WARN_DIRECT_OBJC_ISA_USAGE = YES_ERROR;
				CLANG_WARN_DOCUMENTATION_COMMENTS = YES;
				CLANG_WARN_EMPTY_BODY = YES;
				CLANG_WARN_ENUM_CONVERSION = YES;
				CLANG_WARN_INFINITE_RECURSION = YES;
				CLANG_WARN_INT_CONVERSION = YES;
				CLANG_WARN_NON_LITERAL_NULL_CONVERSION = YES;
				CLANG_WARN_OBJC_IMPLICIT_RETAIN_SELF = YES;
				CLANG_WARN_OBJC_LITERAL_CONVERSION = YES;
				CLANG_WARN_OBJC_ROOT_CLASS = YES_ERROR;
				CLANG_WARN_RANGE_LOOP_ANALYSIS = YES;
				CLANG_WARN_STRICT_PROTOTYPES = YES;
				CLANG_WARN_SUSPICIOUS_MOVE = YES;
				CLANG_WARN_UNGUARDED_AVAILABILITY = YES_AGGRESSIVE;
				CLANG_WARN_UNREACHABLE_CODE = YES;
				CLANG_WARN__DUPLICATE_METHOD_MATCH = YES;
				COPY_PHASE_STRIP = NO;
				DEBUG_INFORMATION_FORMAT = dwarf;
				ENABLE_STRICT_OBJC_MSGSEND = YES;
				ENABLE_TESTABILITY = YES;
				GCC_C_LANGUAGE_STANDARD = gnu11;
				GCC_DYNAMIC_NO_PIC = NO;
				GCC_NO_COMMON_BLOCKS = YES;
				GCC_OPTIMIZATION_LEVEL = 0;
				GCC_PREPROCESSOR_DEFINITIONS = (
					"DEBUG=1",
					"$(inherited)",
				);
				GCC_WARN_64_TO_32_BIT_CONVERSION = YES;
				GCC_WARN_ABOUT_RETURN_TYPE = YES_ERROR;
				GCC_WARN_UNDECLARED_SELECTOR = YES;
				GCC_WARN_UNINITIALIZED_AUTOS = YES_AGGRESSIVE;
				GCC_WARN_UNUSED_FUNCTION = YES;
				GCC_WARN_UNUSED_VARIABLE = YES;
				IPHONEOS_DEPLOYMENT_TARGET = 13.2;
				MTL_ENABLE_DEBUG_INFO = INCLUDE_SOURCE;
				MTL_FAST_MATH = YES;
				ONLY_ACTIVE_ARCH = YES;
				SDKROOT = iphoneos;
				SWIFT_ACTIVE_COMPILATION_CONDITIONS = DEBUG;
				SWIFT_OPTIMIZATION_LEVEL = "-Onone";
			};
			name = Debug;
		};
		953273462372658B0062E0A8 /* Release */ = {
			isa = XCBuildConfiguration;
			buildSettings = {
				ALWAYS_SEARCH_USER_PATHS = NO;
				CLANG_ANALYZER_NONNULL = YES;
				CLANG_ANALYZER_NUMBER_OBJECT_CONVERSION = YES_AGGRESSIVE;
				CLANG_CXX_LANGUAGE_STANDARD = "gnu++14";
				CLANG_CXX_LIBRARY = "libc++";
				CLANG_ENABLE_MODULES = YES;
				CLANG_ENABLE_OBJC_ARC = YES;
				CLANG_ENABLE_OBJC_WEAK = YES;
				CLANG_WARN_BLOCK_CAPTURE_AUTORELEASING = YES;
				CLANG_WARN_BOOL_CONVERSION = YES;
				CLANG_WARN_COMMA = YES;
				CLANG_WARN_CONSTANT_CONVERSION = YES;
				CLANG_WARN_DEPRECATED_OBJC_IMPLEMENTATIONS = YES;
				CLANG_WARN_DIRECT_OBJC_ISA_USAGE = YES_ERROR;
				CLANG_WARN_DOCUMENTATION_COMMENTS = YES;
				CLANG_WARN_EMPTY_BODY = YES;
				CLANG_WARN_ENUM_CONVERSION = YES;
				CLANG_WARN_INFINITE_RECURSION = YES;
				CLANG_WARN_INT_CONVERSION = YES;
				CLANG_WARN_NON_LITERAL_NULL_CONVERSION = YES;
				CLANG_WARN_OBJC_IMPLICIT_RETAIN_SELF = YES;
				CLANG_WARN_OBJC_LITERAL_CONVERSION = YES;
				CLANG_WARN_OBJC_ROOT_CLASS = YES_ERROR;
				CLANG_WARN_RANGE_LOOP_ANALYSIS = YES;
				CLANG_WARN_STRICT_PROTOTYPES = YES;
				CLANG_WARN_SUSPICIOUS_MOVE = YES;
				CLANG_WARN_UNGUARDED_AVAILABILITY = YES_AGGRESSIVE;
				CLANG_WARN_UNREACHABLE_CODE = YES;
				CLANG_WARN__DUPLICATE_METHOD_MATCH = YES;
				COPY_PHASE_STRIP = NO;
				DEBUG_INFORMATION_FORMAT = "dwarf-with-dsym";
				ENABLE_NS_ASSERTIONS = NO;
				ENABLE_STRICT_OBJC_MSGSEND = YES;
				GCC_C_LANGUAGE_STANDARD = gnu11;
				GCC_NO_COMMON_BLOCKS = YES;
				GCC_WARN_64_TO_32_BIT_CONVERSION = YES;
				GCC_WARN_ABOUT_RETURN_TYPE = YES_ERROR;
				GCC_WARN_UNDECLARED_SELECTOR = YES;
				GCC_WARN_UNINITIALIZED_AUTOS = YES_AGGRESSIVE;
				GCC_WARN_UNUSED_FUNCTION = YES;
				GCC_WARN_UNUSED_VARIABLE = YES;
				IPHONEOS_DEPLOYMENT_TARGET = 13.2;
				MTL_ENABLE_DEBUG_INFO = NO;
				MTL_FAST_MATH = YES;
				SDKROOT = iphoneos;
				SWIFT_COMPILATION_MODE = wholemodule;
				SWIFT_OPTIMIZATION_LEVEL = "-O";
				VALIDATE_PRODUCT = YES;
			};
			name = Release;
		};
		953273482372658B0062E0A8 /* Debug */ = {
			isa = XCBuildConfiguration;
			buildSettings = {
				ASSETCATALOG_COMPILER_APPICON_NAME = AppIcon;
				CODE_SIGN_STYLE = Automatic;
				DEVELOPMENT_ASSET_PATHS = "\"Project9/Preview Content\"";
				DEVELOPMENT_TEAM = "";
				ENABLE_PREVIEWS = YES;
				INFOPLIST_FILE = Project9/Info.plist;
				IPHONEOS_DEPLOYMENT_TARGET = 13.1;
				LD_RUNPATH_SEARCH_PATHS = (
					"$(inherited)",
					"@executable_path/Frameworks",
				);
				PRODUCT_BUNDLE_IDENTIFIER = "clarknt.100-days-of-swiftui.Project9";
				PRODUCT_NAME = "$(TARGET_NAME)";
				SWIFT_VERSION = 5.0;
				TARGETED_DEVICE_FAMILY = "1,2";
			};
			name = Debug;
		};
		953273492372658B0062E0A8 /* Release */ = {
			isa = XCBuildConfiguration;
			buildSettings = {
				ASSETCATALOG_COMPILER_APPICON_NAME = AppIcon;
				CODE_SIGN_STYLE = Automatic;
				DEVELOPMENT_ASSET_PATHS = "\"Project9/Preview Content\"";
				DEVELOPMENT_TEAM = "";
				ENABLE_PREVIEWS = YES;
				INFOPLIST_FILE = Project9/Info.plist;
				IPHONEOS_DEPLOYMENT_TARGET = 13.1;
				LD_RUNPATH_SEARCH_PATHS = (
					"$(inherited)",
					"@executable_path/Frameworks",
				);
				PRODUCT_BUNDLE_IDENTIFIER = "clarknt.100-days-of-swiftui.Project9";
				PRODUCT_NAME = "$(TARGET_NAME)";
				SWIFT_VERSION = 5.0;
				TARGETED_DEVICE_FAMILY = "1,2";
			};
			name = Release;
		};
/* End XCBuildConfiguration section */

/* Begin XCConfigurationList section */
		9532732E237265880062E0A8 /* Build configuration list for PBXProject "Project9" */ = {
			isa = XCConfigurationList;
			buildConfigurations = (
				953273452372658B0062E0A8 /* Debug */,
				953273462372658B0062E0A8 /* Release */,
			);
			defaultConfigurationIsVisible = 0;
			defaultConfigurationName = Release;
		};
		953273472372658B0062E0A8 /* Build configuration list for PBXNativeTarget "Project9" */ = {
			isa = XCConfigurationList;
			buildConfigurations = (
				953273482372658B0062E0A8 /* Debug */,
				953273492372658B0062E0A8 /* Release */,
			);
			defaultConfigurationIsVisible = 0;
			defaultConfigurationName = Release;
		};
/* End XCConfigurationList section */
	};
	rootObject = 9532732B237265880062E0A8 /* Project object */;
}
