// !$*UTF8*$!
{
	archiveVersion = 1;
	classes = {
	};
	objectVersion = 50;
	objects = {

/* Begin PBXBuildFile section */
		9506C349239723D9005C35B5 /* CoreImageSwiftUI.swift in Sources */ = {isa = PBXBuildFile; fileRef = 9506C348239723D9005C35B5 /* CoreImageSwiftUI.swift */; };
		9506C34B239763BE005C35B5 /* ImagePickerIntroduction.swift in Sources */ = {isa = PBXBuildFile; fileRef = 9506C34A239763BE005C35B5 /* ImagePickerIntroduction.swift */; };
		9506C34D23976481005C35B5 /* UIViewControllerSwiftUI.swift in Sources */ = {isa = PBXBuildFile; fileRef = 9506C34C23976481005C35B5 /* UIViewControllerSwiftUI.swift */; };
		95382DDA2398162D00D3E4E2 /* ImagePicker.swift in Sources */ = {isa = PBXBuildFile; fileRef = 95382DD92398162D00D3E4E2 /* ImagePicker.swift */; };
		95382DDC23984C8E00D3E4E2 /* ImageSaver.swift in Sources */ = {isa = PBXBuildFile; fileRef = 95382DDB23984C8E00D3E4E2 /* ImageSaver.swift */; };
		955CA5DD239616AE00679634 /* AppDelegate.swift in Sources */ = {isa = PBXBuildFile; fileRef = 955CA5DC239616AE00679634 /* AppDelegate.swift */; };
		955CA5DF239616AE00679634 /* SceneDelegate.swift in Sources */ = {isa = PBXBuildFile; fileRef = 955CA5DE239616AE00679634 /* SceneDelegate.swift */; };
		955CA5E1239616AE00679634 /* ContentView.swift in Sources */ = {isa = PBXBuildFile; fileRef = 955CA5E0239616AE00679634 /* ContentView.swift */; };
		955CA5E3239616B000679634 /* Assets.xcassets in Resources */ = {isa = PBXBuildFile; fileRef = 955CA5E2239616B000679634 /* Assets.xcassets */; };
		955CA5E6239616B000679634 /* Preview Assets.xcassets in Resources */ = {isa = PBXBuildFile; fileRef = 955CA5E5239616B000679634 /* Preview Assets.xcassets */; };
		955CA5E9239616B000679634 /* LaunchScreen.storyboard in Resources */ = {isa = PBXBuildFile; fileRef = 955CA5E7239616B000679634 /* LaunchScreen.storyboard */; };
		955CA5F323961B7400679634 /* CustomBinding.swift in Sources */ = {isa = PBXBuildFile; fileRef = 955CA5F223961B7400679634 /* CustomBinding.swift */; };
		955CA5F523961EDC00679634 /* MultipleOptionSheet.swift in Sources */ = {isa = PBXBuildFile; fileRef = 955CA5F423961EDC00679634 /* MultipleOptionSheet.swift */; };
/* End PBXBuildFile section */

/* Begin PBXFileReference section */
		9506C348239723D9005C35B5 /* CoreImageSwiftUI.swift */ = {isa = PBXFileReference; lastKnownFileType = sourcecode.swift; path = CoreImageSwiftUI.swift; sourceTree = "<group>"; };
		9506C34A239763BE005C35B5 /* ImagePickerIntroduction.swift */ = {isa = PBXFileReference; lastKnownFileType = sourcecode.swift; path = ImagePickerIntroduction.swift; sourceTree = "<group>"; };
		9506C34C23976481005C35B5 /* UIViewControllerSwiftUI.swift */ = {isa = PBXFileReference; lastKnownFileType = sourcecode.swift; path = UIViewControllerSwiftUI.swift; sourceTree = "<group>"; };
		95382DD92398162D00D3E4E2 /* ImagePicker.swift */ = {isa = PBXFileReference; lastKnownFileType = sourcecode.swift; path = ImagePicker.swift; sourceTree = "<group>"; };
		95382DDB23984C8E00D3E4E2 /* ImageSaver.swift */ = {isa = PBXFileReference; lastKnownFileType = sourcecode.swift; path = ImageSaver.swift; sourceTree = "<group>"; };
		955CA5D9239616AE00679634 /* Project13.app */ = {isa = PBXFileReference; explicitFileType = wrapper.application; includeInIndex = 0; path = Project13.app; sourceTree = BUILT_PRODUCTS_DIR; };
		955CA5DC239616AE00679634 /* AppDelegate.swift */ = {isa = PBXFileReference; lastKnownFileType = sourcecode.swift; path = AppDelegate.swift; sourceTree = "<group>"; };
		955CA5DE239616AE00679634 /* SceneDelegate.swift */ = {isa = PBXFileReference; lastKnownFileType = sourcecode.swift; path = SceneDelegate.swift; sourceTree = "<group>"; };
		955CA5E0239616AE00679634 /* ContentView.swift */ = {isa = PBXFileReference; lastKnownFileType = sourcecode.swift; path = ContentView.swift; sourceTree = "<group>"; };
		955CA5E2239616B000679634 /* Assets.xcassets */ = {isa = PBXFileReference; lastKnownFileType = folder.assetcatalog; path = Assets.xcassets; sourceTree = "<group>"; };
		955CA5E5239616B000679634 /* Preview Assets.xcassets */ = {isa = PBXFileReference; lastKnownFileType = folder.assetcatalog; path = "Preview Assets.xcassets"; sourceTree = "<group>"; };
		955CA5E8239616B000679634 /* Base */ = {isa = PBXFileReference; lastKnownFileType = file.storyboard; name = Base; path = Base.lproj/LaunchScreen.storyboard; sourceTree = "<group>"; };
		955CA5EA239616B000679634 /* Info.plist */ = {isa = PBXFileReference; lastKnownFileType = text.plist.xml; path = Info.plist; sourceTree = "<group>"; };
		955CA5F223961B7400679634 /* CustomBinding.swift */ = {isa = PBXFileReference; lastKnownFileType = sourcecode.swift; path = CustomBinding.swift; sourceTree = "<group>"; };
		955CA5F423961EDC00679634 /* MultipleOptionSheet.swift */ = {isa = PBXFileReference; lastKnownFileType = sourcecode.swift; path = MultipleOptionSheet.swift; sourceTree = "<group>"; };
/* End PBXFileReference section */

/* Begin PBXFrameworksBuildPhase section */
		955CA5D6239616AE00679634 /* Frameworks */ = {
			isa = PBXFrameworksBuildPhase;
			buildActionMask = 2147483647;
			files = (
			);
			runOnlyForDeploymentPostprocessing = 0;
		};
/* End PBXFrameworksBuildPhase section */

/* Begin PBXGroup section */
		955CA5D0239616AE00679634 = {
			isa = PBXGroup;
			children = (
				955CA5DB239616AE00679634 /* Project13 */,
				955CA5DA239616AE00679634 /* Products */,
			);
			sourceTree = "<group>";
		};
		955CA5DA239616AE00679634 /* Products */ = {
			isa = PBXGroup;
			children = (
				955CA5D9239616AE00679634 /* Project13.app */,
			);
			name = Products;
			sourceTree = "<group>";
		};
		955CA5DB239616AE00679634 /* Project13 */ = {
			isa = PBXGroup;
			children = (
				955CA5F123961B6800679634 /* Introduction */,
				955CA5DC239616AE00679634 /* AppDelegate.swift */,
				955CA5DE239616AE00679634 /* SceneDelegate.swift */,
				955CA5E0239616AE00679634 /* ContentView.swift */,
				95382DD92398162D00D3E4E2 /* ImagePicker.swift */,
				95382DDB23984C8E00D3E4E2 /* ImageSaver.swift */,
				955CA5E2239616B000679634 /* Assets.xcassets */,
				955CA5E7239616B000679634 /* LaunchScreen.storyboard */,
				955CA5EA239616B000679634 /* Info.plist */,
				955CA5E4239616B000679634 /* Preview Content */,
			);
			path = Project13;
			sourceTree = "<group>";
		};
		955CA5E4239616B000679634 /* Preview Content */ = {
			isa = PBXGroup;
			children = (
				955CA5E5239616B000679634 /* Preview Assets.xcassets */,
			);
			path = "Preview Content";
			sourceTree = "<group>";
		};
		955CA5F123961B6800679634 /* Introduction */ = {
			isa = PBXGroup;
			children = (
				955CA5F223961B7400679634 /* CustomBinding.swift */,
				955CA5F423961EDC00679634 /* MultipleOptionSheet.swift */,
				9506C348239723D9005C35B5 /* CoreImageSwiftUI.swift */,
				9506C34A239763BE005C35B5 /* ImagePickerIntroduction.swift */,
				9506C34C23976481005C35B5 /* UIViewControllerSwiftUI.swift */,
			);
			path = Introduction;
			sourceTree = "<group>";
		};
/* End PBXGroup section */

/* Begin PBXNativeTarget section */
		955CA5D8239616AE00679634 /* Project13 */ = {
			isa = PBXNativeTarget;
			buildConfigurationList = 955CA5ED239616B000679634 /* Build configuration list for PBXNativeTarget "Project13" */;
			buildPhases = (
				955CA5D5239616AE00679634 /* Sources */,
				955CA5D6239616AE00679634 /* Frameworks */,
				955CA5D7239616AE00679634 /* Resources */,
			);
			buildRules = (
			);
			dependencies = (
			);
			name = Project13;
			productName = Project13;
			productReference = 955CA5D9239616AE00679634 /* Project13.app */;
			productType = "com.apple.product-type.application";
		};
/* End PBXNativeTarget section */

/* Begin PBXProject section */
		955CA5D1239616AE00679634 /* Project object */ = {
			isa = PBXProject;
			attributes = {
				LastSwiftUpdateCheck = 1120;
				LastUpgradeCheck = 1120;
				ORGANIZATIONNAME = clarknt;
				TargetAttributes = {
					955CA5D8239616AE00679634 = {
						CreatedOnToolsVersion = 11.2.1;
					};
				};
			};
			buildConfigurationList = 955CA5D4239616AE00679634 /* Build configuration list for PBXProject "Project13" */;
			compatibilityVersion = "Xcode 9.3";
			developmentRegion = en;
			hasScannedForEncodings = 0;
			knownRegions = (
				en,
				Base,
			);
			mainGroup = 955CA5D0239616AE00679634;
			productRefGroup = 955CA5DA239616AE00679634 /* Products */;
			projectDirPath = "";
			projectRoot = "";
			targets = (
				955CA5D8239616AE00679634 /* Project13 */,
			);
		};
/* End PBXProject section */

/* Begin PBXResourcesBuildPhase section */
		955CA5D7239616AE00679634 /* Resources */ = {
			isa = PBXResourcesBuildPhase;
			buildActionMask = 2147483647;
			files = (
				955CA5E9239616B000679634 /* LaunchScreen.storyboard in Resources */,
				955CA5E6239616B000679634 /* Preview Assets.xcassets in Resources */,
				955CA5E3239616B000679634 /* Assets.xcassets in Resources */,
			);
			runOnlyForDeploymentPostprocessing = 0;
		};
/* End PBXResourcesBuildPhase section */

/* Begin PBXSourcesBuildPhase section */
		955CA5D5239616AE00679634 /* Sources */ = {
			isa = PBXSourcesBuildPhase;
			buildActionMask = 2147483647;
			files = (
				9506C34D23976481005C35B5 /* UIViewControllerSwiftUI.swift in Sources */,
				955CA5F523961EDC00679634 /* MultipleOptionSheet.swift in Sources */,
				955CA5F323961B7400679634 /* CustomBinding.swift in Sources */,
				95382DDA2398162D00D3E4E2 /* ImagePicker.swift in Sources */,
				955CA5DD239616AE00679634 /* AppDelegate.swift in Sources */,
				9506C34B239763BE005C35B5 /* ImagePickerIntroduction.swift in Sources */,
				955CA5DF239616AE00679634 /* SceneDelegate.swift in Sources */,
				95382DDC23984C8E00D3E4E2 /* ImageSaver.swift in Sources */,
				9506C349239723D9005C35B5 /* CoreImageSwiftUI.swift in Sources */,
				955CA5E1239616AE00679634 /* ContentView.swift in Sources */,
			);
			runOnlyForDeploymentPostprocessing = 0;
		};
/* End PBXSourcesBuildPhase section */

/* Begin PBXVariantGroup section */
		955CA5E7239616B000679634 /* LaunchScreen.storyboard */ = {
			isa = PBXVariantGroup;
			children = (
				955CA5E8239616B000679634 /* Base */,
			);
			name = LaunchScreen.storyboard;
			sourceTree = "<group>";
		};
/* End PBXVariantGroup section */

/* Begin XCBuildConfiguration section */
		955CA5EB239616B000679634 /* Debug */ = {
			isa = XCBuildConfiguration;
			buildSettings = {
				ALWAYS_SEARCH_USER_PATHS = NO;
				CLANG_ANALYZER_NONNULL = YES;
				CLANG_ANALYZER_NUMBER_OBJECT_CONVERSION = YES_AGGRESSIVE;
				CLANG_CXX_LANGUAGE_STANDARD = "gnu++14";
				CLANG_CXX_LIBRARY = "libc++";
				CLANG_ENABLE_MODULES = YES;
				CLANG_ENABLE_OBJC_ARC = YES;
				CLANG_ENABLE_OBJC_WEAK = YES;
				CLANG_WARN_BLOCK_CAPTURE_AUTORELEASING = YES;
				CLANG_WARN_BOOL_CONVERSION = YES;
				CLANG_WARN_COMMA = YES;
				CLANG_WARN_CONSTANT_CONVERSION = YES;
				CLANG_WARN_DEPRECATED_OBJC_IMPLEMENTATIONS = YES;
				CLANG_WARN_DIRECT_OBJC_ISA_USAGE = YES_ERROR;
				CLANG_WARN_DOCUMENTATION_COMMENTS = YES;
				CLANG_WARN_EMPTY_BODY = YES;
				CLANG_WARN_ENUM_CONVERSION = YES;
				CLANG_WARN_INFINITE_RECURSION = YES;
				CLANG_WARN_INT_CONVERSION = YES;
				CLANG_WARN_NON_LITERAL_NULL_CONVERSION = YES;
				CLANG_WARN_OBJC_IMPLICIT_RETAIN_SELF = YES;
				CLANG_WARN_OBJC_LITERAL_CONVERSION = YES;
				CLANG_WARN_OBJC_ROOT_CLASS = YES_ERROR;
				CLANG_WARN_RANGE_LOOP_ANALYSIS = YES;
				CLANG_WARN_STRICT_PROTOTYPES = YES;
				CLANG_WARN_SUSPICIOUS_MOVE = YES;
				CLANG_WARN_UNGUARDED_AVAILABILITY = YES_AGGRESSIVE;
				CLANG_WARN_UNREACHABLE_CODE = YES;
				CLANG_WARN__DUPLICATE_METHOD_MATCH = YES;
				COPY_PHASE_STRIP = NO;
				DEBUG_INFORMATION_FORMAT = dwarf;
				ENABLE_STRICT_OBJC_MSGSEND = YES;
				ENABLE_TESTABILITY = YES;
				GCC_C_LANGUAGE_STANDARD = gnu11;
				GCC_DYNAMIC_NO_PIC = NO;
				GCC_NO_COMMON_BLOCKS = YES;
				GCC_OPTIMIZATION_LEVEL = 0;
				GCC_PREPROCESSOR_DEFINITIONS = (
					"DEBUG=1",
					"$(inherited)",
				);
				GCC_WARN_64_TO_32_BIT_CONVERSION = YES;
				GCC_WARN_ABOUT_RETURN_TYPE = YES_ERROR;
				GCC_WARN_UNDECLARED_SELECTOR = YES;
				GCC_WARN_UNINITIALIZED_AUTOS = YES_AGGRESSIVE;
				GCC_WARN_UNUSED_FUNCTION = YES;
				GCC_WARN_UNUSED_VARIABLE = YES;
				IPHONEOS_DEPLOYMENT_TARGET = 13.2;
				MTL_ENABLE_DEBUG_INFO = INCLUDE_SOURCE;
				MTL_FAST_MATH = YES;
				ONLY_ACTIVE_ARCH = YES;
				SDKROOT = iphoneos;
				SWIFT_ACTIVE_COMPILATION_CONDITIONS = DEBUG;
				SWIFT_OPTIMIZATION_LEVEL = "-Onone";
			};
			name = Debug;
		};
		955CA5EC239616B000679634 /* Release */ = {
			isa = XCBuildConfiguration;
			buildSettings = {
				ALWAYS_SEARCH_USER_PATHS = NO;
				CLANG_ANALYZER_NONNULL = YES;
				CLANG_ANALYZER_NUMBER_OBJECT_CONVERSION = YES_AGGRESSIVE;
				CLANG_CXX_LANGUAGE_STANDARD = "gnu++14";
				CLANG_CXX_LIBRARY = "libc++";
				CLANG_ENABLE_MODULES = YES;
				CLANG_ENABLE_OBJC_ARC = YES;
				CLANG_ENABLE_OBJC_WEAK = YES;
				CLANG_WARN_BLOCK_CAPTURE_AUTORELEASING = YES;
				CLANG_WARN_BOOL_CONVERSION = YES;
				CLANG_WARN_COMMA = YES;
				CLANG_WARN_CONSTANT_CONVERSION = YES;
				CLANG_WARN_DEPRECATED_OBJC_IMPLEMENTATIONS = YES;
				CLANG_WARN_DIRECT_OBJC_ISA_USAGE = YES_ERROR;
				CLANG_WARN_DOCUMENTATION_COMMENTS = YES;
				CLANG_WARN_EMPTY_BODY = YES;
				CLANG_WARN_ENUM_CONVERSION = YES;
				CLANG_WARN_INFINITE_RECURSION = YES;
				CLANG_WARN_INT_CONVERSION = YES;
				CLANG_WARN_NON_LITERAL_NULL_CONVERSION = YES;
				CLANG_WARN_OBJC_IMPLICIT_RETAIN_SELF = YES;
				CLANG_WARN_OBJC_LITERAL_CONVERSION = YES;
				CLANG_WARN_OBJC_ROOT_CLASS = YES_ERROR;
				CLANG_WARN_RANGE_LOOP_ANALYSIS = YES;
				CLANG_WARN_STRICT_PROTOTYPES = YES;
				CLANG_WARN_SUSPICIOUS_MOVE = YES;
				CLANG_WARN_UNGUARDED_AVAILABILITY = YES_AGGRESSIVE;
				CLANG_WARN_UNREACHABLE_CODE = YES;
				CLANG_WARN__DUPLICATE_METHOD_MATCH = YES;
				COPY_PHASE_STRIP = NO;
				DEBUG_INFORMATION_FORMAT = "dwarf-with-dsym";
				ENABLE_NS_ASSERTIONS = NO;
				ENABLE_STRICT_OBJC_MSGSEND = YES;
				GCC_C_LANGUAGE_STANDARD = gnu11;
				GCC_NO_COMMON_BLOCKS = YES;
				GCC_WARN_64_TO_32_BIT_CONVERSION = YES;
				GCC_WARN_ABOUT_RETURN_TYPE = YES_ERROR;
				GCC_WARN_UNDECLARED_SELECTOR = YES;
				GCC_WARN_UNINITIALIZED_AUTOS = YES_AGGRESSIVE;
				GCC_WARN_UNUSED_FUNCTION = YES;
				GCC_WARN_UNUSED_VARIABLE = YES;
				IPHONEOS_DEPLOYMENT_TARGET = 13.2;
				MTL_ENABLE_DEBUG_INFO = NO;
				MTL_FAST_MATH = YES;
				SDKROOT = iphoneos;
				SWIFT_COMPILATION_MODE = wholemodule;
				SWIFT_OPTIMIZATION_LEVEL = "-O";
				VALIDATE_PRODUCT = YES;
			};
			name = Release;
		};
		955CA5EE239616B000679634 /* Debug */ = {
			isa = XCBuildConfiguration;
			buildSettings = {
				ASSETCATALOG_COMPILER_APPICON_NAME = AppIcon;
				CODE_SIGN_STYLE = Automatic;
				DEVELOPMENT_ASSET_PATHS = "\"Project13/Preview Content\"";
				DEVELOPMENT_TEAM = "";
				ENABLE_PREVIEWS = YES;
				INFOPLIST_FILE = Project13/Info.plist;
				LD_RUNPATH_SEARCH_PATHS = (
					"$(inherited)",
					"@executable_path/Frameworks",
				);
				PRODUCT_BUNDLE_IDENTIFIER = "clarknt.100-days-of-swiftui.Project13";
				PRODUCT_NAME = "$(TARGET_NAME)";
				SWIFT_VERSION = 5.0;
				TARGETED_DEVICE_FAMILY = "1,2";
			};
			name = Debug;
		};
		955CA5EF239616B000679634 /* Release */ = {
			isa = XCBuildConfiguration;
			buildSettings = {
				ASSETCATALOG_COMPILER_APPICON_NAME = AppIcon;
				CODE_SIGN_STYLE = Automatic;
				DEVELOPMENT_ASSET_PATHS = "\"Project13/Preview Content\"";
				DEVELOPMENT_TEAM = "";
				ENABLE_PREVIEWS = YES;
				INFOPLIST_FILE = Project13/Info.plist;
				LD_RUNPATH_SEARCH_PATHS = (
					"$(inherited)",
					"@executable_path/Frameworks",
				);
				PRODUCT_BUNDLE_IDENTIFIER = "clarknt.100-days-of-swiftui.Project13";
				PRODUCT_NAME = "$(TARGET_NAME)";
				SWIFT_VERSION = 5.0;
				TARGETED_DEVICE_FAMILY = "1,2";
			};
			name = Release;
		};
/* End XCBuildConfiguration section */

/* Begin XCConfigurationList section */
		955CA5D4239616AE00679634 /* Build configuration list for PBXProject "Project13" */ = {
			isa = XCConfigurationList;
			buildConfigurations = (
				955CA5EB239616B000679634 /* Debug */,
				955CA5EC239616B000679634 /* Release */,
			);
			defaultConfigurationIsVisible = 0;
			defaultConfigurationName = Release;
		};
		955CA5ED239616B000679634 /* Build configuration list for PBXNativeTarget "Project13" */ = {
			isa = XCConfigurationList;
			buildConfigurations = (
				955CA5EE239616B000679634 /* Debug */,
				955CA5EF239616B000679634 /* Release */,
			);
			defaultConfigurationIsVisible = 0;
			defaultConfigurationName = Release;
		};
/* End XCConfigurationList section */
	};
	rootObject = 955CA5D1239616AE00679634 /* Project object */;
}
