// !$*UTF8*$!
{
	archiveVersion = 1;
	classes = {
	};
	objectVersion = 52;
	objects = {

/* Begin PBXBuildFile section */
		952C64B723BA9F6600964332 /* Prospect.swift in Sources */ = {isa = PBXBuildFile; fileRef = 952C64B623BA9F6600964332 /* Prospect.swift */; };
		952C64BA23BAB9F200964332 /* CodeScanner in Frameworks */ = {isa = PBXBuildFile; productRef = 952C64B923BAB9F200964332 /* CodeScanner */; };
		952E693123AC2E0000B5BF04 /* AppDelegate.swift in Sources */ = {isa = PBXBuildFile; fileRef = 952E693023AC2E0000B5BF04 /* AppDelegate.swift */; };
		952E693323AC2E0000B5BF04 /* SceneDelegate.swift in Sources */ = {isa = PBXBuildFile; fileRef = 952E693223AC2E0000B5BF04 /* SceneDelegate.swift */; };
		952E693523AC2E0000B5BF04 /* ContentView.swift in Sources */ = {isa = PBXBuildFile; fileRef = 952E693423AC2E0000B5BF04 /* ContentView.swift */; };
		952E693723AC2E0100B5BF04 /* Assets.xcassets in Resources */ = {isa = PBXBuildFile; fileRef = 952E693623AC2E0100B5BF04 /* Assets.xcassets */; };
		952E693A23AC2E0100B5BF04 /* Preview Assets.xcassets in Resources */ = {isa = PBXBuildFile; fileRef = 952E693923AC2E0100B5BF04 /* Preview Assets.xcassets */; };
		952E693D23AC2E0100B5BF04 /* LaunchScreen.storyboard in Resources */ = {isa = PBXBuildFile; fileRef = 952E693B23AC2E0100B5BF04 /* LaunchScreen.storyboard */; };
		952E694823AC2EF500B5BF04 /* CustomEnvionment.swift in Sources */ = {isa = PBXBuildFile; fileRef = 952E694723AC2EF500B5BF04 /* CustomEnvionment.swift */; };
		9537ACAB23B279860062D639 /* ProspectsView.swift in Sources */ = {isa = PBXBuildFile; fileRef = 9537ACAA23B279860062D639 /* ProspectsView.swift */; };
		9537ACAD23B279960062D639 /* MeView.swift in Sources */ = {isa = PBXBuildFile; fileRef = 9537ACAC23B279960062D639 /* MeView.swift */; };
		9538400823ADD9A600EE3CAF /* Tabs.swift in Sources */ = {isa = PBXBuildFile; fileRef = 9538400723ADD9A600EE3CAF /* Tabs.swift */; };
		9538400A23ADDD4700EE3CAF /* ResultType.swift in Sources */ = {isa = PBXBuildFile; fileRef = 9538400923ADDD4700EE3CAF /* ResultType.swift */; };
		9538400C23ADE4BB00EE3CAF /* ManualPublishing.swift in Sources */ = {isa = PBXBuildFile; fileRef = 9538400B23ADE4BB00EE3CAF /* ManualPublishing.swift */; };
		956AA60C23B06F9700166D77 /* ImageInterpolation.swift in Sources */ = {isa = PBXBuildFile; fileRef = 956AA60B23B06F9700166D77 /* ImageInterpolation.swift */; };
		956AA60E23B071AC00166D77 /* ContextMenus.swift in Sources */ = {isa = PBXBuildFile; fileRef = 956AA60D23B071AC00166D77 /* ContextMenus.swift */; };
		956AA61023B073E100166D77 /* LocalNotifications.swift in Sources */ = {isa = PBXBuildFile; fileRef = 956AA60F23B073E100166D77 /* LocalNotifications.swift */; };
		956AA61323B07A0E00166D77 /* SamplePackage in Frameworks */ = {isa = PBXBuildFile; productRef = 956AA61223B07A0E00166D77 /* SamplePackage */; };
		956C308423B0847A00BAEF8D /* SwiftPackageDependencies.swift in Sources */ = {isa = PBXBuildFile; fileRef = 956C308323B0847A00BAEF8D /* SwiftPackageDependencies.swift */; };
/* End PBXBuildFile section */

/* Begin PBXFileReference section */
		952C64B623BA9F6600964332 /* Prospect.swift */ = {isa = PBXFileReference; lastKnownFileType = sourcecode.swift; path = Prospect.swift; sourceTree = "<group>"; };
		952E692D23AC2E0000B5BF04 /* Project16.app */ = {isa = PBXFileReference; explicitFileType = wrapper.application; includeInIndex = 0; path = Project16.app; sourceTree = BUILT_PRODUCTS_DIR; };
		952E693023AC2E0000B5BF04 /* AppDelegate.swift */ = {isa = PBXFileReference; lastKnownFileType = sourcecode.swift; path = AppDelegate.swift; sourceTree = "<group>"; };
		952E693223AC2E0000B5BF04 /* SceneDelegate.swift */ = {isa = PBXFileReference; lastKnownFileType = sourcecode.swift; path = SceneDelegate.swift; sourceTree = "<group>"; };
		952E693423AC2E0000B5BF04 /* ContentView.swift */ = {isa = PBXFileReference; lastKnownFileType = sourcecode.swift; path = ContentView.swift; sourceTree = "<group>"; };
		952E693623AC2E0100B5BF04 /* Assets.xcassets */ = {isa = PBXFileReference; lastKnownFileType = folder.assetcatalog; path = Assets.xcassets; sourceTree = "<group>"; };
		952E693923AC2E0100B5BF04 /* Preview Assets.xcassets */ = {isa = PBXFileReference; lastKnownFileType = folder.assetcatalog; path = "Preview Assets.xcassets"; sourceTree = "<group>"; };
		952E693C23AC2E0100B5BF04 /* Base */ = {isa = PBXFileReference; lastKnownFileType = file.storyboard; name = Base; path = Base.lproj/LaunchScreen.storyboard; sourceTree = "<group>"; };
		952E693E23AC2E0100B5BF04 /* Info.plist */ = {isa = PBXFileReference; lastKnownFileType = text.plist.xml; path = Info.plist; sourceTree = "<group>"; };
		952E694723AC2EF500B5BF04 /* CustomEnvionment.swift */ = {isa = PBXFileReference; lastKnownFileType = sourcecode.swift; path = CustomEnvionment.swift; sourceTree = "<group>"; };
		9537ACAA23B279860062D639 /* ProspectsView.swift */ = {isa = PBXFileReference; lastKnownFileType = sourcecode.swift; path = ProspectsView.swift; sourceTree = "<group>"; };
		9537ACAC23B279960062D639 /* MeView.swift */ = {isa = PBXFileReference; lastKnownFileType = sourcecode.swift; path = MeView.swift; sourceTree = "<group>"; };
		9538400723ADD9A600EE3CAF /* Tabs.swift */ = {isa = PBXFileReference; lastKnownFileType = sourcecode.swift; path = Tabs.swift; sourceTree = "<group>"; };
		9538400923ADDD4700EE3CAF /* ResultType.swift */ = {isa = PBXFileReference; lastKnownFileType = sourcecode.swift; path = ResultType.swift; sourceTree = "<group>"; };
		9538400B23ADE4BB00EE3CAF /* ManualPublishing.swift */ = {isa = PBXFileReference; lastKnownFileType = sourcecode.swift; path = ManualPublishing.swift; sourceTree = "<group>"; };
		956AA60B23B06F9700166D77 /* ImageInterpolation.swift */ = {isa = PBXFileReference; lastKnownFileType = sourcecode.swift; path = ImageInterpolation.swift; sourceTree = "<group>"; };
		956AA60D23B071AC00166D77 /* ContextMenus.swift */ = {isa = PBXFileReference; lastKnownFileType = sourcecode.swift; path = ContextMenus.swift; sourceTree = "<group>"; };
		956AA60F23B073E100166D77 /* LocalNotifications.swift */ = {isa = PBXFileReference; lastKnownFileType = sourcecode.swift; path = LocalNotifications.swift; sourceTree = "<group>"; };
		956C308323B0847A00BAEF8D /* SwiftPackageDependencies.swift */ = {isa = PBXFileReference; lastKnownFileType = sourcecode.swift; path = SwiftPackageDependencies.swift; sourceTree = "<group>"; };
/* End PBXFileReference section */

/* Begin PBXFrameworksBuildPhase section */
		952E692A23AC2E0000B5BF04 /* Frameworks */ = {
			isa = PBXFrameworksBuildPhase;
			buildActionMask = 2147483647;
			files = (
				952C64BA23BAB9F200964332 /* CodeScanner in Frameworks */,
				956AA61323B07A0E00166D77 /* SamplePackage in Frameworks */,
			);
			runOnlyForDeploymentPostprocessing = 0;
		};
/* End PBXFrameworksBuildPhase section */

/* Begin PBXGroup section */
		952C64B523BA9F4F00964332 /* Model */ = {
			isa = PBXGroup;
			children = (
				952C64B623BA9F6600964332 /* Prospect.swift */,
			);
			path = Model;
			sourceTree = "<group>";
		};
		952E692423AC2E0000B5BF04 = {
			isa = PBXGroup;
			children = (
				952E692F23AC2E0000B5BF04 /* Project16 */,
				952E692E23AC2E0000B5BF04 /* Products */,
			);
			sourceTree = "<group>";
		};
		952E692E23AC2E0000B5BF04 /* Products */ = {
			isa = PBXGroup;
			children = (
				952E692D23AC2E0000B5BF04 /* Project16.app */,
			);
			name = Products;
			sourceTree = "<group>";
		};
		952E692F23AC2E0000B5BF04 /* Project16 */ = {
			isa = PBXGroup;
			children = (
				9537ACAF23B279AF0062D639 /* Init */,
				952E694423AC2EC500B5BF04 /* Introduction */,
				952C64B523BA9F4F00964332 /* Model */,
				9537ACAE23B2799C0062D639 /* View */,
				952E693623AC2E0100B5BF04 /* Assets.xcassets */,
				952E693E23AC2E0100B5BF04 /* Info.plist */,
				952E693823AC2E0100B5BF04 /* Preview Content */,
			);
			path = Project16;
			sourceTree = "<group>";
		};
		952E693823AC2E0100B5BF04 /* Preview Content */ = {
			isa = PBXGroup;
			children = (
				952E693923AC2E0100B5BF04 /* Preview Assets.xcassets */,
			);
			path = "Preview Content";
			sourceTree = "<group>";
		};
		952E694423AC2EC500B5BF04 /* Introduction */ = {
			isa = PBXGroup;
			children = (
				952E694723AC2EF500B5BF04 /* CustomEnvionment.swift */,
				9538400723ADD9A600EE3CAF /* Tabs.swift */,
				9538400923ADDD4700EE3CAF /* ResultType.swift */,
				9538400B23ADE4BB00EE3CAF /* ManualPublishing.swift */,
				956AA60B23B06F9700166D77 /* ImageInterpolation.swift */,
				956AA60D23B071AC00166D77 /* ContextMenus.swift */,
				956AA60F23B073E100166D77 /* LocalNotifications.swift */,
				956C308323B0847A00BAEF8D /* SwiftPackageDependencies.swift */,
			);
			path = Introduction;
			sourceTree = "<group>";
		};
		9537ACAE23B2799C0062D639 /* View */ = {
			isa = PBXGroup;
			children = (
				952E693423AC2E0000B5BF04 /* ContentView.swift */,
				9537ACAA23B279860062D639 /* ProspectsView.swift */,
				9537ACAC23B279960062D639 /* MeView.swift */,
			);
			path = View;
			sourceTree = "<group>";
		};
		9537ACAF23B279AF0062D639 /* Init */ = {
			isa = PBXGroup;
			children = (
				952E693023AC2E0000B5BF04 /* AppDelegate.swift */,
				952E693223AC2E0000B5BF04 /* SceneDelegate.swift */,
				952E693B23AC2E0100B5BF04 /* LaunchScreen.storyboard */,
			);
			path = Init;
			sourceTree = "<group>";
		};
/* End PBXGroup section */

/* Begin PBXNativeTarget section */
		952E692C23AC2E0000B5BF04 /* Project16 */ = {
			isa = PBXNativeTarget;
			buildConfigurationList = 952E694123AC2E0100B5BF04 /* Build configuration list for PBXNativeTarget "Project16" */;
			buildPhases = (
				952E692923AC2E0000B5BF04 /* Sources */,
				952E692A23AC2E0000B5BF04 /* Frameworks */,
				952E692B23AC2E0000B5BF04 /* Resources */,
			);
			buildRules = (
			);
			dependencies = (
			);
			name = Project16;
			packageProductDependencies = (
				956AA61223B07A0E00166D77 /* SamplePackage */,
				952C64B923BAB9F200964332 /* CodeScanner */,
			);
			productName = Project16;
			productReference = 952E692D23AC2E0000B5BF04 /* Project16.app */;
			productType = "com.apple.product-type.application";
		};
/* End PBXNativeTarget section */

/* Begin PBXProject section */
		952E692523AC2E0000B5BF04 /* Project object */ = {
			isa = PBXProject;
			attributes = {
				LastSwiftUpdateCheck = 1120;
				LastUpgradeCheck = 1120;
				ORGANIZATIONNAME = clarknt;
				TargetAttributes = {
					952E692C23AC2E0000B5BF04 = {
						CreatedOnToolsVersion = 11.2.1;
					};
				};
			};
			buildConfigurationList = 952E692823AC2E0000B5BF04 /* Build configuration list for PBXProject "Project16" */;
			compatibilityVersion = "Xcode 9.3";
			developmentRegion = en;
			hasScannedForEncodings = 0;
			knownRegions = (
				en,
				Base,
			);
			mainGroup = 952E692423AC2E0000B5BF04;
			packageReferences = (
				956AA61123B07A0E00166D77 /* XCRemoteSwiftPackageReference "SamplePackage" */,
				952C64B823BAB9F200964332 /* XCRemoteSwiftPackageReference "CodeScanner" */,
			);
			productRefGroup = 952E692E23AC2E0000B5BF04 /* Products */;
			projectDirPath = "";
			projectRoot = "";
			targets = (
				952E692C23AC2E0000B5BF04 /* Project16 */,
			);
		};
/* End PBXProject section */

/* Begin PBXResourcesBuildPhase section */
		952E692B23AC2E0000B5BF04 /* Resources */ = {
			isa = PBXResourcesBuildPhase;
			buildActionMask = 2147483647;
			files = (
				952E693D23AC2E0100B5BF04 /* LaunchScreen.storyboard in Resources */,
				952E693A23AC2E0100B5BF04 /* Preview Assets.xcassets in Resources */,
				952E693723AC2E0100B5BF04 /* Assets.xcassets in Resources */,
			);
			runOnlyForDeploymentPostprocessing = 0;
		};
/* End PBXResourcesBuildPhase section */

/* Begin PBXSourcesBuildPhase section */
		952E692923AC2E0000B5BF04 /* Sources */ = {
			isa = PBXSourcesBuildPhase;
			buildActionMask = 2147483647;
			files = (
				9537ACAB23B279860062D639 /* ProspectsView.swift in Sources */,
				956C308423B0847A00BAEF8D /* SwiftPackageDependencies.swift in Sources */,
				952E693123AC2E0000B5BF04 /* AppDelegate.swift in Sources */,
				952C64B723BA9F6600964332 /* Prospect.swift in Sources */,
				9538400C23ADE4BB00EE3CAF /* ManualPublishing.swift in Sources */,
				952E693323AC2E0000B5BF04 /* SceneDelegate.swift in Sources */,
				952E693523AC2E0000B5BF04 /* ContentView.swift in Sources */,
				9538400823ADD9A600EE3CAF /* Tabs.swift in Sources */,
				956AA60E23B071AC00166D77 /* ContextMenus.swift in Sources */,
				9538400A23ADDD4700EE3CAF /* ResultType.swift in Sources */,
				956AA60C23B06F9700166D77 /* ImageInterpolation.swift in Sources */,
				956AA61023B073E100166D77 /* LocalNotifications.swift in Sources */,
				952E694823AC2EF500B5BF04 /* CustomEnvionment.swift in Sources */,
				9537ACAD23B279960062D639 /* MeView.swift in Sources */,
			);
			runOnlyForDeploymentPostprocessing = 0;
		};
/* End PBXSourcesBuildPhase section */

/* Begin PBXVariantGroup section */
		952E693B23AC2E0100B5BF04 /* LaunchScreen.storyboard */ = {
			isa = PBXVariantGroup;
			children = (
				952E693C23AC2E0100B5BF04 /* Base */,
			);
			name = LaunchScreen.storyboard;
			sourceTree = "<group>";
		};
/* End PBXVariantGroup section */

/* Begin XCBuildConfiguration section */
		952E693F23AC2E0100B5BF04 /* Debug */ = {
			isa = XCBuildConfiguration;
			buildSettings = {
				ALWAYS_SEARCH_USER_PATHS = NO;
				CLANG_ANALYZER_NONNULL = YES;
				CLANG_ANALYZER_NUMBER_OBJECT_CONVERSION = YES_AGGRESSIVE;
				CLANG_CXX_LANGUAGE_STANDARD = "gnu++14";
				CLANG_CXX_LIBRARY = "libc++";
				CLANG_ENABLE_MODULES = YES;
				CLANG_ENABLE_OBJC_ARC = YES;
				CLANG_ENABLE_OBJC_WEAK = YES;
				CLANG_WARN_BLOCK_CAPTURE_AUTORELEASING = YES;
				CLANG_WARN_BOOL_CONVERSION = YES;
				CLANG_WARN_COMMA = YES;
				CLANG_WARN_CONSTANT_CONVERSION = YES;
				CLANG_WARN_DEPRECATED_OBJC_IMPLEMENTATIONS = YES;
				CLANG_WARN_DIRECT_OBJC_ISA_USAGE = YES_ERROR;
				CLANG_WARN_DOCUMENTATION_COMMENTS = YES;
				CLANG_WARN_EMPTY_BODY = YES;
				CLANG_WARN_ENUM_CONVERSION = YES;
				CLANG_WARN_INFINITE_RECURSION = YES;
				CLANG_WARN_INT_CONVERSION = YES;
				CLANG_WARN_NON_LITERAL_NULL_CONVERSION = YES;
				CLANG_WARN_OBJC_IMPLICIT_RETAIN_SELF = YES;
				CLANG_WARN_OBJC_LITERAL_CONVERSION = YES;
				CLANG_WARN_OBJC_ROOT_CLASS = YES_ERROR;
				CLANG_WARN_RANGE_LOOP_ANALYSIS = YES;
				CLANG_WARN_STRICT_PROTOTYPES = YES;
				CLANG_WARN_SUSPICIOUS_MOVE = YES;
				CLANG_WARN_UNGUARDED_AVAILABILITY = YES_AGGRESSIVE;
				CLANG_WARN_UNREACHABLE_CODE = YES;
				CLANG_WARN__DUPLICATE_METHOD_MATCH = YES;
				COPY_PHASE_STRIP = NO;
				DEBUG_INFORMATION_FORMAT = dwarf;
				ENABLE_STRICT_OBJC_MSGSEND = YES;
				ENABLE_TESTABILITY = YES;
				GCC_C_LANGUAGE_STANDARD = gnu11;
				GCC_DYNAMIC_NO_PIC = NO;
				GCC_NO_COMMON_BLOCKS = YES;
				GCC_OPTIMIZATION_LEVEL = 0;
				GCC_PREPROCESSOR_DEFINITIONS = (
					"DEBUG=1",
					"$(inherited)",
				);
				GCC_WARN_64_TO_32_BIT_CONVERSION = YES;
				GCC_WARN_ABOUT_RETURN_TYPE = YES_ERROR;
				GCC_WARN_UNDECLARED_SELECTOR = YES;
				GCC_WARN_UNINITIALIZED_AUTOS = YES_AGGRESSIVE;
				GCC_WARN_UNUSED_FUNCTION = YES;
				GCC_WARN_UNUSED_VARIABLE = YES;
				IPHONEOS_DEPLOYMENT_TARGET = 13.2;
				MTL_ENABLE_DEBUG_INFO = INCLUDE_SOURCE;
				MTL_FAST_MATH = YES;
				ONLY_ACTIVE_ARCH = YES;
				SDKROOT = iphoneos;
				SWIFT_ACTIVE_COMPILATION_CONDITIONS = DEBUG;
				SWIFT_OPTIMIZATION_LEVEL = "-Onone";
			};
			name = Debug;
		};
		952E694023AC2E0100B5BF04 /* Release */ = {
			isa = XCBuildConfiguration;
			buildSettings = {
				ALWAYS_SEARCH_USER_PATHS = NO;
				CLANG_ANALYZER_NONNULL = YES;
				CLANG_ANALYZER_NUMBER_OBJECT_CONVERSION = YES_AGGRESSIVE;
				CLANG_CXX_LANGUAGE_STANDARD = "gnu++14";
				CLANG_CXX_LIBRARY = "libc++";
				CLANG_ENABLE_MODULES = YES;
				CLANG_ENABLE_OBJC_ARC = YES;
				CLANG_ENABLE_OBJC_WEAK = YES;
				CLANG_WARN_BLOCK_CAPTURE_AUTORELEASING = YES;
				CLANG_WARN_BOOL_CONVERSION = YES;
				CLANG_WARN_COMMA = YES;
				CLANG_WARN_CONSTANT_CONVERSION = YES;
				CLANG_WARN_DEPRECATED_OBJC_IMPLEMENTATIONS = YES;
				CLANG_WARN_DIRECT_OBJC_ISA_USAGE = YES_ERROR;
				CLANG_WARN_DOCUMENTATION_COMMENTS = YES;
				CLANG_WARN_EMPTY_BODY = YES;
				CLANG_WARN_ENUM_CONVERSION = YES;
				CLANG_WARN_INFINITE_RECURSION = YES;
				CLANG_WARN_INT_CONVERSION = YES;
				CLANG_WARN_NON_LITERAL_NULL_CONVERSION = YES;
				CLANG_WARN_OBJC_IMPLICIT_RETAIN_SELF = YES;
				CLANG_WARN_OBJC_LITERAL_CONVERSION = YES;
				CLANG_WARN_OBJC_ROOT_CLASS = YES_ERROR;
				CLANG_WARN_RANGE_LOOP_ANALYSIS = YES;
				CLANG_WARN_STRICT_PROTOTYPES = YES;
				CLANG_WARN_SUSPICIOUS_MOVE = YES;
				CLANG_WARN_UNGUARDED_AVAILABILITY = YES_AGGRESSIVE;
				CLANG_WARN_UNREACHABLE_CODE = YES;
				CLANG_WARN__DUPLICATE_METHOD_MATCH = YES;
				COPY_PHASE_STRIP = NO;
				DEBUG_INFORMATION_FORMAT = "dwarf-with-dsym";
				ENABLE_NS_ASSERTIONS = NO;
				ENABLE_STRICT_OBJC_MSGSEND = YES;
				GCC_C_LANGUAGE_STANDARD = gnu11;
				GCC_NO_COMMON_BLOCKS = YES;
				GCC_WARN_64_TO_32_BIT_CONVERSION = YES;
				GCC_WARN_ABOUT_RETURN_TYPE = YES_ERROR;
				GCC_WARN_UNDECLARED_SELECTOR = YES;
				GCC_WARN_UNINITIALIZED_AUTOS = YES_AGGRESSIVE;
				GCC_WARN_UNUSED_FUNCTION = YES;
				GCC_WARN_UNUSED_VARIABLE = YES;
				IPHONEOS_DEPLOYMENT_TARGET = 13.2;
				MTL_ENABLE_DEBUG_INFO = NO;
				MTL_FAST_MATH = YES;
				SDKROOT = iphoneos;
				SWIFT_COMPILATION_MODE = wholemodule;
				SWIFT_OPTIMIZATION_LEVEL = "-O";
				VALIDATE_PRODUCT = YES;
			};
			name = Release;
		};
		952E694223AC2E0100B5BF04 /* Debug */ = {
			isa = XCBuildConfiguration;
			buildSettings = {
				ASSETCATALOG_COMPILER_APPICON_NAME = AppIcon;
				CODE_SIGN_STYLE = Automatic;
				DEVELOPMENT_ASSET_PATHS = "\"Project16/Preview Content\"";
				DEVELOPMENT_TEAM = "";
				ENABLE_PREVIEWS = YES;
				INFOPLIST_FILE = Project16/Info.plist;
				LD_RUNPATH_SEARCH_PATHS = (
					"$(inherited)",
					"@executable_path/Frameworks",
				);
				PRODUCT_BUNDLE_IDENTIFIER = "clarknt.100-days-of-swiftui.Project16";
				PRODUCT_NAME = "$(TARGET_NAME)";
				SWIFT_VERSION = 5.0;
				TARGETED_DEVICE_FAMILY = "1,2";
			};
			name = Debug;
		};
		952E694323AC2E0100B5BF04 /* Release */ = {
			isa = XCBuildConfiguration;
			buildSettings = {
				ASSETCATALOG_COMPILER_APPICON_NAME = AppIcon;
				CODE_SIGN_STYLE = Automatic;
				DEVELOPMENT_ASSET_PATHS = "\"Project16/Preview Content\"";
				DEVELOPMENT_TEAM = "";
				ENABLE_PREVIEWS = YES;
				INFOPLIST_FILE = Project16/Info.plist;
				LD_RUNPATH_SEARCH_PATHS = (
					"$(inherited)",
					"@executable_path/Frameworks",
				);
				PRODUCT_BUNDLE_IDENTIFIER = "clarknt.100-days-of-swiftui.Project16";
				PRODUCT_NAME = "$(TARGET_NAME)";
				SWIFT_VERSION = 5.0;
				TARGETED_DEVICE_FAMILY = "1,2";
			};
			name = Release;
		};
/* End XCBuildConfiguration section */

/* Begin XCConfigurationList section */
		952E692823AC2E0000B5BF04 /* Build configuration list for PBXProject "Project16" */ = {
			isa = XCConfigurationList;
			buildConfigurations = (
				952E693F23AC2E0100B5BF04 /* Debug */,
				952E694023AC2E0100B5BF04 /* Release */,
			);
			defaultConfigurationIsVisible = 0;
			defaultConfigurationName = Release;
		};
		952E694123AC2E0100B5BF04 /* Build configuration list for PBXNativeTarget "Project16" */ = {
			isa = XCConfigurationList;
			buildConfigurations = (
				952E694223AC2E0100B5BF04 /* Debug */,
				952E694323AC2E0100B5BF04 /* Release */,
			);
			defaultConfigurationIsVisible = 0;
			defaultConfigurationName = Release;
		};
/* End XCConfigurationList section */

/* Begin XCRemoteSwiftPackageReference section */
		952C64B823BAB9F200964332 /* XCRemoteSwiftPackageReference "CodeScanner" */ = {
			isa = XCRemoteSwiftPackageReference;
			repositoryURL = "https://github.com/twostraws/CodeScanner";
			requirement = {
				kind = upToNextMajorVersion;
				minimumVersion = 1.0.1;
			};
		};
		956AA61123B07A0E00166D77 /* XCRemoteSwiftPackageReference "SamplePackage" */ = {
			isa = XCRemoteSwiftPackageReference;
			repositoryURL = "https://github.com/twostraws/SamplePackage";
			requirement = {
				kind = upToNextMajorVersion;
				minimumVersion = 1.0.0;
			};
		};
/* End XCRemoteSwiftPackageReference section */

/* Begin XCSwiftPackageProductDependency section */
		952C64B923BAB9F200964332 /* CodeScanner */ = {
			isa = XCSwiftPackageProductDependency;
			package = 952C64B823BAB9F200964332 /* XCRemoteSwiftPackageReference "CodeScanner" */;
			productName = CodeScanner;
		};
		956AA61223B07A0E00166D77 /* SamplePackage */ = {
			isa = XCSwiftPackageProductDependency;
			package = 956AA61123B07A0E00166D77 /* XCRemoteSwiftPackageReference "SamplePackage" */;
			productName = SamplePackage;
		};
/* End XCSwiftPackageProductDependency section */
	};
	rootObject = 952E692523AC2E0000B5BF04 /* Project object */;
}
