// !$*UTF8*$!
{
	archiveVersion = 1;
	classes = {
	};
	objectVersion = 50;
	objects = {

/* Begin PBXBuildFile section */
		952FE69F23E790A2001069E5 /* Pickers.swift in Sources */ = {isa = PBXBuildFile; fileRef = 952FE69E23E790A2001069E5 /* Pickers.swift */; };
		952FE6A123E79323001069E5 /* RollsList.swift in Sources */ = {isa = PBXBuildFile; fileRef = 952FE6A023E79323001069E5 /* RollsList.swift */; };
		952FE6A323E796AC001069E5 /* RollButton.swift in Sources */ = {isa = PBXBuildFile; fileRef = 952FE6A223E796AC001069E5 /* RollButton.swift */; };
		952FE6A623E7AEA4001069E5 /* DieAnimatableModifier.swift in Sources */ = {isa = PBXBuildFile; fileRef = 952FE6A523E7AEA4001069E5 /* DieAnimatableModifier.swift */; };
		95301D0823DE3C74001A805E /* Roll.swift in Sources */ = {isa = PBXBuildFile; fileRef = 95301D0723DE3C74001A805E /* Roll.swift */; };
		95301D0B23DE3E0B001A805E /* Milestone-Projects16-18.xcdatamodeld in Sources */ = {isa = PBXBuildFile; fileRef = 95301D0923DE3E0B001A805E /* Milestone-Projects16-18.xcdatamodeld */; };
		95301D1E23DE52EE001A805E /* CoreDataRolls.swift in Sources */ = {isa = PBXBuildFile; fileRef = 95301D1D23DE52EE001A805E /* CoreDataRolls.swift */; };
		95301D3D23DE80AF001A805E /* CoreDataRoll+CoreDataClass.swift in Sources */ = {isa = PBXBuildFile; fileRef = 95301D3B23DE80AF001A805E /* CoreDataRoll+CoreDataClass.swift */; };
		95301D3E23DE80AF001A805E /* CoreDataRoll+CoreDataProperties.swift in Sources */ = {isa = PBXBuildFile; fileRef = 95301D3C23DE80AF001A805E /* CoreDataRoll+CoreDataProperties.swift */; };
		95301D4023DE819D001A805E /* Rolls.swift in Sources */ = {isa = PBXBuildFile; fileRef = 95301D3F23DE819D001A805E /* Rolls.swift */; };
		95303CDC23D690CE003DCBB2 /* AppDelegate.swift in Sources */ = {isa = PBXBuildFile; fileRef = 95303CDB23D690CE003DCBB2 /* AppDelegate.swift */; };
		95303CDE23D690CE003DCBB2 /* SceneDelegate.swift in Sources */ = {isa = PBXBuildFile; fileRef = 95303CDD23D690CE003DCBB2 /* SceneDelegate.swift */; };
		95303CE023D690CE003DCBB2 /* MainView.swift in Sources */ = {isa = PBXBuildFile; fileRef = 95303CDF23D690CE003DCBB2 /* MainView.swift */; };
		95303CE223D690D1003DCBB2 /* Assets.xcassets in Resources */ = {isa = PBXBuildFile; fileRef = 95303CE123D690D1003DCBB2 /* Assets.xcassets */; };
		95303CE523D690D1003DCBB2 /* Preview Assets.xcassets in Resources */ = {isa = PBXBuildFile; fileRef = 95303CE423D690D1003DCBB2 /* Preview Assets.xcassets */; };
		95303CE823D690D1003DCBB2 /* LaunchScreen.storyboard in Resources */ = {isa = PBXBuildFile; fileRef = 95303CE623D690D1003DCBB2 /* LaunchScreen.storyboard */; };
		95303CF023D698F7003DCBB2 /* DieView.swift in Sources */ = {isa = PBXBuildFile; fileRef = 95303CEF23D698F7003DCBB2 /* DieView.swift */; };
		9587BA4823E7D79500B753CE /* DeleteHistoryModifier.swift in Sources */ = {isa = PBXBuildFile; fileRef = 9587BA4723E7D79500B753CE /* DeleteHistoryModifier.swift */; };
/* End PBXBuildFile section */

/* Begin PBXFileReference section */
		952FE69E23E790A2001069E5 /* Pickers.swift */ = {isa = PBXFileReference; lastKnownFileType = sourcecode.swift; path = Pickers.swift; sourceTree = "<group>"; };
		952FE6A023E79323001069E5 /* RollsList.swift */ = {isa = PBXFileReference; lastKnownFileType = sourcecode.swift; path = RollsList.swift; sourceTree = "<group>"; };
		952FE6A223E796AC001069E5 /* RollButton.swift */ = {isa = PBXFileReference; lastKnownFileType = sourcecode.swift; path = RollButton.swift; sourceTree = "<group>"; };
		952FE6A523E7AEA4001069E5 /* DieAnimatableModifier.swift */ = {isa = PBXFileReference; lastKnownFileType = sourcecode.swift; path = DieAnimatableModifier.swift; sourceTree = "<group>"; };
		95301D0723DE3C74001A805E /* Roll.swift */ = {isa = PBXFileReference; lastKnownFileType = sourcecode.swift; path = Roll.swift; sourceTree = "<group>"; };
		95301D0A23DE3E0B001A805E /* Milestone-Projects16-18.xcdatamodel */ = {isa = PBXFileReference; lastKnownFileType = wrapper.xcdatamodel; path = "Milestone-Projects16-18.xcdatamodel"; sourceTree = "<group>"; };
		95301D1D23DE52EE001A805E /* CoreDataRolls.swift */ = {isa = PBXFileReference; lastKnownFileType = sourcecode.swift; path = CoreDataRolls.swift; sourceTree = "<group>"; };
		95301D3B23DE80AF001A805E /* CoreDataRoll+CoreDataClass.swift */ = {isa = PBXFileReference; lastKnownFileType = sourcecode.swift; path = "CoreDataRoll+CoreDataClass.swift"; sourceTree = "<group>"; };
		95301D3C23DE80AF001A805E /* CoreDataRoll+CoreDataProperties.swift */ = {isa = PBXFileReference; lastKnownFileType = sourcecode.swift; path = "CoreDataRoll+CoreDataProperties.swift"; sourceTree = "<group>"; };
		95301D3F23DE819D001A805E /* Rolls.swift */ = {isa = PBXFileReference; lastKnownFileType = sourcecode.swift; path = Rolls.swift; sourceTree = "<group>"; };
		95303CD823D690CE003DCBB2 /* Milestone-Projects16-18.app */ = {isa = PBXFileReference; explicitFileType = wrapper.application; includeInIndex = 0; path = "Milestone-Projects16-18.app"; sourceTree = BUILT_PRODUCTS_DIR; };
		95303CDB23D690CE003DCBB2 /* AppDelegate.swift */ = {isa = PBXFileReference; lastKnownFileType = sourcecode.swift; path = AppDelegate.swift; sourceTree = "<group>"; };
		95303CDD23D690CE003DCBB2 /* SceneDelegate.swift */ = {isa = PBXFileReference; lastKnownFileType = sourcecode.swift; path = SceneDelegate.swift; sourceTree = "<group>"; };
		95303CDF23D690CE003DCBB2 /* MainView.swift */ = {isa = PBXFileReference; lastKnownFileType = sourcecode.swift; path = MainView.swift; sourceTree = "<group>"; };
		95303CE123D690D1003DCBB2 /* Assets.xcassets */ = {isa = PBXFileReference; lastKnownFileType = folder.assetcatalog; path = Assets.xcassets; sourceTree = "<group>"; };
		95303CE423D690D1003DCBB2 /* Preview Assets.xcassets */ = {isa = PBXFileReference; lastKnownFileType = folder.assetcatalog; path = "Preview Assets.xcassets"; sourceTree = "<group>"; };
		95303CE723D690D1003DCBB2 /* Base */ = {isa = PBXFileReference; lastKnownFileType = file.storyboard; name = Base; path = Base.lproj/LaunchScreen.storyboard; sourceTree = "<group>"; };
		95303CE923D690D1003DCBB2 /* Info.plist */ = {isa = PBXFileReference; lastKnownFileType = text.plist.xml; path = Info.plist; sourceTree = "<group>"; };
		95303CEF23D698F7003DCBB2 /* DieView.swift */ = {isa = PBXFileReference; lastKnownFileType = sourcecode.swift; path = DieView.swift; sourceTree = "<group>"; };
		9587BA4723E7D79500B753CE /* DeleteHistoryModifier.swift */ = {isa = PBXFileReference; lastKnownFileType = sourcecode.swift; path = DeleteHistoryModifier.swift; sourceTree = "<group>"; };
/* End PBXFileReference section */

/* Begin PBXFrameworksBuildPhase section */
		95303CD523D690CE003DCBB2 /* Frameworks */ = {
			isa = PBXFrameworksBuildPhase;
			buildActionMask = 2147483647;
			files = (
			);
			runOnlyForDeploymentPostprocessing = 0;
		};
/* End PBXFrameworksBuildPhase section */

/* Begin PBXGroup section */
		9503895E23D802CC00943456 /* View */ = {
			isa = PBXGroup;
			children = (
				952FE69D23E79086001069E5 /* MainView */,
				952FE6A423E7AE81001069E5 /* DieView */,
			);
			path = View;
			sourceTree = "<group>";
		};
		9503895F23D802E000943456 /* Init */ = {
			isa = PBXGroup;
			children = (
				95303CDB23D690CE003DCBB2 /* AppDelegate.swift */,
				95303CDD23D690CE003DCBB2 /* SceneDelegate.swift */,
				95303CE623D690D1003DCBB2 /* LaunchScreen.storyboard */,
			);
			path = Init;
			sourceTree = "<group>";
		};
		952FE69D23E79086001069E5 /* MainView */ = {
			isa = PBXGroup;
			children = (
				95303CDF23D690CE003DCBB2 /* MainView.swift */,
				952FE69E23E790A2001069E5 /* Pickers.swift */,
				952FE6A023E79323001069E5 /* RollsList.swift */,
				952FE6A223E796AC001069E5 /* RollButton.swift */,
				9587BA4723E7D79500B753CE /* DeleteHistoryModifier.swift */,
			);
			path = MainView;
			sourceTree = "<group>";
		};
		952FE6A423E7AE81001069E5 /* DieView */ = {
			isa = PBXGroup;
			children = (
				95303CEF23D698F7003DCBB2 /* DieView.swift */,
				952FE6A523E7AEA4001069E5 /* DieAnimatableModifier.swift */,
			);
			path = DieView;
			sourceTree = "<group>";
		};
		95301D0623DE3C63001A805E /* Model */ = {
			isa = PBXGroup;
			children = (
				95301D0C23DE5020001A805E /* CoreData */,
				95301D0723DE3C74001A805E /* Roll.swift */,
				95301D3F23DE819D001A805E /* Rolls.swift */,
			);
			path = Model;
			sourceTree = "<group>";
		};
		95301D0C23DE5020001A805E /* CoreData */ = {
			isa = PBXGroup;
			children = (
				95301D3B23DE80AF001A805E /* CoreDataRoll+CoreDataClass.swift */,
				95301D3C23DE80AF001A805E /* CoreDataRoll+CoreDataProperties.swift */,
				95301D0923DE3E0B001A805E /* Milestone-Projects16-18.xcdatamodeld */,
				95301D1D23DE52EE001A805E /* CoreDataRolls.swift */,
			);
			path = CoreData;
			sourceTree = "<group>";
		};
		95303CCF23D690CE003DCBB2 = {
			isa = PBXGroup;
			children = (
				95303CDA23D690CE003DCBB2 /* Milestone-Projects16-18 */,
				95303CD923D690CE003DCBB2 /* Products */,
			);
			sourceTree = "<group>";
		};
		95303CD923D690CE003DCBB2 /* Products */ = {
			isa = PBXGroup;
			children = (
				95303CD823D690CE003DCBB2 /* Milestone-Projects16-18.app */,
			);
			name = Products;
			sourceTree = "<group>";
		};
		95303CDA23D690CE003DCBB2 /* Milestone-Projects16-18 */ = {
			isa = PBXGroup;
			children = (
				9503895F23D802E000943456 /* Init */,
				95301D0623DE3C63001A805E /* Model */,
				9503895E23D802CC00943456 /* View */,
				95303CE123D690D1003DCBB2 /* Assets.xcassets */,
				95303CE923D690D1003DCBB2 /* Info.plist */,
				95303CE323D690D1003DCBB2 /* Preview Content */,
			);
			path = "Milestone-Projects16-18";
			sourceTree = "<group>";
		};
		95303CE323D690D1003DCBB2 /* Preview Content */ = {
			isa = PBXGroup;
			children = (
				95303CE423D690D1003DCBB2 /* Preview Assets.xcassets */,
			);
			path = "Preview Content";
			sourceTree = "<group>";
		};
/* End PBXGroup section */

/* Begin PBXNativeTarget section */
		95303CD723D690CE003DCBB2 /* Milestone-Projects16-18 */ = {
			isa = PBXNativeTarget;
			buildConfigurationList = 95303CEC23D690D1003DCBB2 /* Build configuration list for PBXNativeTarget "Milestone-Projects16-18" */;
			buildPhases = (
				95303CD423D690CE003DCBB2 /* Sources */,
				95303CD523D690CE003DCBB2 /* Frameworks */,
				95303CD623D690CE003DCBB2 /* Resources */,
			);
			buildRules = (
			);
			dependencies = (
			);
			name = "Milestone-Projects16-18";
			productName = "Milestone-Projects16-18";
			productReference = 95303CD823D690CE003DCBB2 /* Milestone-Projects16-18.app */;
			productType = "com.apple.product-type.application";
		};
/* End PBXNativeTarget section */

/* Begin PBXProject section */
		95303CD023D690CE003DCBB2 /* Project object */ = {
			isa = PBXProject;
			attributes = {
				LastSwiftUpdateCheck = 1130;
				LastUpgradeCheck = 1130;
				ORGANIZATIONNAME = clarknt;
				TargetAttributes = {
					95303CD723D690CE003DCBB2 = {
						CreatedOnToolsVersion = 11.3.1;
					};
				};
			};
			buildConfigurationList = 95303CD323D690CE003DCBB2 /* Build configuration list for PBXProject "Milestone-Projects16-18" */;
			compatibilityVersion = "Xcode 9.3";
			developmentRegion = en;
			hasScannedForEncodings = 0;
			knownRegions = (
				en,
				Base,
			);
			mainGroup = 95303CCF23D690CE003DCBB2;
			productRefGroup = 95303CD923D690CE003DCBB2 /* Products */;
			projectDirPath = "";
			projectRoot = "";
			targets = (
				95303CD723D690CE003DCBB2 /* Milestone-Projects16-18 */,
			);
		};
/* End PBXProject section */

/* Begin PBXResourcesBuildPhase section */
		95303CD623D690CE003DCBB2 /* Resources */ = {
			isa = PBXResourcesBuildPhase;
			buildActionMask = 2147483647;
			files = (
				95303CE823D690D1003DCBB2 /* LaunchScreen.storyboard in Resources */,
				95303CE523D690D1003DCBB2 /* Preview Assets.xcassets in Resources */,
				95303CE223D690D1003DCBB2 /* Assets.xcassets in Resources */,
			);
			runOnlyForDeploymentPostprocessing = 0;
		};
/* End PBXResourcesBuildPhase section */

/* Begin PBXSourcesBuildPhase section */
		95303CD423D690CE003DCBB2 /* Sources */ = {
			isa = PBXSourcesBuildPhase;
			buildActionMask = 2147483647;
			files = (
				9587BA4823E7D79500B753CE /* DeleteHistoryModifier.swift in Sources */,
				95303CDC23D690CE003DCBB2 /* AppDelegate.swift in Sources */,
				95303CDE23D690CE003DCBB2 /* SceneDelegate.swift in Sources */,
				95301D0B23DE3E0B001A805E /* Milestone-Projects16-18.xcdatamodeld in Sources */,
				952FE6A623E7AEA4001069E5 /* DieAnimatableModifier.swift in Sources */,
				95303CF023D698F7003DCBB2 /* DieView.swift in Sources */,
				95301D1E23DE52EE001A805E /* CoreDataRolls.swift in Sources */,
				95301D4023DE819D001A805E /* Rolls.swift in Sources */,
				95303CE023D690CE003DCBB2 /* MainView.swift in Sources */,
				95301D3E23DE80AF001A805E /* CoreDataRoll+CoreDataProperties.swift in Sources */,
				952FE69F23E790A2001069E5 /* Pickers.swift in Sources */,
				95301D3D23DE80AF001A805E /* CoreDataRoll+CoreDataClass.swift in Sources */,
				952FE6A123E79323001069E5 /* RollsList.swift in Sources */,
				952FE6A323E796AC001069E5 /* RollButton.swift in Sources */,
				95301D0823DE3C74001A805E /* Roll.swift in Sources */,
			);
			runOnlyForDeploymentPostprocessing = 0;
		};
/* End PBXSourcesBuildPhase section */

/* Begin PBXVariantGroup section */
		95303CE623D690D1003DCBB2 /* LaunchScreen.storyboard */ = {
			isa = PBXVariantGroup;
			children = (
				95303CE723D690D1003DCBB2 /* Base */,
			);
			name = LaunchScreen.storyboard;
			sourceTree = "<group>";
		};
/* End PBXVariantGroup section */

/* Begin XCBuildConfiguration section */
		95303CEA23D690D1003DCBB2 /* Debug */ = {
			isa = XCBuildConfiguration;
			buildSettings = {
				ALWAYS_SEARCH_USER_PATHS = NO;
				CLANG_ANALYZER_NONNULL = YES;
				CLANG_ANALYZER_NUMBER_OBJECT_CONVERSION = YES_AGGRESSIVE;
				CLANG_CXX_LANGUAGE_STANDARD = "gnu++14";
				CLANG_CXX_LIBRARY = "libc++";
				CLANG_ENABLE_MODULES = YES;
				CLANG_ENABLE_OBJC_ARC = YES;
				CLANG_ENABLE_OBJC_WEAK = YES;
				CLANG_WARN_BLOCK_CAPTURE_AUTORELEASING = YES;
				CLANG_WARN_BOOL_CONVERSION = YES;
				CLANG_WARN_COMMA = YES;
				CLANG_WARN_CONSTANT_CONVERSION = YES;
				CLANG_WARN_DEPRECATED_OBJC_IMPLEMENTATIONS = YES;
				CLANG_WARN_DIRECT_OBJC_ISA_USAGE = YES_ERROR;
				CLANG_WARN_DOCUMENTATION_COMMENTS = YES;
				CLANG_WARN_EMPTY_BODY = YES;
				CLANG_WARN_ENUM_CONVERSION = YES;
				CLANG_WARN_INFINITE_RECURSION = YES;
				CLANG_WARN_INT_CONVERSION = YES;
				CLANG_WARN_NON_LITERAL_NULL_CONVERSION = YES;
				CLANG_WARN_OBJC_IMPLICIT_RETAIN_SELF = YES;
				CLANG_WARN_OBJC_LITERAL_CONVERSION = YES;
				CLANG_WARN_OBJC_ROOT_CLASS = YES_ERROR;
				CLANG_WARN_RANGE_LOOP_ANALYSIS = YES;
				CLANG_WARN_STRICT_PROTOTYPES = YES;
				CLANG_WARN_SUSPICIOUS_MOVE = YES;
				CLANG_WARN_UNGUARDED_AVAILABILITY = YES_AGGRESSIVE;
				CLANG_WARN_UNREACHABLE_CODE = YES;
				CLANG_WARN__DUPLICATE_METHOD_MATCH = YES;
				COPY_PHASE_STRIP = NO;
				DEBUG_INFORMATION_FORMAT = dwarf;
				ENABLE_STRICT_OBJC_MSGSEND = YES;
				ENABLE_TESTABILITY = YES;
				GCC_C_LANGUAGE_STANDARD = gnu11;
				GCC_DYNAMIC_NO_PIC = NO;
				GCC_NO_COMMON_BLOCKS = YES;
				GCC_OPTIMIZATION_LEVEL = 0;
				GCC_PREPROCESSOR_DEFINITIONS = (
					"DEBUG=1",
					"$(inherited)",
				);
				GCC_WARN_64_TO_32_BIT_CONVERSION = YES;
				GCC_WARN_ABOUT_RETURN_TYPE = YES_ERROR;
				GCC_WARN_UNDECLARED_SELECTOR = YES;
				GCC_WARN_UNINITIALIZED_AUTOS = YES_AGGRESSIVE;
				GCC_WARN_UNUSED_FUNCTION = YES;
				GCC_WARN_UNUSED_VARIABLE = YES;
				IPHONEOS_DEPLOYMENT_TARGET = 13.2;
				MTL_ENABLE_DEBUG_INFO = INCLUDE_SOURCE;
				MTL_FAST_MATH = YES;
				ONLY_ACTIVE_ARCH = YES;
				SDKROOT = iphoneos;
				SWIFT_ACTIVE_COMPILATION_CONDITIONS = DEBUG;
				SWIFT_OPTIMIZATION_LEVEL = "-Onone";
			};
			name = Debug;
		};
		95303CEB23D690D1003DCBB2 /* Release */ = {
			isa = XCBuildConfiguration;
			buildSettings = {
				ALWAYS_SEARCH_USER_PATHS = NO;
				CLANG_ANALYZER_NONNULL = YES;
				CLANG_ANALYZER_NUMBER_OBJECT_CONVERSION = YES_AGGRESSIVE;
				CLANG_CXX_LANGUAGE_STANDARD = "gnu++14";
				CLANG_CXX_LIBRARY = "libc++";
				CLANG_ENABLE_MODULES = YES;
				CLANG_ENABLE_OBJC_ARC = YES;
				CLANG_ENABLE_OBJC_WEAK = YES;
				CLANG_WARN_BLOCK_CAPTURE_AUTORELEASING = YES;
				CLANG_WARN_BOOL_CONVERSION = YES;
				CLANG_WARN_COMMA = YES;
				CLANG_WARN_CONSTANT_CONVERSION = YES;
				CLANG_WARN_DEPRECATED_OBJC_IMPLEMENTATIONS = YES;
				CLANG_WARN_DIRECT_OBJC_ISA_USAGE = YES_ERROR;
				CLANG_WARN_DOCUMENTATION_COMMENTS = YES;
				CLANG_WARN_EMPTY_BODY = YES;
				CLANG_WARN_ENUM_CONVERSION = YES;
				CLANG_WARN_INFINITE_RECURSION = YES;
				CLANG_WARN_INT_CONVERSION = YES;
				CLANG_WARN_NON_LITERAL_NULL_CONVERSION = YES;
				CLANG_WARN_OBJC_IMPLICIT_RETAIN_SELF = YES;
				CLANG_WARN_OBJC_LITERAL_CONVERSION = YES;
				CLANG_WARN_OBJC_ROOT_CLASS = YES_ERROR;
				CLANG_WARN_RANGE_LOOP_ANALYSIS = YES;
				CLANG_WARN_STRICT_PROTOTYPES = YES;
				CLANG_WARN_SUSPICIOUS_MOVE = YES;
				CLANG_WARN_UNGUARDED_AVAILABILITY = YES_AGGRESSIVE;
				CLANG_WARN_UNREACHABLE_CODE = YES;
				CLANG_WARN__DUPLICATE_METHOD_MATCH = YES;
				COPY_PHASE_STRIP = NO;
				DEBUG_INFORMATION_FORMAT = "dwarf-with-dsym";
				ENABLE_NS_ASSERTIONS = NO;
				ENABLE_STRICT_OBJC_MSGSEND = YES;
				GCC_C_LANGUAGE_STANDARD = gnu11;
				GCC_NO_COMMON_BLOCKS = YES;
				GCC_WARN_64_TO_32_BIT_CONVERSION = YES;
				GCC_WARN_ABOUT_RETURN_TYPE = YES_ERROR;
				GCC_WARN_UNDECLARED_SELECTOR = YES;
				GCC_WARN_UNINITIALIZED_AUTOS = YES_AGGRESSIVE;
				GCC_WARN_UNUSED_FUNCTION = YES;
				GCC_WARN_UNUSED_VARIABLE = YES;
				IPHONEOS_DEPLOYMENT_TARGET = 13.2;
				MTL_ENABLE_DEBUG_INFO = NO;
				MTL_FAST_MATH = YES;
				SDKROOT = iphoneos;
				SWIFT_COMPILATION_MODE = wholemodule;
				SWIFT_OPTIMIZATION_LEVEL = "-O";
				VALIDATE_PRODUCT = YES;
			};
			name = Release;
		};
		95303CED23D690D1003DCBB2 /* Debug */ = {
			isa = XCBuildConfiguration;
			buildSettings = {
				ASSETCATALOG_COMPILER_APPICON_NAME = AppIcon;
				CODE_SIGN_STYLE = Automatic;
				DEVELOPMENT_ASSET_PATHS = "\"Milestone-Projects16-18/Preview Content\"";
				DEVELOPMENT_TEAM = "";
				ENABLE_PREVIEWS = YES;
				INFOPLIST_FILE = "Milestone-Projects16-18/Info.plist";
				LD_RUNPATH_SEARCH_PATHS = (
					"$(inherited)",
					"@executable_path/Frameworks",
				);
				PRODUCT_BUNDLE_IDENTIFIER = "clarknt.100-days-of-swiftui.Milestone-Projects16-18";
				PRODUCT_NAME = "$(TARGET_NAME)";
				SWIFT_VERSION = 5.0;
				TARGETED_DEVICE_FAMILY = "1,2";
			};
			name = Debug;
		};
		95303CEE23D690D1003DCBB2 /* Release */ = {
			isa = XCBuildConfiguration;
			buildSettings = {
				ASSETCATALOG_COMPILER_APPICON_NAME = AppIcon;
				CODE_SIGN_STYLE = Automatic;
				DEVELOPMENT_ASSET_PATHS = "\"Milestone-Projects16-18/Preview Content\"";
				DEVELOPMENT_TEAM = "";
				ENABLE_PREVIEWS = YES;
				INFOPLIST_FILE = "Milestone-Projects16-18/Info.plist";
				LD_RUNPATH_SEARCH_PATHS = (
					"$(inherited)",
					"@executable_path/Frameworks",
				);
				PRODUCT_BUNDLE_IDENTIFIER = "clarknt.100-days-of-swiftui.Milestone-Projects16-18";
				PRODUCT_NAME = "$(TARGET_NAME)";
				SWIFT_VERSION = 5.0;
				TARGETED_DEVICE_FAMILY = "1,2";
			};
			name = Release;
		};
/* End XCBuildConfiguration section */

/* Begin XCConfigurationList section */
		95303CD323D690CE003DCBB2 /* Build configuration list for PBXProject "Milestone-Projects16-18" */ = {
			isa = XCConfigurationList;
			buildConfigurations = (
				95303CEA23D690D1003DCBB2 /* Debug */,
				95303CEB23D690D1003DCBB2 /* Release */,
			);
			defaultConfigurationIsVisible = 0;
			defaultConfigurationName = Release;
		};
		95303CEC23D690D1003DCBB2 /* Build configuration list for PBXNativeTarget "Milestone-Projects16-18" */ = {
			isa = XCConfigurationList;
			buildConfigurations = (
				95303CED23D690D1003DCBB2 /* Debug */,
				95303CEE23D690D1003DCBB2 /* Release */,
			);
			defaultConfigurationIsVisible = 0;
			defaultConfigurationName = Release;
		};
/* End XCConfigurationList section */

/* Begin XCVersionGroup section */
		95301D0923DE3E0B001A805E /* Milestone-Projects16-18.xcdatamodeld */ = {
			isa = XCVersionGroup;
			children = (
				95301D0A23DE3E0B001A805E /* Milestone-Projects16-18.xcdatamodel */,
			);
			currentVersion = 95301D0A23DE3E0B001A805E /* Milestone-Projects16-18.xcdatamodel */;
			path = "Milestone-Projects16-18.xcdatamodeld";
			sourceTree = "<group>";
			versionGroupType = wrapper.xcdatamodel;
		};
/* End XCVersionGroup section */
	};
	rootObject = 95303CD023D690CE003DCBB2 /* Project object */;
}
