// !$*UTF8*$!
{
	archiveVersion = 1;
	classes = {
	};
	objectVersion = 50;
	objects = {

/* Begin PBXBuildFile section */
		953119E5239FDDC800ED02DB /* MKPointAnnotation+ObservableObject.swift in Sources */ = {isa = PBXBuildFile; fileRef = 953119E4239FDDC800ED02DB /* MKPointAnnotation+ObservableObject.swift */; };
		953119E7239FE44700ED02DB /* EditView.swift in Sources */ = {isa = PBXBuildFile; fileRef = 953119E6239FE44700ED02DB /* EditView.swift */; };
		953119E9239FE9F300ED02DB /* Result.swift in Sources */ = {isa = PBXBuildFile; fileRef = 953119E8239FE9F300ED02DB /* Result.swift */; };
		953119ED23A036C200ED02DB /* CodableMKPointAnnotation.swift in Sources */ = {isa = PBXBuildFile; fileRef = 953119EC23A036C200ED02DB /* CodableMKPointAnnotation.swift */; };
		95311D06239A0C5E00244D54 /* AppDelegate.swift in Sources */ = {isa = PBXBuildFile; fileRef = 95311D05239A0C5E00244D54 /* AppDelegate.swift */; };
		95311D08239A0C5E00244D54 /* SceneDelegate.swift in Sources */ = {isa = PBXBuildFile; fileRef = 95311D07239A0C5E00244D54 /* SceneDelegate.swift */; };
		95311D0A239A0C5E00244D54 /* ContentView.swift in Sources */ = {isa = PBXBuildFile; fileRef = 95311D09239A0C5E00244D54 /* ContentView.swift */; };
		95311D0C239A0C5F00244D54 /* Assets.xcassets in Resources */ = {isa = PBXBuildFile; fileRef = 95311D0B239A0C5F00244D54 /* Assets.xcassets */; };
		95311D0F239A0C5F00244D54 /* Preview Assets.xcassets in Resources */ = {isa = PBXBuildFile; fileRef = 95311D0E239A0C5F00244D54 /* Preview Assets.xcassets */; };
		95311D12239A0C5F00244D54 /* LaunchScreen.storyboard in Resources */ = {isa = PBXBuildFile; fileRef = 95311D10239A0C5F00244D54 /* LaunchScreen.storyboard */; };
		95311D1B239A0C6E00244D54 /* CustomComparable.swift in Sources */ = {isa = PBXBuildFile; fileRef = 95311D1A239A0C6E00244D54 /* CustomComparable.swift */; };
		9531B008239EB60400E02DFB /* MapViewIntroduction.swift in Sources */ = {isa = PBXBuildFile; fileRef = 9531B007239EB60400E02DFB /* MapViewIntroduction.swift */; };
		9531B00A239EB7AC00E02DFB /* MapKitSwiftUI.swift in Sources */ = {isa = PBXBuildFile; fileRef = 9531B009239EB7AC00E02DFB /* MapKitSwiftUI.swift */; };
		9531B02E239ED94400E02DFB /* FaceIDSwiftUI.swift in Sources */ = {isa = PBXBuildFile; fileRef = 9531B02D239ED94400E02DFB /* FaceIDSwiftUI.swift */; };
		9531B030239EDCF700E02DFB /* MapView.swift in Sources */ = {isa = PBXBuildFile; fileRef = 9531B02F239EDCF700E02DFB /* MapView.swift */; };
		953A0DFE239AD0C3009C64E0 /* WritingData.swift in Sources */ = {isa = PBXBuildFile; fileRef = 953A0DFD239AD0C3009C64E0 /* WritingData.swift */; };
		953A0E1A239B65A7009C64E0 /* WritingDataChallenge.swift in Sources */ = {isa = PBXBuildFile; fileRef = 953A0E19239B65A7009C64E0 /* WritingDataChallenge.swift */; };
		953A0E1E239B743D009C64E0 /* SwitchingViewStates.swift in Sources */ = {isa = PBXBuildFile; fileRef = 953A0E1D239B743D009C64E0 /* SwitchingViewStates.swift */; };
/* End PBXBuildFile section */

/* Begin PBXFileReference section */
		953119E4239FDDC800ED02DB /* MKPointAnnotation+ObservableObject.swift */ = {isa = PBXFileReference; lastKnownFileType = sourcecode.swift; path = "MKPointAnnotation+ObservableObject.swift"; sourceTree = "<group>"; };
		953119E6239FE44700ED02DB /* EditView.swift */ = {isa = PBXFileReference; lastKnownFileType = sourcecode.swift; path = EditView.swift; sourceTree = "<group>"; };
		953119E8239FE9F300ED02DB /* Result.swift */ = {isa = PBXFileReference; lastKnownFileType = sourcecode.swift; path = Result.swift; sourceTree = "<group>"; };
		953119EC23A036C200ED02DB /* CodableMKPointAnnotation.swift */ = {isa = PBXFileReference; lastKnownFileType = sourcecode.swift; path = CodableMKPointAnnotation.swift; sourceTree = "<group>"; };
		95311D02239A0C5E00244D54 /* Project14.app */ = {isa = PBXFileReference; explicitFileType = wrapper.application; includeInIndex = 0; path = Project14.app; sourceTree = BUILT_PRODUCTS_DIR; };
		95311D05239A0C5E00244D54 /* AppDelegate.swift */ = {isa = PBXFileReference; lastKnownFileType = sourcecode.swift; path = AppDelegate.swift; sourceTree = "<group>"; };
		95311D07239A0C5E00244D54 /* SceneDelegate.swift */ = {isa = PBXFileReference; lastKnownFileType = sourcecode.swift; path = SceneDelegate.swift; sourceTree = "<group>"; };
		95311D09239A0C5E00244D54 /* ContentView.swift */ = {isa = PBXFileReference; lastKnownFileType = sourcecode.swift; path = ContentView.swift; sourceTree = "<group>"; };
		95311D0B239A0C5F00244D54 /* Assets.xcassets */ = {isa = PBXFileReference; lastKnownFileType = folder.assetcatalog; path = Assets.xcassets; sourceTree = "<group>"; };
		95311D0E239A0C5F00244D54 /* Preview Assets.xcassets */ = {isa = PBXFileReference; lastKnownFileType = folder.assetcatalog; path = "Preview Assets.xcassets"; sourceTree = "<group>"; };
		95311D11239A0C5F00244D54 /* Base */ = {isa = PBXFileReference; lastKnownFileType = file.storyboard; name = Base; path = Base.lproj/LaunchScreen.storyboard; sourceTree = "<group>"; };
		95311D13239A0C5F00244D54 /* Info.plist */ = {isa = PBXFileReference; lastKnownFileType = text.plist.xml; path = Info.plist; sourceTree = "<group>"; };
		95311D1A239A0C6E00244D54 /* CustomComparable.swift */ = {isa = PBXFileReference; lastKnownFileType = sourcecode.swift; path = CustomComparable.swift; sourceTree = "<group>"; };
		9531B007239EB60400E02DFB /* MapViewIntroduction.swift */ = {isa = PBXFileReference; lastKnownFileType = sourcecode.swift; path = MapViewIntroduction.swift; sourceTree = "<group>"; };
		9531B009239EB7AC00E02DFB /* MapKitSwiftUI.swift */ = {isa = PBXFileReference; lastKnownFileType = sourcecode.swift; path = MapKitSwiftUI.swift; sourceTree = "<group>"; };
		9531B02D239ED94400E02DFB /* FaceIDSwiftUI.swift */ = {isa = PBXFileReference; lastKnownFileType = sourcecode.swift; path = FaceIDSwiftUI.swift; sourceTree = "<group>"; };
		9531B02F239EDCF700E02DFB /* MapView.swift */ = {isa = PBXFileReference; lastKnownFileType = sourcecode.swift; path = MapView.swift; sourceTree = "<group>"; };
		953A0DFD239AD0C3009C64E0 /* WritingData.swift */ = {isa = PBXFileReference; lastKnownFileType = sourcecode.swift; path = WritingData.swift; sourceTree = "<group>"; };
		953A0E19239B65A7009C64E0 /* WritingDataChallenge.swift */ = {isa = PBXFileReference; lastKnownFileType = sourcecode.swift; path = WritingDataChallenge.swift; sourceTree = "<group>"; };
		953A0E1D239B743D009C64E0 /* SwitchingViewStates.swift */ = {isa = PBXFileReference; lastKnownFileType = sourcecode.swift; path = SwitchingViewStates.swift; sourceTree = "<group>"; };
/* End PBXFileReference section */

/* Begin PBXFrameworksBuildPhase section */
		95311CFF239A0C5E00244D54 /* Frameworks */ = {
			isa = PBXFrameworksBuildPhase;
			buildActionMask = 2147483647;
			files = (
			);
			runOnlyForDeploymentPostprocessing = 0;
		};
/* End PBXFrameworksBuildPhase section */

/* Begin PBXGroup section */
		95311CF9239A0C5E00244D54 = {
			isa = PBXGroup;
			children = (
				95311D04239A0C5E00244D54 /* Project14 */,
				95311D03239A0C5E00244D54 /* Products */,
			);
			sourceTree = "<group>";
		};
		95311D03239A0C5E00244D54 /* Products */ = {
			isa = PBXGroup;
			children = (
				95311D02239A0C5E00244D54 /* Project14.app */,
			);
			name = Products;
			sourceTree = "<group>";
		};
		95311D04239A0C5E00244D54 /* Project14 */ = {
			isa = PBXGroup;
			children = (
				95311D19239A0C6400244D54 /* Introduction */,
				95311D05239A0C5E00244D54 /* AppDelegate.swift */,
				95311D07239A0C5E00244D54 /* SceneDelegate.swift */,
				95311D09239A0C5E00244D54 /* ContentView.swift */,
				9531B02F239EDCF700E02DFB /* MapView.swift */,
				953119E4239FDDC800ED02DB /* MKPointAnnotation+ObservableObject.swift */,
				953119E6239FE44700ED02DB /* EditView.swift */,
				953119E8239FE9F300ED02DB /* Result.swift */,
				953119EC23A036C200ED02DB /* CodableMKPointAnnotation.swift */,
				95311D0B239A0C5F00244D54 /* Assets.xcassets */,
				95311D10239A0C5F00244D54 /* LaunchScreen.storyboard */,
				95311D13239A0C5F00244D54 /* Info.plist */,
				95311D0D239A0C5F00244D54 /* Preview Content */,
			);
			path = Project14;
			sourceTree = "<group>";
		};
		95311D0D239A0C5F00244D54 /* Preview Content */ = {
			isa = PBXGroup;
			children = (
				95311D0E239A0C5F00244D54 /* Preview Assets.xcassets */,
			);
			path = "Preview Content";
			sourceTree = "<group>";
		};
		95311D19239A0C6400244D54 /* Introduction */ = {
			isa = PBXGroup;
			children = (
				95311D1A239A0C6E00244D54 /* CustomComparable.swift */,
				953A0DFD239AD0C3009C64E0 /* WritingData.swift */,
				953A0E19239B65A7009C64E0 /* WritingDataChallenge.swift */,
				953A0E1D239B743D009C64E0 /* SwitchingViewStates.swift */,
				9531B007239EB60400E02DFB /* MapViewIntroduction.swift */,
				9531B009239EB7AC00E02DFB /* MapKitSwiftUI.swift */,
				9531B02D239ED94400E02DFB /* FaceIDSwiftUI.swift */,
			);
			path = Introduction;
			sourceTree = "<group>";
		};
/* End PBXGroup section */

/* Begin PBXNativeTarget section */
		95311D01239A0C5E00244D54 /* Project14 */ = {
			isa = PBXNativeTarget;
			buildConfigurationList = 95311D16239A0C5F00244D54 /* Build configuration list for PBXNativeTarget "Project14" */;
			buildPhases = (
				95311CFE239A0C5E00244D54 /* Sources */,
				95311CFF239A0C5E00244D54 /* Frameworks */,
				95311D00239A0C5E00244D54 /* Resources */,
			);
			buildRules = (
			);
			dependencies = (
			);
			name = Project14;
			productName = Project14;
			productReference = 95311D02239A0C5E00244D54 /* Project14.app */;
			productType = "com.apple.product-type.application";
		};
/* End PBXNativeTarget section */

/* Begin PBXProject section */
		95311CFA239A0C5E00244D54 /* Project object */ = {
			isa = PBXProject;
			attributes = {
				LastSwiftUpdateCheck = 1120;
				LastUpgradeCheck = 1120;
				ORGANIZATIONNAME = clarknt;
				TargetAttributes = {
					95311D01239A0C5E00244D54 = {
						CreatedOnToolsVersion = 11.2.1;
					};
				};
			};
			buildConfigurationList = 95311CFD239A0C5E00244D54 /* Build configuration list for PBXProject "Project14" */;
			compatibilityVersion = "Xcode 9.3";
			developmentRegion = en;
			hasScannedForEncodings = 0;
			knownRegions = (
				en,
				Base,
			);
			mainGroup = 95311CF9239A0C5E00244D54;
			productRefGroup = 95311D03239A0C5E00244D54 /* Products */;
			projectDirPath = "";
			projectRoot = "";
			targets = (
				95311D01239A0C5E00244D54 /* Project14 */,
			);
		};
/* End PBXProject section */

/* Begin PBXResourcesBuildPhase section */
		95311D00239A0C5E00244D54 /* Resources */ = {
			isa = PBXResourcesBuildPhase;
			buildActionMask = 2147483647;
			files = (
				95311D12239A0C5F00244D54 /* LaunchScreen.storyboard in Resources */,
				95311D0F239A0C5F00244D54 /* Preview Assets.xcassets in Resources */,
				95311D0C239A0C5F00244D54 /* Assets.xcassets in Resources */,
			);
			runOnlyForDeploymentPostprocessing = 0;
		};
/* End PBXResourcesBuildPhase section */

/* Begin PBXSourcesBuildPhase section */
		95311CFE239A0C5E00244D54 /* Sources */ = {
			isa = PBXSourcesBuildPhase;
			buildActionMask = 2147483647;
			files = (
				953119ED23A036C200ED02DB /* CodableMKPointAnnotation.swift in Sources */,
				953A0E1E239B743D009C64E0 /* SwitchingViewStates.swift in Sources */,
				9531B00A239EB7AC00E02DFB /* MapKitSwiftUI.swift in Sources */,
				9531B008239EB60400E02DFB /* MapViewIntroduction.swift in Sources */,
				9531B030239EDCF700E02DFB /* MapView.swift in Sources */,
				953119E9239FE9F300ED02DB /* Result.swift in Sources */,
				9531B02E239ED94400E02DFB /* FaceIDSwiftUI.swift in Sources */,
				95311D06239A0C5E00244D54 /* AppDelegate.swift in Sources */,
				95311D08239A0C5E00244D54 /* SceneDelegate.swift in Sources */,
				953119E7239FE44700ED02DB /* EditView.swift in Sources */,
				953A0E1A239B65A7009C64E0 /* WritingDataChallenge.swift in Sources */,
				95311D1B239A0C6E00244D54 /* CustomComparable.swift in Sources */,
				95311D0A239A0C5E00244D54 /* ContentView.swift in Sources */,
				953A0DFE239AD0C3009C64E0 /* WritingData.swift in Sources */,
				953119E5239FDDC800ED02DB /* MKPointAnnotation+ObservableObject.swift in Sources */,
			);
			runOnlyForDeploymentPostprocessing = 0;
		};
/* End PBXSourcesBuildPhase section */

/* Begin PBXVariantGroup section */
		95311D10239A0C5F00244D54 /* LaunchScreen.storyboard */ = {
			isa = PBXVariantGroup;
			children = (
				95311D11239A0C5F00244D54 /* Base */,
			);
			name = LaunchScreen.storyboard;
			sourceTree = "<group>";
		};
/* End PBXVariantGroup section */

/* Begin XCBuildConfiguration section */
		95311D14239A0C5F00244D54 /* Debug */ = {
			isa = XCBuildConfiguration;
			buildSettings = {
				ALWAYS_SEARCH_USER_PATHS = NO;
				CLANG_ANALYZER_NONNULL = YES;
				CLANG_ANALYZER_NUMBER_OBJECT_CONVERSION = YES_AGGRESSIVE;
				CLANG_CXX_LANGUAGE_STANDARD = "gnu++14";
				CLANG_CXX_LIBRARY = "libc++";
				CLANG_ENABLE_MODULES = YES;
				CLANG_ENABLE_OBJC_ARC = YES;
				CLANG_ENABLE_OBJC_WEAK = YES;
				CLANG_WARN_BLOCK_CAPTURE_AUTORELEASING = YES;
				CLANG_WARN_BOOL_CONVERSION = YES;
				CLANG_WARN_COMMA = YES;
				CLANG_WARN_CONSTANT_CONVERSION = YES;
				CLANG_WARN_DEPRECATED_OBJC_IMPLEMENTATIONS = YES;
				CLANG_WARN_DIRECT_OBJC_ISA_USAGE = YES_ERROR;
				CLANG_WARN_DOCUMENTATION_COMMENTS = YES;
				CLANG_WARN_EMPTY_BODY = YES;
				CLANG_WARN_ENUM_CONVERSION = YES;
				CLANG_WARN_INFINITE_RECURSION = YES;
				CLANG_WARN_INT_CONVERSION = YES;
				CLANG_WARN_NON_LITERAL_NULL_CONVERSION = YES;
				CLANG_WARN_OBJC_IMPLICIT_RETAIN_SELF = YES;
				CLANG_WARN_OBJC_LITERAL_CONVERSION = YES;
				CLANG_WARN_OBJC_ROOT_CLASS = YES_ERROR;
				CLANG_WARN_RANGE_LOOP_ANALYSIS = YES;
				CLANG_WARN_STRICT_PROTOTYPES = YES;
				CLANG_WARN_SUSPICIOUS_MOVE = YES;
				CLANG_WARN_UNGUARDED_AVAILABILITY = YES_AGGRESSIVE;
				CLANG_WARN_UNREACHABLE_CODE = YES;
				CLANG_WARN__DUPLICATE_METHOD_MATCH = YES;
				COPY_PHASE_STRIP = NO;
				DEBUG_INFORMATION_FORMAT = dwarf;
				ENABLE_STRICT_OBJC_MSGSEND = YES;
				ENABLE_TESTABILITY = YES;
				GCC_C_LANGUAGE_STANDARD = gnu11;
				GCC_DYNAMIC_NO_PIC = NO;
				GCC_NO_COMMON_BLOCKS = YES;
				GCC_OPTIMIZATION_LEVEL = 0;
				GCC_PREPROCESSOR_DEFINITIONS = (
					"DEBUG=1",
					"$(inherited)",
				);
				GCC_WARN_64_TO_32_BIT_CONVERSION = YES;
				GCC_WARN_ABOUT_RETURN_TYPE = YES_ERROR;
				GCC_WARN_UNDECLARED_SELECTOR = YES;
				GCC_WARN_UNINITIALIZED_AUTOS = YES_AGGRESSIVE;
				GCC_WARN_UNUSED_FUNCTION = YES;
				GCC_WARN_UNUSED_VARIABLE = YES;
				IPHONEOS_DEPLOYMENT_TARGET = 13.2;
				MTL_ENABLE_DEBUG_INFO = INCLUDE_SOURCE;
				MTL_FAST_MATH = YES;
				ONLY_ACTIVE_ARCH = YES;
				SDKROOT = iphoneos;
				SWIFT_ACTIVE_COMPILATION_CONDITIONS = DEBUG;
				SWIFT_OPTIMIZATION_LEVEL = "-Onone";
			};
			name = Debug;
		};
		95311D15239A0C5F00244D54 /* Release */ = {
			isa = XCBuildConfiguration;
			buildSettings = {
				ALWAYS_SEARCH_USER_PATHS = NO;
				CLANG_ANALYZER_NONNULL = YES;
				CLANG_ANALYZER_NUMBER_OBJECT_CONVERSION = YES_AGGRESSIVE;
				CLANG_CXX_LANGUAGE_STANDARD = "gnu++14";
				CLANG_CXX_LIBRARY = "libc++";
				CLANG_ENABLE_MODULES = YES;
				CLANG_ENABLE_OBJC_ARC = YES;
				CLANG_ENABLE_OBJC_WEAK = YES;
				CLANG_WARN_BLOCK_CAPTURE_AUTORELEASING = YES;
				CLANG_WARN_BOOL_CONVERSION = YES;
				CLANG_WARN_COMMA = YES;
				CLANG_WARN_CONSTANT_CONVERSION = YES;
				CLANG_WARN_DEPRECATED_OBJC_IMPLEMENTATIONS = YES;
				CLANG_WARN_DIRECT_OBJC_ISA_USAGE = YES_ERROR;
				CLANG_WARN_DOCUMENTATION_COMMENTS = YES;
				CLANG_WARN_EMPTY_BODY = YES;
				CLANG_WARN_ENUM_CONVERSION = YES;
				CLANG_WARN_INFINITE_RECURSION = YES;
				CLANG_WARN_INT_CONVERSION = YES;
				CLANG_WARN_NON_LITERAL_NULL_CONVERSION = YES;
				CLANG_WARN_OBJC_IMPLICIT_RETAIN_SELF = YES;
				CLANG_WARN_OBJC_LITERAL_CONVERSION = YES;
				CLANG_WARN_OBJC_ROOT_CLASS = YES_ERROR;
				CLANG_WARN_RANGE_LOOP_ANALYSIS = YES;
				CLANG_WARN_STRICT_PROTOTYPES = YES;
				CLANG_WARN_SUSPICIOUS_MOVE = YES;
				CLANG_WARN_UNGUARDED_AVAILABILITY = YES_AGGRESSIVE;
				CLANG_WARN_UNREACHABLE_CODE = YES;
				CLANG_WARN__DUPLICATE_METHOD_MATCH = YES;
				COPY_PHASE_STRIP = NO;
				DEBUG_INFORMATION_FORMAT = "dwarf-with-dsym";
				ENABLE_NS_ASSERTIONS = NO;
				ENABLE_STRICT_OBJC_MSGSEND = YES;
				GCC_C_LANGUAGE_STANDARD = gnu11;
				GCC_NO_COMMON_BLOCKS = YES;
				GCC_WARN_64_TO_32_BIT_CONVERSION = YES;
				GCC_WARN_ABOUT_RETURN_TYPE = YES_ERROR;
				GCC_WARN_UNDECLARED_SELECTOR = YES;
				GCC_WARN_UNINITIALIZED_AUTOS = YES_AGGRESSIVE;
				GCC_WARN_UNUSED_FUNCTION = YES;
				GCC_WARN_UNUSED_VARIABLE = YES;
				IPHONEOS_DEPLOYMENT_TARGET = 13.2;
				MTL_ENABLE_DEBUG_INFO = NO;
				MTL_FAST_MATH = YES;
				SDKROOT = iphoneos;
				SWIFT_COMPILATION_MODE = wholemodule;
				SWIFT_OPTIMIZATION_LEVEL = "-O";
				VALIDATE_PRODUCT = YES;
			};
			name = Release;
		};
		95311D17239A0C5F00244D54 /* Debug */ = {
			isa = XCBuildConfiguration;
			buildSettings = {
				ASSETCATALOG_COMPILER_APPICON_NAME = AppIcon;
				CODE_SIGN_STYLE = Automatic;
				DEVELOPMENT_ASSET_PATHS = "\"Project14/Preview Content\"";
				DEVELOPMENT_TEAM = "";
				ENABLE_PREVIEWS = YES;
				INFOPLIST_FILE = Project14/Info.plist;
				LD_RUNPATH_SEARCH_PATHS = (
					"$(inherited)",
					"@executable_path/Frameworks",
				);
				PRODUCT_BUNDLE_IDENTIFIER = "clarknt.100-days-of-swiftui.Project14";
				PRODUCT_NAME = "$(TARGET_NAME)";
				SWIFT_VERSION = 5.0;
				TARGETED_DEVICE_FAMILY = "1,2";
			};
			name = Debug;
		};
		95311D18239A0C5F00244D54 /* Release */ = {
			isa = XCBuildConfiguration;
			buildSettings = {
				ASSETCATALOG_COMPILER_APPICON_NAME = AppIcon;
				CODE_SIGN_STYLE = Automatic;
				DEVELOPMENT_ASSET_PATHS = "\"Project14/Preview Content\"";
				DEVELOPMENT_TEAM = "";
				ENABLE_PREVIEWS = YES;
				INFOPLIST_FILE = Project14/Info.plist;
				LD_RUNPATH_SEARCH_PATHS = (
					"$(inherited)",
					"@executable_path/Frameworks",
				);
				PRODUCT_BUNDLE_IDENTIFIER = "clarknt.100-days-of-swiftui.Project14";
				PRODUCT_NAME = "$(TARGET_NAME)";
				SWIFT_VERSION = 5.0;
				TARGETED_DEVICE_FAMILY = "1,2";
			};
			name = Release;
		};
/* End XCBuildConfiguration section */

/* Begin XCConfigurationList section */
		95311CFD239A0C5E00244D54 /* Build configuration list for PBXProject "Project14" */ = {
			isa = XCConfigurationList;
			buildConfigurations = (
				95311D14239A0C5F00244D54 /* Debug */,
				95311D15239A0C5F00244D54 /* Release */,
			);
			defaultConfigurationIsVisible = 0;
			defaultConfigurationName = Release;
		};
		95311D16239A0C5F00244D54 /* Build configuration list for PBXNativeTarget "Project14" */ = {
			isa = XCConfigurationList;
			buildConfigurations = (
				95311D17239A0C5F00244D54 /* Debug */,
				95311D18239A0C5F00244D54 /* Release */,
			);
			defaultConfigurationIsVisible = 0;
			defaultConfigurationName = Release;
		};
/* End XCConfigurationList section */
	};
	rootObject = 95311CFA239A0C5E00244D54 /* Project object */;
}
