// !$*UTF8*$!
{
	archiveVersion = 1;
	classes = {
	};
	objectVersion = 50;
	objects = {

/* Begin PBXBuildFile section */
		95428C282351714A0037E783 /* AppDelegate.swift in Sources */ = {isa = PBXBuildFile; fileRef = 95428C272351714A0037E783 /* AppDelegate.swift */; };
		95428C2A2351714A0037E783 /* SceneDelegate.swift in Sources */ = {isa = PBXBuildFile; fileRef = 95428C292351714A0037E783 /* SceneDelegate.swift */; };
		95428C2C2351714A0037E783 /* ContentView.swift in Sources */ = {isa = PBXBuildFile; fileRef = 95428C2B2351714A0037E783 /* ContentView.swift */; };
		95428C2E2351714B0037E783 /* Assets.xcassets in Resources */ = {isa = PBXBuildFile; fileRef = 95428C2D2351714B0037E783 /* Assets.xcassets */; };
		95428C312351714B0037E783 /* Preview Assets.xcassets in Resources */ = {isa = PBXBuildFile; fileRef = 95428C302351714B0037E783 /* Preview Assets.xcassets */; };
		95428C342351714B0037E783 /* LaunchScreen.storyboard in Resources */ = {isa = PBXBuildFile; fileRef = 95428C322351714B0037E783 /* LaunchScreen.storyboard */; };
		95428C3C2351869D0037E783 /* NamedUnit.swift in Sources */ = {isa = PBXBuildFile; fileRef = 95428C3B2351869D0037E783 /* NamedUnit.swift */; };
		95428C3E235186F00037E783 /* Temperature.swift in Sources */ = {isa = PBXBuildFile; fileRef = 95428C3D235186F00037E783 /* Temperature.swift */; };
		95428C4023518A450037E783 /* Length.swift in Sources */ = {isa = PBXBuildFile; fileRef = 95428C3F23518A450037E783 /* Length.swift */; };
		95428C4223518C610037E783 /* UnitType.swift in Sources */ = {isa = PBXBuildFile; fileRef = 95428C4123518C610037E783 /* UnitType.swift */; };
		95428C4423518D1A0037E783 /* UnitTypes.swift in Sources */ = {isa = PBXBuildFile; fileRef = 95428C4323518D1A0037E783 /* UnitTypes.swift */; };
		954969922352783100CEB844 /* Volume.swift in Sources */ = {isa = PBXBuildFile; fileRef = 954969912352783100CEB844 /* Volume.swift */; };
		954AC75F23523F7000149AE1 /* Time.swift in Sources */ = {isa = PBXBuildFile; fileRef = 954AC75E23523F7000149AE1 /* Time.swift */; };
/* End PBXBuildFile section */

/* Begin PBXFileReference section */
		95428C242351714A0037E783 /* ChallengeDay1.app */ = {isa = PBXFileReference; explicitFileType = wrapper.application; includeInIndex = 0; path = ChallengeDay1.app; sourceTree = BUILT_PRODUCTS_DIR; };
		95428C272351714A0037E783 /* AppDelegate.swift */ = {isa = PBXFileReference; lastKnownFileType = sourcecode.swift; path = AppDelegate.swift; sourceTree = "<group>"; };
		95428C292351714A0037E783 /* SceneDelegate.swift */ = {isa = PBXFileReference; lastKnownFileType = sourcecode.swift; path = SceneDelegate.swift; sourceTree = "<group>"; };
		95428C2B2351714A0037E783 /* ContentView.swift */ = {isa = PBXFileReference; lastKnownFileType = sourcecode.swift; path = ContentView.swift; sourceTree = "<group>"; };
		95428C2D2351714B0037E783 /* Assets.xcassets */ = {isa = PBXFileReference; lastKnownFileType = folder.assetcatalog; path = Assets.xcassets; sourceTree = "<group>"; };
		95428C302351714B0037E783 /* Preview Assets.xcassets */ = {isa = PBXFileReference; lastKnownFileType = folder.assetcatalog; path = "Preview Assets.xcassets"; sourceTree = "<group>"; };
		95428C332351714B0037E783 /* Base */ = {isa = PBXFileReference; lastKnownFileType = file.storyboard; name = Base; path = Base.lproj/LaunchScreen.storyboard; sourceTree = "<group>"; };
		95428C352351714B0037E783 /* Info.plist */ = {isa = PBXFileReference; lastKnownFileType = text.plist.xml; path = Info.plist; sourceTree = "<group>"; };
		95428C3B2351869D0037E783 /* NamedUnit.swift */ = {isa = PBXFileReference; lastKnownFileType = sourcecode.swift; path = NamedUnit.swift; sourceTree = "<group>"; };
		95428C3D235186F00037E783 /* Temperature.swift */ = {isa = PBXFileReference; lastKnownFileType = sourcecode.swift; path = Temperature.swift; sourceTree = "<group>"; };
		95428C3F23518A450037E783 /* Length.swift */ = {isa = PBXFileReference; lastKnownFileType = sourcecode.swift; path = Length.swift; sourceTree = "<group>"; };
		95428C4123518C610037E783 /* UnitType.swift */ = {isa = PBXFileReference; lastKnownFileType = sourcecode.swift; path = UnitType.swift; sourceTree = "<group>"; };
		95428C4323518D1A0037E783 /* UnitTypes.swift */ = {isa = PBXFileReference; lastKnownFileType = sourcecode.swift; path = UnitTypes.swift; sourceTree = "<group>"; };
		954969912352783100CEB844 /* Volume.swift */ = {isa = PBXFileReference; lastKnownFileType = sourcecode.swift; path = Volume.swift; sourceTree = "<group>"; };
		954AC75E23523F7000149AE1 /* Time.swift */ = {isa = PBXFileReference; lastKnownFileType = sourcecode.swift; path = Time.swift; sourceTree = "<group>"; };
/* End PBXFileReference section */

/* Begin PBXFrameworksBuildPhase section */
		95428C212351714A0037E783 /* Frameworks */ = {
			isa = PBXFrameworksBuildPhase;
			buildActionMask = 2147483647;
			files = (
			);
			runOnlyForDeploymentPostprocessing = 0;
		};
/* End PBXFrameworksBuildPhase section */

/* Begin PBXGroup section */
		95428C1B2351714A0037E783 = {
			isa = PBXGroup;
			children = (
				95428C262351714A0037E783 /* ChallengeDay1 */,
				95428C252351714A0037E783 /* Products */,
			);
			sourceTree = "<group>";
		};
		95428C252351714A0037E783 /* Products */ = {
			isa = PBXGroup;
			children = (
				95428C242351714A0037E783 /* ChallengeDay1.app */,
			);
			name = Products;
			sourceTree = "<group>";
		};
		95428C262351714A0037E783 /* ChallengeDay1 */ = {
			isa = PBXGroup;
			children = (
				95428C272351714A0037E783 /* AppDelegate.swift */,
				95428C292351714A0037E783 /* SceneDelegate.swift */,
				95428C2B2351714A0037E783 /* ContentView.swift */,
				95428C3B2351869D0037E783 /* NamedUnit.swift */,
				95428C4123518C610037E783 /* UnitType.swift */,
				95428C3D235186F00037E783 /* Temperature.swift */,
				95428C3F23518A450037E783 /* Length.swift */,
				954AC75E23523F7000149AE1 /* Time.swift */,
				954969912352783100CEB844 /* Volume.swift */,
				95428C4323518D1A0037E783 /* UnitTypes.swift */,
				95428C2D2351714B0037E783 /* Assets.xcassets */,
				95428C322351714B0037E783 /* LaunchScreen.storyboard */,
				95428C352351714B0037E783 /* Info.plist */,
				95428C2F2351714B0037E783 /* Preview Content */,
			);
			path = ChallengeDay1;
			sourceTree = "<group>";
		};
		95428C2F2351714B0037E783 /* Preview Content */ = {
			isa = PBXGroup;
			children = (
				95428C302351714B0037E783 /* Preview Assets.xcassets */,
			);
			path = "Preview Content";
			sourceTree = "<group>";
		};
/* End PBXGroup section */

/* Begin PBXNativeTarget section */
		95428C232351714A0037E783 /* ChallengeDay1 */ = {
			isa = PBXNativeTarget;
			buildConfigurationList = 95428C382351714B0037E783 /* Build configuration list for PBXNativeTarget "ChallengeDay1" */;
			buildPhases = (
				95428C202351714A0037E783 /* Sources */,
				95428C212351714A0037E783 /* Frameworks */,
				95428C222351714A0037E783 /* Resources */,
			);
			buildRules = (
			);
			dependencies = (
			);
			name = ChallengeDay1;
			productName = ChallengeDay1;
			productReference = 95428C242351714A0037E783 /* ChallengeDay1.app */;
			productType = "com.apple.product-type.application";
		};
/* End PBXNativeTarget section */

/* Begin PBXProject section */
		95428C1C2351714A0037E783 /* Project object */ = {
			isa = PBXProject;
			attributes = {
				LastSwiftUpdateCheck = 1110;
				LastUpgradeCheck = 1110;
				ORGANIZATIONNAME = clarknt;
				TargetAttributes = {
					95428C232351714A0037E783 = {
						CreatedOnToolsVersion = 11.1;
					};
				};
			};
			buildConfigurationList = 95428C1F2351714A0037E783 /* Build configuration list for PBXProject "ChallengeDay1" */;
			compatibilityVersion = "Xcode 9.3";
			developmentRegion = en;
			hasScannedForEncodings = 0;
			knownRegions = (
				en,
				Base,
			);
			mainGroup = 95428C1B2351714A0037E783;
			productRefGroup = 95428C252351714A0037E783 /* Products */;
			projectDirPath = "";
			projectRoot = "";
			targets = (
				95428C232351714A0037E783 /* ChallengeDay1 */,
			);
		};
/* End PBXProject section */

/* Begin PBXResourcesBuildPhase section */
		95428C222351714A0037E783 /* Resources */ = {
			isa = PBXResourcesBuildPhase;
			buildActionMask = 2147483647;
			files = (
				95428C342351714B0037E783 /* LaunchScreen.storyboard in Resources */,
				95428C312351714B0037E783 /* Preview Assets.xcassets in Resources */,
				95428C2E2351714B0037E783 /* Assets.xcassets in Resources */,
			);
			runOnlyForDeploymentPostprocessing = 0;
		};
/* End PBXResourcesBuildPhase section */

/* Begin PBXSourcesBuildPhase section */
		95428C202351714A0037E783 /* Sources */ = {
			isa = PBXSourcesBuildPhase;
			buildActionMask = 2147483647;
			files = (
				95428C282351714A0037E783 /* AppDelegate.swift in Sources */,
				95428C4423518D1A0037E783 /* UnitTypes.swift in Sources */,
				95428C4023518A450037E783 /* Length.swift in Sources */,
				95428C2A2351714A0037E783 /* SceneDelegate.swift in Sources */,
				95428C4223518C610037E783 /* UnitType.swift in Sources */,
				954969922352783100CEB844 /* Volume.swift in Sources */,
				95428C3C2351869D0037E783 /* NamedUnit.swift in Sources */,
				954AC75F23523F7000149AE1 /* Time.swift in Sources */,
				95428C3E235186F00037E783 /* Temperature.swift in Sources */,
				95428C2C2351714A0037E783 /* ContentView.swift in Sources */,
			);
			runOnlyForDeploymentPostprocessing = 0;
		};
/* End PBXSourcesBuildPhase section */

/* Begin PBXVariantGroup section */
		95428C322351714B0037E783 /* LaunchScreen.storyboard */ = {
			isa = PBXVariantGroup;
			children = (
				95428C332351714B0037E783 /* Base */,
			);
			name = LaunchScreen.storyboard;
			sourceTree = "<group>";
		};
/* End PBXVariantGroup section */

/* Begin XCBuildConfiguration section */
		95428C362351714B0037E783 /* Debug */ = {
			isa = XCBuildConfiguration;
			buildSettings = {
				ALWAYS_SEARCH_USER_PATHS = NO;
				CLANG_ANALYZER_NONNULL = YES;
				CLANG_ANALYZER_NUMBER_OBJECT_CONVERSION = YES_AGGRESSIVE;
				CLANG_CXX_LANGUAGE_STANDARD = "gnu++14";
				CLANG_CXX_LIBRARY = "libc++";
				CLANG_ENABLE_MODULES = YES;
				CLANG_ENABLE_OBJC_ARC = YES;
				CLANG_ENABLE_OBJC_WEAK = YES;
				CLANG_WARN_BLOCK_CAPTURE_AUTORELEASING = YES;
				CLANG_WARN_BOOL_CONVERSION = YES;
				CLANG_WARN_COMMA = YES;
				CLANG_WARN_CONSTANT_CONVERSION = YES;
				CLANG_WARN_DEPRECATED_OBJC_IMPLEMENTATIONS = YES;
				CLANG_WARN_DIRECT_OBJC_ISA_USAGE = YES_ERROR;
				CLANG_WARN_DOCUMENTATION_COMMENTS = YES;
				CLANG_WARN_EMPTY_BODY = YES;
				CLANG_WARN_ENUM_CONVERSION = YES;
				CLANG_WARN_INFINITE_RECURSION = YES;
				CLANG_WARN_INT_CONVERSION = YES;
				CLANG_WARN_NON_LITERAL_NULL_CONVERSION = YES;
				CLANG_WARN_OBJC_IMPLICIT_RETAIN_SELF = YES;
				CLANG_WARN_OBJC_LITERAL_CONVERSION = YES;
				CLANG_WARN_OBJC_ROOT_CLASS = YES_ERROR;
				CLANG_WARN_RANGE_LOOP_ANALYSIS = YES;
				CLANG_WARN_STRICT_PROTOTYPES = YES;
				CLANG_WARN_SUSPICIOUS_MOVE = YES;
				CLANG_WARN_UNGUARDED_AVAILABILITY = YES_AGGRESSIVE;
				CLANG_WARN_UNREACHABLE_CODE = YES;
				CLANG_WARN__DUPLICATE_METHOD_MATCH = YES;
				COPY_PHASE_STRIP = NO;
				DEBUG_INFORMATION_FORMAT = dwarf;
				ENABLE_STRICT_OBJC_MSGSEND = YES;
				ENABLE_TESTABILITY = YES;
				GCC_C_LANGUAGE_STANDARD = gnu11;
				GCC_DYNAMIC_NO_PIC = NO;
				GCC_NO_COMMON_BLOCKS = YES;
				GCC_OPTIMIZATION_LEVEL = 0;
				GCC_PREPROCESSOR_DEFINITIONS = (
					"DEBUG=1",
					"$(inherited)",
				);
				GCC_WARN_64_TO_32_BIT_CONVERSION = YES;
				GCC_WARN_ABOUT_RETURN_TYPE = YES_ERROR;
				GCC_WARN_UNDECLARED_SELECTOR = YES;
				GCC_WARN_UNINITIALIZED_AUTOS = YES_AGGRESSIVE;
				GCC_WARN_UNUSED_FUNCTION = YES;
				GCC_WARN_UNUSED_VARIABLE = YES;
				IPHONEOS_DEPLOYMENT_TARGET = 13.1;
				MTL_ENABLE_DEBUG_INFO = INCLUDE_SOURCE;
				MTL_FAST_MATH = YES;
				ONLY_ACTIVE_ARCH = YES;
				SDKROOT = iphoneos;
				SWIFT_ACTIVE_COMPILATION_CONDITIONS = DEBUG;
				SWIFT_OPTIMIZATION_LEVEL = "-Onone";
			};
			name = Debug;
		};
		95428C372351714B0037E783 /* Release */ = {
			isa = XCBuildConfiguration;
			buildSettings = {
				ALWAYS_SEARCH_USER_PATHS = NO;
				CLANG_ANALYZER_NONNULL = YES;
				CLANG_ANALYZER_NUMBER_OBJECT_CONVERSION = YES_AGGRESSIVE;
				CLANG_CXX_LANGUAGE_STANDARD = "gnu++14";
				CLANG_CXX_LIBRARY = "libc++";
				CLANG_ENABLE_MODULES = YES;
				CLANG_ENABLE_OBJC_ARC = YES;
				CLANG_ENABLE_OBJC_WEAK = YES;
				CLANG_WARN_BLOCK_CAPTURE_AUTORELEASING = YES;
				CLANG_WARN_BOOL_CONVERSION = YES;
				CLANG_WARN_COMMA = YES;
				CLANG_WARN_CONSTANT_CONVERSION = YES;
				CLANG_WARN_DEPRECATED_OBJC_IMPLEMENTATIONS = YES;
				CLANG_WARN_DIRECT_OBJC_ISA_USAGE = YES_ERROR;
				CLANG_WARN_DOCUMENTATION_COMMENTS = YES;
				CLANG_WARN_EMPTY_BODY = YES;
				CLANG_WARN_ENUM_CONVERSION = YES;
				CLANG_WARN_INFINITE_RECURSION = YES;
				CLANG_WARN_INT_CONVERSION = YES;
				CLANG_WARN_NON_LITERAL_NULL_CONVERSION = YES;
				CLANG_WARN_OBJC_IMPLICIT_RETAIN_SELF = YES;
				CLANG_WARN_OBJC_LITERAL_CONVERSION = YES;
				CLANG_WARN_OBJC_ROOT_CLASS = YES_ERROR;
				CLANG_WARN_RANGE_LOOP_ANALYSIS = YES;
				CLANG_WARN_STRICT_PROTOTYPES = YES;
				CLANG_WARN_SUSPICIOUS_MOVE = YES;
				CLANG_WARN_UNGUARDED_AVAILABILITY = YES_AGGRESSIVE;
				CLANG_WARN_UNREACHABLE_CODE = YES;
				CLANG_WARN__DUPLICATE_METHOD_MATCH = YES;
				COPY_PHASE_STRIP = NO;
				DEBUG_INFORMATION_FORMAT = "dwarf-with-dsym";
				ENABLE_NS_ASSERTIONS = NO;
				ENABLE_STRICT_OBJC_MSGSEND = YES;
				GCC_C_LANGUAGE_STANDARD = gnu11;
				GCC_NO_COMMON_BLOCKS = YES;
				GCC_WARN_64_TO_32_BIT_CONVERSION = YES;
				GCC_WARN_ABOUT_RETURN_TYPE = YES_ERROR;
				GCC_WARN_UNDECLARED_SELECTOR = YES;
				GCC_WARN_UNINITIALIZED_AUTOS = YES_AGGRESSIVE;
				GCC_WARN_UNUSED_FUNCTION = YES;
				GCC_WARN_UNUSED_VARIABLE = YES;
				IPHONEOS_DEPLOYMENT_TARGET = 13.1;
				MTL_ENABLE_DEBUG_INFO = NO;
				MTL_FAST_MATH = YES;
				SDKROOT = iphoneos;
				SWIFT_COMPILATION_MODE = wholemodule;
				SWIFT_OPTIMIZATION_LEVEL = "-O";
				VALIDATE_PRODUCT = YES;
			};
			name = Release;
		};
		95428C392351714B0037E783 /* Debug */ = {
			isa = XCBuildConfiguration;
			buildSettings = {
				ASSETCATALOG_COMPILER_APPICON_NAME = AppIcon;
				CODE_SIGN_STYLE = Automatic;
				DEVELOPMENT_ASSET_PATHS = "\"ChallengeDay1/Preview Content\"";
				DEVELOPMENT_TEAM = "";
				ENABLE_PREVIEWS = YES;
				INFOPLIST_FILE = ChallengeDay1/Info.plist;
				LD_RUNPATH_SEARCH_PATHS = (
					"$(inherited)",
					"@executable_path/Frameworks",
				);
				PRODUCT_BUNDLE_IDENTIFIER = "clarknt.100-days-of-swiftui.ChallengeDay1";
				PRODUCT_NAME = "$(TARGET_NAME)";
				SWIFT_VERSION = 5.0;
				TARGETED_DEVICE_FAMILY = "1,2";
			};
			name = Debug;
		};
		95428C3A2351714B0037E783 /* Release */ = {
			isa = XCBuildConfiguration;
			buildSettings = {
				ASSETCATALOG_COMPILER_APPICON_NAME = AppIcon;
				CODE_SIGN_STYLE = Automatic;
				DEVELOPMENT_ASSET_PATHS = "\"ChallengeDay1/Preview Content\"";
				DEVELOPMENT_TEAM = "";
				ENABLE_PREVIEWS = YES;
				INFOPLIST_FILE = ChallengeDay1/Info.plist;
				LD_RUNPATH_SEARCH_PATHS = (
					"$(inherited)",
					"@executable_path/Frameworks",
				);
				PRODUCT_BUNDLE_IDENTIFIER = "clarknt.100-days-of-swiftui.ChallengeDay1";
				PRODUCT_NAME = "$(TARGET_NAME)";
				SWIFT_VERSION = 5.0;
				TARGETED_DEVICE_FAMILY = "1,2";
			};
			name = Release;
		};
/* End XCBuildConfiguration section */

/* Begin XCConfigurationList section */
		95428C1F2351714A0037E783 /* Build configuration list for PBXProject "ChallengeDay1" */ = {
			isa = XCConfigurationList;
			buildConfigurations = (
				95428C362351714B0037E783 /* Debug */,
				95428C372351714B0037E783 /* Release */,
			);
			defaultConfigurationIsVisible = 0;
			defaultConfigurationName = Release;
		};
		95428C382351714B0037E783 /* Build configuration list for PBXNativeTarget "ChallengeDay1" */ = {
			isa = XCConfigurationList;
			buildConfigurations = (
				95428C392351714B0037E783 /* Debug */,
				95428C3A2351714B0037E783 /* Release */,
			);
			defaultConfigurationIsVisible = 0;
			defaultConfigurationName = Release;
		};
/* End XCConfigurationList section */
	};
	rootObject = 95428C1C2351714A0037E783 /* Project object */;
}
