// !$*UTF8*$!
{
	archiveVersion = 1;
	classes = {
	};
	objectVersion = 50;
	objects = {

/* Begin PBXBuildFile section */
		953C4453236627E5001511F8 /* AnimatedGestures1.swift in Sources */ = {isa = PBXBuildFile; fileRef = 953C4452236627E5001511F8 /* AnimatedGestures1.swift */; };
		953C445523662ACE001511F8 /* AnimatedGestures2.swift in Sources */ = {isa = PBXBuildFile; fileRef = 953C445423662ACE001511F8 /* AnimatedGestures2.swift */; };
		953C44572366568A001511F8 /* ShowHideViewAnimation.swift in Sources */ = {isa = PBXBuildFile; fileRef = 953C44562366568A001511F8 /* ShowHideViewAnimation.swift */; };
		953C445923665918001511F8 /* CustomTransition.swift in Sources */ = {isa = PBXBuildFile; fileRef = 953C445823665917001511F8 /* CustomTransition.swift */; };
		954E8222236523C600C2E121 /* CustomAnimation.swift in Sources */ = {isa = PBXBuildFile; fileRef = 954E8221236523C600C2E121 /* CustomAnimation.swift */; };
		954E8224236523FC00C2E121 /* ImplicitAnimation.swift in Sources */ = {isa = PBXBuildFile; fileRef = 954E8223236523FC00C2E121 /* ImplicitAnimation.swift */; };
		954E82262365247000C2E121 /* BindingsAnimation.swift in Sources */ = {isa = PBXBuildFile; fileRef = 954E82252365247000C2E121 /* BindingsAnimation.swift */; };
		954E82282365254800C2E121 /* ExplicitAnimation.swift in Sources */ = {isa = PBXBuildFile; fileRef = 954E82272365254800C2E121 /* ExplicitAnimation.swift */; };
		954E822A236525C500C2E121 /* AnimationStack.swift in Sources */ = {isa = PBXBuildFile; fileRef = 954E8229236525C500C2E121 /* AnimationStack.swift */; };
		95591F54236274A6008BD23B /* AppDelegate.swift in Sources */ = {isa = PBXBuildFile; fileRef = 95591F53236274A6008BD23B /* AppDelegate.swift */; };
		95591F56236274A6008BD23B /* SceneDelegate.swift in Sources */ = {isa = PBXBuildFile; fileRef = 95591F55236274A6008BD23B /* SceneDelegate.swift */; };
		95591F58236274A6008BD23B /* ContentView.swift in Sources */ = {isa = PBXBuildFile; fileRef = 95591F57236274A6008BD23B /* ContentView.swift */; };
		95591F5A236274A9008BD23B /* Assets.xcassets in Resources */ = {isa = PBXBuildFile; fileRef = 95591F59236274A9008BD23B /* Assets.xcassets */; };
		95591F5D236274A9008BD23B /* Preview Assets.xcassets in Resources */ = {isa = PBXBuildFile; fileRef = 95591F5C236274A9008BD23B /* Preview Assets.xcassets */; };
		95591F60236274A9008BD23B /* LaunchScreen.storyboard in Resources */ = {isa = PBXBuildFile; fileRef = 95591F5E236274A9008BD23B /* LaunchScreen.storyboard */; };
/* End PBXBuildFile section */

/* Begin PBXFileReference section */
		953C4452236627E5001511F8 /* AnimatedGestures1.swift */ = {isa = PBXFileReference; lastKnownFileType = sourcecode.swift; path = AnimatedGestures1.swift; sourceTree = "<group>"; };
		953C445423662ACE001511F8 /* AnimatedGestures2.swift */ = {isa = PBXFileReference; lastKnownFileType = sourcecode.swift; path = AnimatedGestures2.swift; sourceTree = "<group>"; };
		953C44562366568A001511F8 /* ShowHideViewAnimation.swift */ = {isa = PBXFileReference; lastKnownFileType = sourcecode.swift; path = ShowHideViewAnimation.swift; sourceTree = "<group>"; };
		953C445823665917001511F8 /* CustomTransition.swift */ = {isa = PBXFileReference; lastKnownFileType = sourcecode.swift; path = CustomTransition.swift; sourceTree = "<group>"; };
		954E8221236523C600C2E121 /* CustomAnimation.swift */ = {isa = PBXFileReference; lastKnownFileType = sourcecode.swift; path = CustomAnimation.swift; sourceTree = "<group>"; };
		954E8223236523FC00C2E121 /* ImplicitAnimation.swift */ = {isa = PBXFileReference; lastKnownFileType = sourcecode.swift; path = ImplicitAnimation.swift; sourceTree = "<group>"; };
		954E82252365247000C2E121 /* BindingsAnimation.swift */ = {isa = PBXFileReference; lastKnownFileType = sourcecode.swift; path = BindingsAnimation.swift; sourceTree = "<group>"; };
		954E82272365254800C2E121 /* ExplicitAnimation.swift */ = {isa = PBXFileReference; lastKnownFileType = sourcecode.swift; path = ExplicitAnimation.swift; sourceTree = "<group>"; };
		954E8229236525C500C2E121 /* AnimationStack.swift */ = {isa = PBXFileReference; lastKnownFileType = sourcecode.swift; path = AnimationStack.swift; sourceTree = "<group>"; };
		95591F50236274A6008BD23B /* Project6.app */ = {isa = PBXFileReference; explicitFileType = wrapper.application; includeInIndex = 0; path = Project6.app; sourceTree = BUILT_PRODUCTS_DIR; };
		95591F53236274A6008BD23B /* AppDelegate.swift */ = {isa = PBXFileReference; lastKnownFileType = sourcecode.swift; path = AppDelegate.swift; sourceTree = "<group>"; };
		95591F55236274A6008BD23B /* SceneDelegate.swift */ = {isa = PBXFileReference; lastKnownFileType = sourcecode.swift; path = SceneDelegate.swift; sourceTree = "<group>"; };
		95591F57236274A6008BD23B /* ContentView.swift */ = {isa = PBXFileReference; lastKnownFileType = sourcecode.swift; path = ContentView.swift; sourceTree = "<group>"; };
		95591F59236274A9008BD23B /* Assets.xcassets */ = {isa = PBXFileReference; lastKnownFileType = folder.assetcatalog; path = Assets.xcassets; sourceTree = "<group>"; };
		95591F5C236274A9008BD23B /* Preview Assets.xcassets */ = {isa = PBXFileReference; lastKnownFileType = folder.assetcatalog; path = "Preview Assets.xcassets"; sourceTree = "<group>"; };
		95591F5F236274A9008BD23B /* Base */ = {isa = PBXFileReference; lastKnownFileType = file.storyboard; name = Base; path = Base.lproj/LaunchScreen.storyboard; sourceTree = "<group>"; };
		95591F61236274A9008BD23B /* Info.plist */ = {isa = PBXFileReference; lastKnownFileType = text.plist.xml; path = Info.plist; sourceTree = "<group>"; };
/* End PBXFileReference section */

/* Begin PBXFrameworksBuildPhase section */
		95591F4D236274A6008BD23B /* Frameworks */ = {
			isa = PBXFrameworksBuildPhase;
			buildActionMask = 2147483647;
			files = (
			);
			runOnlyForDeploymentPostprocessing = 0;
		};
/* End PBXFrameworksBuildPhase section */

/* Begin PBXGroup section */
		95591F47236274A6008BD23B = {
			isa = PBXGroup;
			children = (
				95591F52236274A6008BD23B /* Project6 */,
				95591F51236274A6008BD23B /* Products */,
			);
			sourceTree = "<group>";
		};
		95591F51236274A6008BD23B /* Products */ = {
			isa = PBXGroup;
			children = (
				95591F50236274A6008BD23B /* Project6.app */,
			);
			name = Products;
			sourceTree = "<group>";
		};
		95591F52236274A6008BD23B /* Project6 */ = {
			isa = PBXGroup;
			children = (
				95591F53236274A6008BD23B /* AppDelegate.swift */,
				95591F55236274A6008BD23B /* SceneDelegate.swift */,
				95591F57236274A6008BD23B /* ContentView.swift */,
				954E8223236523FC00C2E121 /* ImplicitAnimation.swift */,
				954E8221236523C600C2E121 /* CustomAnimation.swift */,
				954E82252365247000C2E121 /* BindingsAnimation.swift */,
				954E82272365254800C2E121 /* ExplicitAnimation.swift */,
				954E8229236525C500C2E121 /* AnimationStack.swift */,
				953C4452236627E5001511F8 /* AnimatedGestures1.swift */,
				953C445423662ACE001511F8 /* AnimatedGestures2.swift */,
				953C44562366568A001511F8 /* ShowHideViewAnimation.swift */,
				953C445823665917001511F8 /* CustomTransition.swift */,
				95591F59236274A9008BD23B /* Assets.xcassets */,
				95591F5E236274A9008BD23B /* LaunchScreen.storyboard */,
				95591F61236274A9008BD23B /* Info.plist */,
				95591F5B236274A9008BD23B /* Preview Content */,
			);
			path = Project6;
			sourceTree = "<group>";
		};
		95591F5B236274A9008BD23B /* Preview Content */ = {
			isa = PBXGroup;
			children = (
				95591F5C236274A9008BD23B /* Preview Assets.xcassets */,
			);
			path = "Preview Content";
			sourceTree = "<group>";
		};
/* End PBXGroup section */

/* Begin PBXNativeTarget section */
		95591F4F236274A6008BD23B /* Project6 */ = {
			isa = PBXNativeTarget;
			buildConfigurationList = 95591F64236274A9008BD23B /* Build configuration list for PBXNativeTarget "Project6" */;
			buildPhases = (
				95591F4C236274A6008BD23B /* Sources */,
				95591F4D236274A6008BD23B /* Frameworks */,
				95591F4E236274A6008BD23B /* Resources */,
			);
			buildRules = (
			);
			dependencies = (
			);
			name = Project6;
			productName = Project6;
			productReference = 95591F50236274A6008BD23B /* Project6.app */;
			productType = "com.apple.product-type.application";
		};
/* End PBXNativeTarget section */

/* Begin PBXProject section */
		95591F48236274A6008BD23B /* Project object */ = {
			isa = PBXProject;
			attributes = {
				LastSwiftUpdateCheck = 1110;
				LastUpgradeCheck = 1110;
				ORGANIZATIONNAME = clarknt;
				TargetAttributes = {
					95591F4F236274A6008BD23B = {
						CreatedOnToolsVersion = 11.1;
					};
				};
			};
			buildConfigurationList = 95591F4B236274A6008BD23B /* Build configuration list for PBXProject "Project6" */;
			compatibilityVersion = "Xcode 9.3";
			developmentRegion = en;
			hasScannedForEncodings = 0;
			knownRegions = (
				en,
				Base,
			);
			mainGroup = 95591F47236274A6008BD23B;
			productRefGroup = 95591F51236274A6008BD23B /* Products */;
			projectDirPath = "";
			projectRoot = "";
			targets = (
				95591F4F236274A6008BD23B /* Project6 */,
			);
		};
/* End PBXProject section */

/* Begin PBXResourcesBuildPhase section */
		95591F4E236274A6008BD23B /* Resources */ = {
			isa = PBXResourcesBuildPhase;
			buildActionMask = 2147483647;
			files = (
				95591F60236274A9008BD23B /* LaunchScreen.storyboard in Resources */,
				95591F5D236274A9008BD23B /* Preview Assets.xcassets in Resources */,
				95591F5A236274A9008BD23B /* Assets.xcassets in Resources */,
			);
			runOnlyForDeploymentPostprocessing = 0;
		};
/* End PBXResourcesBuildPhase section */

/* Begin PBXSourcesBuildPhase section */
		95591F4C236274A6008BD23B /* Sources */ = {
			isa = PBXSourcesBuildPhase;
			buildActionMask = 2147483647;
			files = (
				954E82262365247000C2E121 /* BindingsAnimation.swift in Sources */,
				95591F54236274A6008BD23B /* AppDelegate.swift in Sources */,
				954E8224236523FC00C2E121 /* ImplicitAnimation.swift in Sources */,
				95591F56236274A6008BD23B /* SceneDelegate.swift in Sources */,
				95591F58236274A6008BD23B /* ContentView.swift in Sources */,
				954E822A236525C500C2E121 /* AnimationStack.swift in Sources */,
				954E82282365254800C2E121 /* ExplicitAnimation.swift in Sources */,
				953C445923665918001511F8 /* CustomTransition.swift in Sources */,
				953C445523662ACE001511F8 /* AnimatedGestures2.swift in Sources */,
				953C4453236627E5001511F8 /* AnimatedGestures1.swift in Sources */,
				953C44572366568A001511F8 /* ShowHideViewAnimation.swift in Sources */,
				954E8222236523C600C2E121 /* CustomAnimation.swift in Sources */,
			);
			runOnlyForDeploymentPostprocessing = 0;
		};
/* End PBXSourcesBuildPhase section */

/* Begin PBXVariantGroup section */
		95591F5E236274A9008BD23B /* LaunchScreen.storyboard */ = {
			isa = PBXVariantGroup;
			children = (
				95591F5F236274A9008BD23B /* Base */,
			);
			name = LaunchScreen.storyboard;
			sourceTree = "<group>";
		};
/* End PBXVariantGroup section */

/* Begin XCBuildConfiguration section */
		95591F62236274A9008BD23B /* Debug */ = {
			isa = XCBuildConfiguration;
			buildSettings = {
				ALWAYS_SEARCH_USER_PATHS = NO;
				CLANG_ANALYZER_NONNULL = YES;
				CLANG_ANALYZER_NUMBER_OBJECT_CONVERSION = YES_AGGRESSIVE;
				CLANG_CXX_LANGUAGE_STANDARD = "gnu++14";
				CLANG_CXX_LIBRARY = "libc++";
				CLANG_ENABLE_MODULES = YES;
				CLANG_ENABLE_OBJC_ARC = YES;
				CLANG_ENABLE_OBJC_WEAK = YES;
				CLANG_WARN_BLOCK_CAPTURE_AUTORELEASING = YES;
				CLANG_WARN_BOOL_CONVERSION = YES;
				CLANG_WARN_COMMA = YES;
				CLANG_WARN_CONSTANT_CONVERSION = YES;
				CLANG_WARN_DEPRECATED_OBJC_IMPLEMENTATIONS = YES;
				CLANG_WARN_DIRECT_OBJC_ISA_USAGE = YES_ERROR;
				CLANG_WARN_DOCUMENTATION_COMMENTS = YES;
				CLANG_WARN_EMPTY_BODY = YES;
				CLANG_WARN_ENUM_CONVERSION = YES;
				CLANG_WARN_INFINITE_RECURSION = YES;
				CLANG_WARN_INT_CONVERSION = YES;
				CLANG_WARN_NON_LITERAL_NULL_CONVERSION = YES;
				CLANG_WARN_OBJC_IMPLICIT_RETAIN_SELF = YES;
				CLANG_WARN_OBJC_LITERAL_CONVERSION = YES;
				CLANG_WARN_OBJC_ROOT_CLASS = YES_ERROR;
				CLANG_WARN_RANGE_LOOP_ANALYSIS = YES;
				CLANG_WARN_STRICT_PROTOTYPES = YES;
				CLANG_WARN_SUSPICIOUS_MOVE = YES;
				CLANG_WARN_UNGUARDED_AVAILABILITY = YES_AGGRESSIVE;
				CLANG_WARN_UNREACHABLE_CODE = YES;
				CLANG_WARN__DUPLICATE_METHOD_MATCH = YES;
				COPY_PHASE_STRIP = NO;
				DEBUG_INFORMATION_FORMAT = dwarf;
				ENABLE_STRICT_OBJC_MSGSEND = YES;
				ENABLE_TESTABILITY = YES;
				GCC_C_LANGUAGE_STANDARD = gnu11;
				GCC_DYNAMIC_NO_PIC = NO;
				GCC_NO_COMMON_BLOCKS = YES;
				GCC_OPTIMIZATION_LEVEL = 0;
				GCC_PREPROCESSOR_DEFINITIONS = (
					"DEBUG=1",
					"$(inherited)",
				);
				GCC_WARN_64_TO_32_BIT_CONVERSION = YES;
				GCC_WARN_ABOUT_RETURN_TYPE = YES_ERROR;
				GCC_WARN_UNDECLARED_SELECTOR = YES;
				GCC_WARN_UNINITIALIZED_AUTOS = YES_AGGRESSIVE;
				GCC_WARN_UNUSED_FUNCTION = YES;
				GCC_WARN_UNUSED_VARIABLE = YES;
				IPHONEOS_DEPLOYMENT_TARGET = 13.1;
				MTL_ENABLE_DEBUG_INFO = INCLUDE_SOURCE;
				MTL_FAST_MATH = YES;
				ONLY_ACTIVE_ARCH = YES;
				SDKROOT = iphoneos;
				SWIFT_ACTIVE_COMPILATION_CONDITIONS = DEBUG;
				SWIFT_OPTIMIZATION_LEVEL = "-Onone";
			};
			name = Debug;
		};
		95591F63236274A9008BD23B /* Release */ = {
			isa = XCBuildConfiguration;
			buildSettings = {
				ALWAYS_SEARCH_USER_PATHS = NO;
				CLANG_ANALYZER_NONNULL = YES;
				CLANG_ANALYZER_NUMBER_OBJECT_CONVERSION = YES_AGGRESSIVE;
				CLANG_CXX_LANGUAGE_STANDARD = "gnu++14";
				CLANG_CXX_LIBRARY = "libc++";
				CLANG_ENABLE_MODULES = YES;
				CLANG_ENABLE_OBJC_ARC = YES;
				CLANG_ENABLE_OBJC_WEAK = YES;
				CLANG_WARN_BLOCK_CAPTURE_AUTORELEASING = YES;
				CLANG_WARN_BOOL_CONVERSION = YES;
				CLANG_WARN_COMMA = YES;
				CLANG_WARN_CONSTANT_CONVERSION = YES;
				CLANG_WARN_DEPRECATED_OBJC_IMPLEMENTATIONS = YES;
				CLANG_WARN_DIRECT_OBJC_ISA_USAGE = YES_ERROR;
				CLANG_WARN_DOCUMENTATION_COMMENTS = YES;
				CLANG_WARN_EMPTY_BODY = YES;
				CLANG_WARN_ENUM_CONVERSION = YES;
				CLANG_WARN_INFINITE_RECURSION = YES;
				CLANG_WARN_INT_CONVERSION = YES;
				CLANG_WARN_NON_LITERAL_NULL_CONVERSION = YES;
				CLANG_WARN_OBJC_IMPLICIT_RETAIN_SELF = YES;
				CLANG_WARN_OBJC_LITERAL_CONVERSION = YES;
				CLANG_WARN_OBJC_ROOT_CLASS = YES_ERROR;
				CLANG_WARN_RANGE_LOOP_ANALYSIS = YES;
				CLANG_WARN_STRICT_PROTOTYPES = YES;
				CLANG_WARN_SUSPICIOUS_MOVE = YES;
				CLANG_WARN_UNGUARDED_AVAILABILITY = YES_AGGRESSIVE;
				CLANG_WARN_UNREACHABLE_CODE = YES;
				CLANG_WARN__DUPLICATE_METHOD_MATCH = YES;
				COPY_PHASE_STRIP = NO;
				DEBUG_INFORMATION_FORMAT = "dwarf-with-dsym";
				ENABLE_NS_ASSERTIONS = NO;
				ENABLE_STRICT_OBJC_MSGSEND = YES;
				GCC_C_LANGUAGE_STANDARD = gnu11;
				GCC_NO_COMMON_BLOCKS = YES;
				GCC_WARN_64_TO_32_BIT_CONVERSION = YES;
				GCC_WARN_ABOUT_RETURN_TYPE = YES_ERROR;
				GCC_WARN_UNDECLARED_SELECTOR = YES;
				GCC_WARN_UNINITIALIZED_AUTOS = YES_AGGRESSIVE;
				GCC_WARN_UNUSED_FUNCTION = YES;
				GCC_WARN_UNUSED_VARIABLE = YES;
				IPHONEOS_DEPLOYMENT_TARGET = 13.1;
				MTL_ENABLE_DEBUG_INFO = NO;
				MTL_FAST_MATH = YES;
				SDKROOT = iphoneos;
				SWIFT_COMPILATION_MODE = wholemodule;
				SWIFT_OPTIMIZATION_LEVEL = "-O";
				VALIDATE_PRODUCT = YES;
			};
			name = Release;
		};
		95591F65236274A9008BD23B /* Debug */ = {
			isa = XCBuildConfiguration;
			buildSettings = {
				ASSETCATALOG_COMPILER_APPICON_NAME = AppIcon;
				CODE_SIGN_STYLE = Automatic;
				DEVELOPMENT_ASSET_PATHS = "\"Project6/Preview Content\"";
				DEVELOPMENT_TEAM = "";
				ENABLE_PREVIEWS = YES;
				INFOPLIST_FILE = Project6/Info.plist;
				LD_RUNPATH_SEARCH_PATHS = (
					"$(inherited)",
					"@executable_path/Frameworks",
				);
				PRODUCT_BUNDLE_IDENTIFIER = "clarknt.100-days-of-swiftui.Project6";
				PRODUCT_NAME = "$(TARGET_NAME)";
				SWIFT_VERSION = 5.0;
				TARGETED_DEVICE_FAMILY = "1,2";
			};
			name = Debug;
		};
		95591F66236274A9008BD23B /* Release */ = {
			isa = XCBuildConfiguration;
			buildSettings = {
				ASSETCATALOG_COMPILER_APPICON_NAME = AppIcon;
				CODE_SIGN_STYLE = Automatic;
				DEVELOPMENT_ASSET_PATHS = "\"Project6/Preview Content\"";
				DEVELOPMENT_TEAM = "";
				ENABLE_PREVIEWS = YES;
				INFOPLIST_FILE = Project6/Info.plist;
				LD_RUNPATH_SEARCH_PATHS = (
					"$(inherited)",
					"@executable_path/Frameworks",
				);
				PRODUCT_BUNDLE_IDENTIFIER = "clarknt.100-days-of-swiftui.Project6";
				PRODUCT_NAME = "$(TARGET_NAME)";
				SWIFT_VERSION = 5.0;
				TARGETED_DEVICE_FAMILY = "1,2";
			};
			name = Release;
		};
/* End XCBuildConfiguration section */

/* Begin XCConfigurationList section */
		95591F4B236274A6008BD23B /* Build configuration list for PBXProject "Project6" */ = {
			isa = XCConfigurationList;
			buildConfigurations = (
				95591F62236274A9008BD23B /* Debug */,
				95591F63236274A9008BD23B /* Release */,
			);
			defaultConfigurationIsVisible = 0;
			defaultConfigurationName = Release;
		};
		95591F64236274A9008BD23B /* Build configuration list for PBXNativeTarget "Project6" */ = {
			isa = XCConfigurationList;
			buildConfigurations = (
				95591F65236274A9008BD23B /* Debug */,
				95591F66236274A9008BD23B /* Release */,
			);
			defaultConfigurationIsVisible = 0;
			defaultConfigurationName = Release;
		};
/* End XCConfigurationList section */
	};
	rootObject = 95591F48236274A6008BD23B /* Project object */;
}
